PODS:
  - BmobSDK (1.6.6)
  - DZNEmptyDataSet (1.7.3)
  - GCDWebServer/Core (3.3.2)
  - GCDWebServer/WebUploader (3.3.2):
    - GCDWebServer/WebUploader/Core (= 3.3.2)
  - GCDWebServer/WebUploader/Core (3.3.2):
    - GCDWebServer/Core
  - IQKeyboardManager (4.0.0)
  - ReactiveCocoa (4.1.0):
    - ReactiveCocoa/UI (= 4.1.0)
    - Result (~> 2.0)
  - ReactiveCocoa/Core (4.1.0):
    - ReactiveCocoa/no-arc
    - Result (~> 2.0)
  - ReactiveCocoa/no-arc (4.1.0):
    - Result (~> 2.0)
  - ReactiveCocoa/UI (4.1.0):
    - ReactiveCocoa/Core
    - Result (~> 2.0)
  - Result (2.0.0)
  - SnapKit (0.20.0)
  - Toast (3.0)

DEPENDENCIES:
  - BmobSDK
  - DZNEmptyDataSet (~> 1.7.3)
  - GCDWebServer/WebUploader (~> 3.3.2)
  - IQKeyboardManager
  - ReactiveCocoa (~> 4.1.0)
  - SnapKit (~> 0.20.0)
  - Toast (~> 3.0)

SPEC CHECKSUMS:
  BmobSDK: c896d4ff3986f2b4fc8406fb2b801230f7419878
  DZNEmptyDataSet: dd7cca17c1d07dfa78956859b1e70a52505678ef
  GCDWebServer: 2a375ec42839a41d7187d04e5b688d32fa5c4cd5
  IQKeyboardManager: b91928f7927ba55a5829b4dcf4b7a6736ac9fc22
  ReactiveCocoa: d70004d7a366a7b8e87e60ce2347182c77701949
  Result: 9e75e1111c774c6ac594e14907b15057053a7959
  SnapKit: 5fce3c1bbbf1fbd31de9aa92f33eb9fa03f15650
  Toast: 32c59229abfcf41850162b83bb9259dc84372473

COCOAPODS: 0.39.0
