// !$*UTF8*$!
{
	archiveVersion = 1;
	classes = {
	};
	objectVersion = 46;
	objects = {

/* Begin PBXBuildFile section */
		ABD12C9986A54E5B5C6EFCC4 /* Pods_SmartClass.framework in Frameworks */ = {isa = PBXBuildFile; fileRef = B57537D97C2DE7A4AA8494FF /* Pods_SmartClass.framework */; };
		AD0B21D01C8D16B20080BF50 /* TeacherMainInterfaceTableViewController.swift in Sources */ = {isa = PBXBuildFile; fileRef = AD0B21CF1C8D16B20080BF50 /* TeacherMainInterfaceTableViewController.swift */; };
		AD0B21D21C8D185F0080BF50 /* ExaminationInformationViewController.swift in Sources */ = {isa = PBXBuildFile; fileRef = AD0B21D11C8D185F0080BF50 /* ExaminationInformationViewController.swift */; };
		AD0B21D61C8E600C0080BF50 /* Questionnair.swift in Sources */ = {isa = PBXBuildFile; fileRef = AD0B21D51C8E600C0080BF50 /* Questionnair.swift */; };
		AD0B21D81C8E64D10080BF50 /* ExaminationViewModel.swift in Sources */ = {isa = PBXBuildFile; fileRef = AD0B21D71C8E64D10080BF50 /* ExaminationViewModel.swift */; };
		AD0B21DE1C8E7FE60080BF50 /* RAC.swift in Sources */ = {isa = PBXBuildFile; fileRef = AD0B21DB1C8E7FE60080BF50 /* RAC.swift */; };
		AD0B21DF1C8E7FE60080BF50 /* RACObserve.swift in Sources */ = {isa = PBXBuildFile; fileRef = AD0B21DC1C8E7FE60080BF50 /* RACObserve.swift */; };
		AD0B21E01C8E7FE60080BF50 /* RACSignal+Extensions.swift in Sources */ = {isa = PBXBuildFile; fileRef = AD0B21DD1C8E7FE60080BF50 /* RACSignal+Extensions.swift */; };
		AD0B21E41C8ED1840080BF50 /* TeacherMainInterfaceViewModel.swift in Sources */ = {isa = PBXBuildFile; fileRef = AD0B21E31C8ED1840080BF50 /* TeacherMainInterfaceViewModel.swift */; };
		AD1D182D1C898896009B9390 /* ChoiceQuestion.swift in Sources */ = {isa = PBXBuildFile; fileRef = AD1D182C1C898896009B9390 /* ChoiceQuestion.swift */; };
		AD1D182F1C8990D3009B9390 /* SingleChoiceQuestion.swift in Sources */ = {isa = PBXBuildFile; fileRef = AD1D182E1C8990D3009B9390 /* SingleChoiceQuestion.swift */; };
		AD1D18311C899286009B9390 /* GeneralSingleChoiceQuestion.swift in Sources */ = {isa = PBXBuildFile; fileRef = AD1D18301C899286009B9390 /* GeneralSingleChoiceQuestion.swift */; };
		AD1D18331C8992A9009B9390 /* TrueOrFalseQuestion.swift in Sources */ = {isa = PBXBuildFile; fileRef = AD1D18321C8992A9009B9390 /* TrueOrFalseQuestion.swift */; };
		AD1D18371C8992E7009B9390 /* MultipleChoiceQuestion.swift in Sources */ = {isa = PBXBuildFile; fileRef = AD1D18361C8992E7009B9390 /* MultipleChoiceQuestion.swift */; };
		AD2F46071C83DA3200FA30AA /* SignInViewController.swift in Sources */ = {isa = PBXBuildFile; fileRef = AD2F46061C83DA3200FA30AA /* SignInViewController.swift */; };
		AD2F460A1C83DFE600FA30AA /* SignUpViewController.swift in Sources */ = {isa = PBXBuildFile; fileRef = AD2F46091C83DFE600FA30AA /* SignUpViewController.swift */; };
		AD4263BD1CB0B94F00BEDEF4 /* Reveal.framework in Frameworks */ = {isa = PBXBuildFile; fileRef = AD4263BC1CB0B94F00BEDEF4 /* Reveal.framework */; };
		AD46B0071C868423008CB3F7 /* Color.swift in Sources */ = {isa = PBXBuildFile; fileRef = AD46B0061C868423008CB3F7 /* Color.swift */; };
		AD6308641CB0FFEE000DEC59 /* UIColor+extension.swift in Sources */ = {isa = PBXBuildFile; fileRef = AD6308631CB0FFEE000DEC59 /* UIColor+extension.swift */; };
		AD6308681CB10028000DEC59 /* UIImage+extension.swift in Sources */ = {isa = PBXBuildFile; fileRef = AD6308671CB10028000DEC59 /* UIImage+extension.swift */; };
		AD86A8CA1C82DBCC009CEE87 /* AppDelegate.swift in Sources */ = {isa = PBXBuildFile; fileRef = AD86A8C91C82DBCC009CEE87 /* AppDelegate.swift */; };
		AD86A8CF1C82DBCC009CEE87 /* Main.storyboard in Resources */ = {isa = PBXBuildFile; fileRef = AD86A8CD1C82DBCC009CEE87 /* Main.storyboard */; };
		AD86A8D11C82DBCC009CEE87 /* Assets.xcassets in Resources */ = {isa = PBXBuildFile; fileRef = AD86A8D01C82DBCC009CEE87 /* Assets.xcassets */; };
		AD86A8D41C82DBCC009CEE87 /* LaunchScreen.storyboard in Resources */ = {isa = PBXBuildFile; fileRef = AD86A8D21C82DBCC009CEE87 /* LaunchScreen.storyboard */; };
		AD876A781C93B279000E9978 /* AnswerSheet.swift in Sources */ = {isa = PBXBuildFile; fileRef = AD876A771C93B279000E9978 /* AnswerSheet.swift */; };
		AD876A7C1C93C053000E9978 /* UIPlaceHolderTextView.m in Sources */ = {isa = PBXBuildFile; fileRef = AD876A7B1C93C053000E9978 /* UIPlaceHolderTextView.m */; };
		AD876A801C940F32000E9978 /* AddQuestionsViewController.swift in Sources */ = {isa = PBXBuildFile; fileRef = AD876A7F1C940F32000E9978 /* AddQuestionsViewController.swift */; };
		AD884BBC1C83F2AF005A37AE /* Foundation.framework in Frameworks */ = {isa = PBXBuildFile; fileRef = AD884BBB1C83F2AF005A37AE /* Foundation.framework */; };
		AD884BBE1C83F2C3005A37AE /* CoreLocation.framework in Frameworks */ = {isa = PBXBuildFile; fileRef = AD884BBD1C83F2C3005A37AE /* CoreLocation.framework */; };
		AD884BC01C83F2CA005A37AE /* Security.framework in Frameworks */ = {isa = PBXBuildFile; fileRef = AD884BBF1C83F2CA005A37AE /* Security.framework */; };
		AD884BC21C83F2D2005A37AE /* CoreGraphics.framework in Frameworks */ = {isa = PBXBuildFile; fileRef = AD884BC11C83F2D2005A37AE /* CoreGraphics.framework */; };
		AD884BC41C83F2DE005A37AE /* MobileCoreServices.framework in Frameworks */ = {isa = PBXBuildFile; fileRef = AD884BC31C83F2DE005A37AE /* MobileCoreServices.framework */; };
		AD884BC61C83F2E7005A37AE /* CFNetwork.framework in Frameworks */ = {isa = PBXBuildFile; fileRef = AD884BC51C83F2E7005A37AE /* CFNetwork.framework */; };
		AD884BC81C83F2F1005A37AE /* CoreTelephony.framework in Frameworks */ = {isa = PBXBuildFile; fileRef = AD884BC71C83F2F1005A37AE /* CoreTelephony.framework */; };
		AD884BCA1C83F2FB005A37AE /* SystemConfiguration.framework in Frameworks */ = {isa = PBXBuildFile; fileRef = AD884BC91C83F2FB005A37AE /* SystemConfiguration.framework */; };
		AD884BCC1C83F304005A37AE /* AVFoundation.framework in Frameworks */ = {isa = PBXBuildFile; fileRef = AD884BCB1C83F304005A37AE /* AVFoundation.framework */; };
		AD884BCE1C83F310005A37AE /* MediaPlayer.framework in Frameworks */ = {isa = PBXBuildFile; fileRef = AD884BCD1C83F310005A37AE /* MediaPlayer.framework */; };
		AD884BD01C83F31A005A37AE /* libz.1.2.5.tbd in Frameworks */ = {isa = PBXBuildFile; fileRef = AD884BCF1C83F31A005A37AE /* libz.1.2.5.tbd */; };
		AD884BD21C83F340005A37AE /* libsqlite3.tbd in Frameworks */ = {isa = PBXBuildFile; fileRef = AD884BD11C83F340005A37AE /* libsqlite3.tbd */; };
		AD884BD41C83F357005A37AE /* libicucore.tbd in Frameworks */ = {isa = PBXBuildFile; fileRef = AD884BD31C83F357005A37AE /* libicucore.tbd */; };
		AD97378A1C92AF060066873E /* SegueHandlerType.swift in Sources */ = {isa = PBXBuildFile; fileRef = AD9737891C92AF060066873E /* SegueHandlerType.swift */; };
		AD98B4451C92CBB500421CC3 /* Examination.swift in Sources */ = {isa = PBXBuildFile; fileRef = AD98B4441C92CBB500421CC3 /* Examination.swift */; };
		ADEA4C321C85251C00BE0686 /* StudentMainInterfaceTableViewController.swift in Sources */ = {isa = PBXBuildFile; fileRef = ADEA4C311C85251C00BE0686 /* StudentMainInterfaceTableViewController.swift */; };
		ADF3BB7C1CAE624E00638D3B /* CALayer+extension.swift in Sources */ = {isa = PBXBuildFile; fileRef = ADF3BB7B1CAE624E00638D3B /* CALayer+extension.swift */; };
		ADF3BB7F1CAE67C400638D3B /* QuestionView.swift in Sources */ = {isa = PBXBuildFile; fileRef = ADF3BB7E1CAE67C400638D3B /* QuestionView.swift */; };
/* End PBXBuildFile section */

/* Begin PBXFileReference section */
		AD0B21CF1C8D16B20080BF50 /* TeacherMainInterfaceTableViewController.swift */ = {isa = PBXFileReference; fileEncoding = 4; lastKnownFileType = sourcecode.swift; name = TeacherMainInterfaceTableViewController.swift; path = Teacher/MainInterface/View/TeacherMainInterfaceTableViewController.swift; sourceTree = "<group>"; };
		AD0B21D11C8D185F0080BF50 /* ExaminationInformationViewController.swift */ = {isa = PBXFileReference; fileEncoding = 4; lastKnownFileType = sourcecode.swift; name = ExaminationInformationViewController.swift; path = Teacher/Examination/View/ExaminationInformationViewController.swift; sourceTree = "<group>"; };
		AD0B21D51C8E600C0080BF50 /* Questionnair.swift */ = {isa = PBXFileReference; fileEncoding = 4; lastKnownFileType = sourcecode.swift; name = Questionnair.swift; path = Teacher/Examination/Model/Questionnair.swift; sourceTree = "<group>"; };
		AD0B21D71C8E64D10080BF50 /* ExaminationViewModel.swift */ = {isa = PBXFileReference; fileEncoding = 4; lastKnownFileType = sourcecode.swift; name = ExaminationViewModel.swift; path = Teacher/Examination/ViewModel/ExaminationViewModel.swift; sourceTree = "<group>"; };
		AD0B21DB1C8E7FE60080BF50 /* RAC.swift */ = {isa = PBXFileReference; fileEncoding = 4; lastKnownFileType = sourcecode.swift; name = RAC.swift; path = Util/RAC.swift; sourceTree = "<group>"; };
		AD0B21DC1C8E7FE60080BF50 /* RACObserve.swift */ = {isa = PBXFileReference; fileEncoding = 4; lastKnownFileType = sourcecode.swift; name = RACObserve.swift; path = Util/RACObserve.swift; sourceTree = "<group>"; };
		AD0B21DD1C8E7FE60080BF50 /* RACSignal+Extensions.swift */ = {isa = PBXFileReference; fileEncoding = 4; lastKnownFileType = sourcecode.swift; name = "RACSignal+Extensions.swift"; path = "Util/RACSignal+Extensions.swift"; sourceTree = "<group>"; };
		AD0B21E31C8ED1840080BF50 /* TeacherMainInterfaceViewModel.swift */ = {isa = PBXFileReference; fileEncoding = 4; lastKnownFileType = sourcecode.swift; name = TeacherMainInterfaceViewModel.swift; path = Teacher/MainInterface/ViewModel/TeacherMainInterfaceViewModel.swift; sourceTree = "<group>"; };
		AD1D182C1C898896009B9390 /* ChoiceQuestion.swift */ = {isa = PBXFileReference; fileEncoding = 4; lastKnownFileType = sourcecode.swift; name = ChoiceQuestion.swift; path = Teacher/Examination/Model/ChoiceQuestion.swift; sourceTree = "<group>"; };
		AD1D182E1C8990D3009B9390 /* SingleChoiceQuestion.swift */ = {isa = PBXFileReference; fileEncoding = 4; lastKnownFileType = sourcecode.swift; name = SingleChoiceQuestion.swift; path = Teacher/Examination/Model/SingleChoiceQuestion.swift; sourceTree = "<group>"; };
		AD1D18301C899286009B9390 /* GeneralSingleChoiceQuestion.swift */ = {isa = PBXFileReference; fileEncoding = 4; lastKnownFileType = sourcecode.swift; name = GeneralSingleChoiceQuestion.swift; path = Teacher/Examination/Model/GeneralSingleChoiceQuestion.swift; sourceTree = "<group>"; };
		AD1D18321C8992A9009B9390 /* TrueOrFalseQuestion.swift */ = {isa = PBXFileReference; fileEncoding = 4; lastKnownFileType = sourcecode.swift; name = TrueOrFalseQuestion.swift; path = Teacher/Examination/Model/TrueOrFalseQuestion.swift; sourceTree = "<group>"; };
		AD1D18361C8992E7009B9390 /* MultipleChoiceQuestion.swift */ = {isa = PBXFileReference; fileEncoding = 4; lastKnownFileType = sourcecode.swift; name = MultipleChoiceQuestion.swift; path = Teacher/Examination/Model/MultipleChoiceQuestion.swift; sourceTree = "<group>"; };
		AD2F46061C83DA3200FA30AA /* SignInViewController.swift */ = {isa = PBXFileReference; fileEncoding = 4; lastKnownFileType = sourcecode.swift; name = SignInViewController.swift; path = SignInAndSignUp/SignInViewController.swift; sourceTree = "<group>"; };
		AD2F46091C83DFE600FA30AA /* SignUpViewController.swift */ = {isa = PBXFileReference; fileEncoding = 4; lastKnownFileType = sourcecode.swift; name = SignUpViewController.swift; path = SignInAndSignUp/SignUpViewController.swift; sourceTree = "<group>"; };
		AD4263BC1CB0B94F00BEDEF4 /* Reveal.framework */ = {isa = PBXFileReference; lastKnownFileType = wrapper.framework; path = Reveal.framework; sourceTree = "<group>"; };
		AD46B0061C868423008CB3F7 /* Color.swift */ = {isa = PBXFileReference; fileEncoding = 4; lastKnownFileType = sourcecode.swift; name = Color.swift; path = Util/Color.swift; sourceTree = "<group>"; };
		AD6308631CB0FFEE000DEC59 /* UIColor+extension.swift */ = {isa = PBXFileReference; fileEncoding = 4; lastKnownFileType = sourcecode.swift; name = "UIColor+extension.swift"; path = "Util/Extension/UIColor+extension.swift"; sourceTree = "<group>"; };
		AD6308671CB10028000DEC59 /* UIImage+extension.swift */ = {isa = PBXFileReference; fileEncoding = 4; lastKnownFileType = sourcecode.swift; name = "UIImage+extension.swift"; path = "Util/Extension/UIImage+extension.swift"; sourceTree = "<group>"; };
		AD86A8C61C82DBCC009CEE87 /* SmartClass.app */ = {isa = PBXFileReference; explicitFileType = wrapper.application; includeInIndex = 0; path = SmartClass.app; sourceTree = BUILT_PRODUCTS_DIR; };
		AD86A8C91C82DBCC009CEE87 /* AppDelegate.swift */ = {isa = PBXFileReference; lastKnownFileType = sourcecode.swift; path = AppDelegate.swift; sourceTree = "<group>"; };
		AD86A8CE1C82DBCC009CEE87 /* Base */ = {isa = PBXFileReference; lastKnownFileType = file.storyboard; name = Base; path = Base.lproj/Main.storyboard; sourceTree = "<group>"; };
		AD86A8D01C82DBCC009CEE87 /* Assets.xcassets */ = {isa = PBXFileReference; lastKnownFileType = folder.assetcatalog; path = Assets.xcassets; sourceTree = "<group>"; };
		AD86A8D31C82DBCC009CEE87 /* Base */ = {isa = PBXFileReference; lastKnownFileType = file.storyboard; name = Base; path = Base.lproj/LaunchScreen.storyboard; sourceTree = "<group>"; };
		AD86A8D51C82DBCC009CEE87 /* Info.plist */ = {isa = PBXFileReference; lastKnownFileType = text.plist.xml; path = Info.plist; sourceTree = "<group>"; };
		AD876A771C93B279000E9978 /* AnswerSheet.swift */ = {isa = PBXFileReference; fileEncoding = 4; lastKnownFileType = sourcecode.swift; name = AnswerSheet.swift; path = Teacher/Examination/Model/AnswerSheet.swift; sourceTree = "<group>"; };
		AD876A7A1C93C053000E9978 /* UIPlaceHolderTextView.h */ = {isa = PBXFileReference; fileEncoding = 4; lastKnownFileType = sourcecode.c.h; name = UIPlaceHolderTextView.h; path = Util/UIPlaceHolderTextView/UIPlaceHolderTextView.h; sourceTree = "<group>"; };
		AD876A7B1C93C053000E9978 /* UIPlaceHolderTextView.m */ = {isa = PBXFileReference; fileEncoding = 4; lastKnownFileType = sourcecode.c.objc; name = UIPlaceHolderTextView.m; path = Util/UIPlaceHolderTextView/UIPlaceHolderTextView.m; sourceTree = "<group>"; };
		AD876A7F1C940F32000E9978 /* AddQuestionsViewController.swift */ = {isa = PBXFileReference; fileEncoding = 4; lastKnownFileType = sourcecode.swift; name = AddQuestionsViewController.swift; path = Teacher/Examination/View/AddQuestionsViewController.swift; sourceTree = "<group>"; };
		AD884BB71C83F1A7005A37AE /* SmartClass-Bridging-Header.h */ = {isa = PBXFileReference; lastKnownFileType = sourcecode.c.h; path = "SmartClass-Bridging-Header.h"; sourceTree = "<group>"; };
		AD884BBB1C83F2AF005A37AE /* Foundation.framework */ = {isa = PBXFileReference; lastKnownFileType = wrapper.framework; name = Foundation.framework; path = System/Library/Frameworks/Foundation.framework; sourceTree = SDKROOT; };
		AD884BBD1C83F2C3005A37AE /* CoreLocation.framework */ = {isa = PBXFileReference; lastKnownFileType = wrapper.framework; name = CoreLocation.framework; path = System/Library/Frameworks/CoreLocation.framework; sourceTree = SDKROOT; };
		AD884BBF1C83F2CA005A37AE /* Security.framework */ = {isa = PBXFileReference; lastKnownFileType = wrapper.framework; name = Security.framework; path = System/Library/Frameworks/Security.framework; sourceTree = SDKROOT; };
		AD884BC11C83F2D2005A37AE /* CoreGraphics.framework */ = {isa = PBXFileReference; lastKnownFileType = wrapper.framework; name = CoreGraphics.framework; path = System/Library/Frameworks/CoreGraphics.framework; sourceTree = SDKROOT; };
		AD884BC31C83F2DE005A37AE /* MobileCoreServices.framework */ = {isa = PBXFileReference; lastKnownFileType = wrapper.framework; name = MobileCoreServices.framework; path = System/Library/Frameworks/MobileCoreServices.framework; sourceTree = SDKROOT; };
		AD884BC51C83F2E7005A37AE /* CFNetwork.framework */ = {isa = PBXFileReference; lastKnownFileType = wrapper.framework; name = CFNetwork.framework; path = System/Library/Frameworks/CFNetwork.framework; sourceTree = SDKROOT; };
		AD884BC71C83F2F1005A37AE /* CoreTelephony.framework */ = {isa = PBXFileReference; lastKnownFileType = wrapper.framework; name = CoreTelephony.framework; path = System/Library/Frameworks/CoreTelephony.framework; sourceTree = SDKROOT; };
		AD884BC91C83F2FB005A37AE /* SystemConfiguration.framework */ = {isa = PBXFileReference; lastKnownFileType = wrapper.framework; name = SystemConfiguration.framework; path = System/Library/Frameworks/SystemConfiguration.framework; sourceTree = SDKROOT; };
		AD884BCB1C83F304005A37AE /* AVFoundation.framework */ = {isa = PBXFileReference; lastKnownFileType = wrapper.framework; name = AVFoundation.framework; path = System/Library/Frameworks/AVFoundation.framework; sourceTree = SDKROOT; };
		AD884BCD1C83F310005A37AE /* MediaPlayer.framework */ = {isa = PBXFileReference; lastKnownFileType = wrapper.framework; name = MediaPlayer.framework; path = System/Library/Frameworks/MediaPlayer.framework; sourceTree = SDKROOT; };
		AD884BCF1C83F31A005A37AE /* libz.1.2.5.tbd */ = {isa = PBXFileReference; lastKnownFileType = "sourcecode.text-based-dylib-definition"; name = libz.1.2.5.tbd; path = usr/lib/libz.1.2.5.tbd; sourceTree = SDKROOT; };
		AD884BD11C83F340005A37AE /* libsqlite3.tbd */ = {isa = PBXFileReference; lastKnownFileType = "sourcecode.text-based-dylib-definition"; name = libsqlite3.tbd; path = usr/lib/libsqlite3.tbd; sourceTree = SDKROOT; };
		AD884BD31C83F357005A37AE /* libicucore.tbd */ = {isa = PBXFileReference; lastKnownFileType = "sourcecode.text-based-dylib-definition"; name = libicucore.tbd; path = usr/lib/libicucore.tbd; sourceTree = SDKROOT; };
		AD9737891C92AF060066873E /* SegueHandlerType.swift */ = {isa = PBXFileReference; fileEncoding = 4; lastKnownFileType = sourcecode.swift; name = SegueHandlerType.swift; path = Util/SegueHandlerType.swift; sourceTree = "<group>"; };
		AD98B4441C92CBB500421CC3 /* Examination.swift */ = {isa = PBXFileReference; fileEncoding = 4; lastKnownFileType = sourcecode.swift; name = Examination.swift; path = Teacher/Examination/Model/Examination.swift; sourceTree = "<group>"; };
		ADEA4C311C85251C00BE0686 /* StudentMainInterfaceTableViewController.swift */ = {isa = PBXFileReference; fileEncoding = 4; lastKnownFileType = sourcecode.swift; name = StudentMainInterfaceTableViewController.swift; path = Student/View/StudentMainInterfaceTableViewController.swift; sourceTree = "<group>"; };
		ADF3BB7B1CAE624E00638D3B /* CALayer+extension.swift */ = {isa = PBXFileReference; fileEncoding = 4; lastKnownFileType = sourcecode.swift; name = "CALayer+extension.swift"; path = "Util/Extension/CALayer+extension.swift"; sourceTree = "<group>"; };
		ADF3BB7E1CAE67C400638D3B /* QuestionView.swift */ = {isa = PBXFileReference; fileEncoding = 4; lastKnownFileType = sourcecode.swift; name = QuestionView.swift; path = Teacher/Examination/View/QuestionView.swift; sourceTree = "<group>"; };
		B57537D97C2DE7A4AA8494FF /* Pods_SmartClass.framework */ = {isa = PBXFileReference; explicitFileType = wrapper.framework; includeInIndex = 0; path = Pods_SmartClass.framework; sourceTree = BUILT_PRODUCTS_DIR; };
		BB4309D8B1E5CCAC2B6F4644 /* Pods-SmartClass.debug.xcconfig */ = {isa = PBXFileReference; includeInIndex = 1; lastKnownFileType = text.xcconfig; name = "Pods-SmartClass.debug.xcconfig"; path = "Pods/Target Support Files/Pods-SmartClass/Pods-SmartClass.debug.xcconfig"; sourceTree = "<group>"; };
		DD8CBA00FE764EC44F8869E6 /* Pods-SmartClass.release.xcconfig */ = {isa = PBXFileReference; includeInIndex = 1; lastKnownFileType = text.xcconfig; name = "Pods-SmartClass.release.xcconfig"; path = "Pods/Target Support Files/Pods-SmartClass/Pods-SmartClass.release.xcconfig"; sourceTree = "<group>"; };
/* End PBXFileReference section */

/* Begin PBXFrameworksBuildPhase section */
		AD86A8C31C82DBCC009CEE87 /* Frameworks */ = {
			isa = PBXFrameworksBuildPhase;
			buildActionMask = 2147483647;
			files = (
				AD884BD41C83F357005A37AE /* libicucore.tbd in Frameworks */,
				AD884BD21C83F340005A37AE /* libsqlite3.tbd in Frameworks */,
				AD884BD01C83F31A005A37AE /* libz.1.2.5.tbd in Frameworks */,
				AD884BCE1C83F310005A37AE /* MediaPlayer.framework in Frameworks */,
				AD884BCC1C83F304005A37AE /* AVFoundation.framework in Frameworks */,
				AD884BCA1C83F2FB005A37AE /* SystemConfiguration.framework in Frameworks */,
				AD884BC81C83F2F1005A37AE /* CoreTelephony.framework in Frameworks */,
				AD884BC61C83F2E7005A37AE /* CFNetwork.framework in Frameworks */,
				AD884BC41C83F2DE005A37AE /* MobileCoreServices.framework in Frameworks */,
				AD884BC21C83F2D2005A37AE /* CoreGraphics.framework in Frameworks */,
				AD884BC01C83F2CA005A37AE /* Security.framework in Frameworks */,
				AD884BBE1C83F2C3005A37AE /* CoreLocation.framework in Frameworks */,
				AD4263BD1CB0B94F00BEDEF4 /* Reveal.framework in Frameworks */,
				AD884BBC1C83F2AF005A37AE /* Foundation.framework in Frameworks */,
				ABD12C9986A54E5B5C6EFCC4 /* Pods_SmartClass.framework in Frameworks */,
			);
			runOnlyForDeploymentPostprocessing = 0;
		};
/* End PBXFrameworksBuildPhase section */

/* Begin PBXGroup section */
		5B800375E992113887F3BF95 /* Frameworks */ = {
			isa = PBXGroup;
			children = (
				AD884BD31C83F357005A37AE /* libicucore.tbd */,
				AD884BD11C83F340005A37AE /* libsqlite3.tbd */,
				AD884BCF1C83F31A005A37AE /* libz.1.2.5.tbd */,
				AD4263BC1CB0B94F00BEDEF4 /* Reveal.framework */,
				AD884BCD1C83F310005A37AE /* MediaPlayer.framework */,
				AD884BCB1C83F304005A37AE /* AVFoundation.framework */,
				AD884BC91C83F2FB005A37AE /* SystemConfiguration.framework */,
				AD884BC71C83F2F1005A37AE /* CoreTelephony.framework */,
				AD884BC51C83F2E7005A37AE /* CFNetwork.framework */,
				AD884BC31C83F2DE005A37AE /* MobileCoreServices.framework */,
				AD884BC11C83F2D2005A37AE /* CoreGraphics.framework */,
				AD884BBF1C83F2CA005A37AE /* Security.framework */,
				AD884BBD1C83F2C3005A37AE /* CoreLocation.framework */,
				AD884BBB1C83F2AF005A37AE /* Foundation.framework */,
				B57537D97C2DE7A4AA8494FF /* Pods_SmartClass.framework */,
			);
			name = Frameworks;
			sourceTree = "<group>";
		};
		7024160A6759EEC45762B274 /* Pods */ = {
			isa = PBXGroup;
			children = (
				BB4309D8B1E5CCAC2B6F4644 /* Pods-SmartClass.debug.xcconfig */,
				DD8CBA00FE764EC44F8869E6 /* Pods-SmartClass.release.xcconfig */,
			);
			name = Pods;
			sourceTree = "<group>";
		};
		AD0B21C91C8D15CE0080BF50 /* MainInterface */ = {
			isa = PBXGroup;
			children = (
				AD0B21CC1C8D16260080BF50 /* Model */,
				AD0B21CA1C8D16140080BF50 /* ViewModel */,
				AD0B21CB1C8D161F0080BF50 /* View */,
			);
			name = MainInterface;
			sourceTree = "<group>";
		};
		AD0B21CA1C8D16140080BF50 /* ViewModel */ = {
			isa = PBXGroup;
			children = (
				AD0B21E31C8ED1840080BF50 /* TeacherMainInterfaceViewModel.swift */,
			);
			name = ViewModel;
			sourceTree = "<group>";
		};
		AD0B21CB1C8D161F0080BF50 /* View */ = {
			isa = PBXGroup;
			children = (
				AD0B21CF1C8D16B20080BF50 /* TeacherMainInterfaceTableViewController.swift */,
			);
			name = View;
			sourceTree = "<group>";
		};
		AD0B21CC1C8D16260080BF50 /* Model */ = {
			isa = PBXGroup;
			children = (
			);
			name = Model;
			sourceTree = "<group>";
		};
		AD1304701C8436300078FA1C /* Teacher */ = {
			isa = PBXGroup;
			children = (
				AD0B21C91C8D15CE0080BF50 /* MainInterface */,
				AD1D18261C89867F009B9390 /* Examination */,
				AD1D18251C898666009B9390 /* Setting */,
			);
			name = Teacher;
			sourceTree = "<group>";
		};
		AD1304711C8436420078FA1C /* Student */ = {
			isa = PBXGroup;
			children = (
				ADEA4C301C8524FB00BE0686 /* View */,
			);
			name = Student;
			sourceTree = "<group>";
		};
		AD1304721C8438EE0078FA1C /* View */ = {
			isa = PBXGroup;
			children = (
				AD0B21D11C8D185F0080BF50 /* ExaminationInformationViewController.swift */,
				ADF3BB7E1CAE67C400638D3B /* QuestionView.swift */,
				AD876A7F1C940F32000E9978 /* AddQuestionsViewController.swift */,
			);
			name = View;
			sourceTree = "<group>";
		};
		AD1D18251C898666009B9390 /* Setting */ = {
			isa = PBXGroup;
			children = (
				AD1D18291C8986BA009B9390 /* Model */,
				AD1D182A1C8986C1009B9390 /* View */,
				AD1D182B1C8986C9009B9390 /* ViewModel */,
			);
			name = Setting;
			sourceTree = "<group>";
		};
		AD1D18261C89867F009B9390 /* Examination */ = {
			isa = PBXGroup;
			children = (
				AD1D18271C89869E009B9390 /* Model */,
				AD1D18281C8986A5009B9390 /* ViewMode */,
				AD1304721C8438EE0078FA1C /* View */,
			);
			name = Examination;
			sourceTree = "<group>";
		};
		AD1D18271C89869E009B9390 /* Model */ = {
			isa = PBXGroup;
			children = (
				AD1D182C1C898896009B9390 /* ChoiceQuestion.swift */,
				AD1D182E1C8990D3009B9390 /* SingleChoiceQuestion.swift */,
				AD1D18301C899286009B9390 /* GeneralSingleChoiceQuestion.swift */,
				AD1D18321C8992A9009B9390 /* TrueOrFalseQuestion.swift */,
				AD1D18361C8992E7009B9390 /* MultipleChoiceQuestion.swift */,
				AD0B21D51C8E600C0080BF50 /* Questionnair.swift */,
				AD876A771C93B279000E9978 /* AnswerSheet.swift */,
				AD98B4441C92CBB500421CC3 /* Examination.swift */,
			);
			name = Model;
			sourceTree = "<group>";
		};
		AD1D18281C8986A5009B9390 /* ViewMode */ = {
			isa = PBXGroup;
			children = (
				AD0B21D71C8E64D10080BF50 /* ExaminationViewModel.swift */,
			);
			name = ViewMode;
			sourceTree = "<group>";
		};
		AD1D18291C8986BA009B9390 /* Model */ = {
			isa = PBXGroup;
			children = (
			);
			name = Model;
			sourceTree = "<group>";
		};
		AD1D182A1C8986C1009B9390 /* View */ = {
			isa = PBXGroup;
			children = (
			);
			name = View;
			sourceTree = "<group>";
		};
		AD1D182B1C8986C9009B9390 /* ViewModel */ = {
			isa = PBXGroup;
			children = (
			);
			name = ViewModel;
			sourceTree = "<group>";
		};
		AD2F46051C83D9E600FA30AA /* others */ = {
			isa = PBXGroup;
			children = (
				AD884BB71C83F1A7005A37AE /* SmartClass-Bridging-Header.h */,
				AD86A8D21C82DBCC009CEE87 /* LaunchScreen.storyboard */,
				AD86A8D01C82DBCC009CEE87 /* Assets.xcassets */,
				AD86A8D51C82DBCC009CEE87 /* Info.plist */,
			);
			name = others;
			sourceTree = "<group>";
		};
		AD2F46081C83DA4D00FA30AA /* SignInAndSignUp */ = {
			isa = PBXGroup;
			children = (
				AD2F46061C83DA3200FA30AA /* SignInViewController.swift */,
				AD2F46091C83DFE600FA30AA /* SignUpViewController.swift */,
			);
			name = SignInAndSignUp;
			sourceTree = "<group>";
		};
		AD46B0051C8683C8008CB3F7 /* Util */ = {
			isa = PBXGroup;
			children = (
				ADF3BB7D1CAE625B00638D3B /* Extension */,
				AD876A791C93C014000E9978 /* PlaceholderTextView */,
				AD97378B1C92AF100066873E /* RACextensions */,
				AD9737891C92AF060066873E /* SegueHandlerType.swift */,
				AD46B0061C868423008CB3F7 /* Color.swift */,
			);
			name = Util;
			sourceTree = "<group>";
		};
		AD86A8BD1C82DBCC009CEE87 = {
			isa = PBXGroup;
			children = (
				AD86A8C81C82DBCC009CEE87 /* SmartClass */,
				AD86A8C71C82DBCC009CEE87 /* Products */,
				7024160A6759EEC45762B274 /* Pods */,
				5B800375E992113887F3BF95 /* Frameworks */,
			);
			sourceTree = "<group>";
		};
		AD86A8C71C82DBCC009CEE87 /* Products */ = {
			isa = PBXGroup;
			children = (
				AD86A8C61C82DBCC009CEE87 /* SmartClass.app */,
			);
			name = Products;
			sourceTree = "<group>";
		};
		AD86A8C81C82DBCC009CEE87 /* SmartClass */ = {
			isa = PBXGroup;
			children = (
				AD86A8C91C82DBCC009CEE87 /* AppDelegate.swift */,
				AD86A8CD1C82DBCC009CEE87 /* Main.storyboard */,
				AD2F46081C83DA4D00FA30AA /* SignInAndSignUp */,
				AD1304701C8436300078FA1C /* Teacher */,
				AD1304711C8436420078FA1C /* Student */,
				AD46B0051C8683C8008CB3F7 /* Util */,
				AD2F46051C83D9E600FA30AA /* others */,
			);
			path = SmartClass;
			sourceTree = "<group>";
		};
		AD876A791C93C014000E9978 /* PlaceholderTextView */ = {
			isa = PBXGroup;
			children = (
				AD876A7A1C93C053000E9978 /* UIPlaceHolderTextView.h */,
				AD876A7B1C93C053000E9978 /* UIPlaceHolderTextView.m */,
			);
			name = PlaceholderTextView;
			sourceTree = "<group>";
		};
		AD97378B1C92AF100066873E /* RACextensions */ = {
			isa = PBXGroup;
			children = (
				AD0B21DB1C8E7FE60080BF50 /* RAC.swift */,
				AD0B21DC1C8E7FE60080BF50 /* RACObserve.swift */,
				AD0B21DD1C8E7FE60080BF50 /* RACSignal+Extensions.swift */,
			);
			name = RACextensions;
			sourceTree = "<group>";
		};
		ADEA4C301C8524FB00BE0686 /* View */ = {
			isa = PBXGroup;
			children = (
				ADEA4C311C85251C00BE0686 /* StudentMainInterfaceTableViewController.swift */,
			);
			name = View;
			sourceTree = "<group>";
		};
		ADF3BB7D1CAE625B00638D3B /* Extension */ = {
			isa = PBXGroup;
			children = (
				ADF3BB7B1CAE624E00638D3B /* CALayer+extension.swift */,
				AD6308631CB0FFEE000DEC59 /* UIColor+extension.swift */,
				AD6308671CB10028000DEC59 /* UIImage+extension.swift */,
			);
			name = Extension;
			sourceTree = "<group>";
		};
/* End PBXGroup section */

/* Begin PBXNativeTarget section */
		AD86A8C51C82DBCC009CEE87 /* SmartClass */ = {
			isa = PBXNativeTarget;
			buildConfigurationList = AD86A8D81C82DBCC009CEE87 /* Build configuration list for PBXNativeTarget "SmartClass" */;
			buildPhases = (
				31DAEAEEDC01E3A4ED4F0E97 /* Check Pods Manifest.lock */,
				AD86A8C21C82DBCC009CEE87 /* Sources */,
				AD86A8C31C82DBCC009CEE87 /* Frameworks */,
				AD86A8C41C82DBCC009CEE87 /* Resources */,
				D1067C473CD350D6515D728A /* Embed Pods Frameworks */,
				A00F326F676A0AFE07412D48 /* Copy Pods Resources */,
			);
			buildRules = (
			);
			dependencies = (
			);
			name = SmartClass;
			productName = SmartClass;
			productReference = AD86A8C61C82DBCC009CEE87 /* SmartClass.app */;
			productType = "com.apple.product-type.application";
		};
/* End PBXNativeTarget section */

/* Begin PBXProject section */
		AD86A8BE1C82DBCC009CEE87 /* Project object */ = {
			isa = PBXProject;
			attributes = {
				LastSwiftUpdateCheck = 0720;
				LastUpgradeCheck = 0720;
				ORGANIZATIONNAME = Vernon;
				TargetAttributes = {
					AD86A8C51C82DBCC009CEE87 = {
						CreatedOnToolsVersion = 7.2.1;
					};
				};
			};
			buildConfigurationList = AD86A8C11C82DBCC009CEE87 /* Build configuration list for PBXProject "SmartClass" */;
			compatibilityVersion = "Xcode 3.2";
			developmentRegion = English;
			hasScannedForEncodings = 0;
			knownRegions = (
				en,
				Base,
			);
			mainGroup = AD86A8BD1C82DBCC009CEE87;
			productRefGroup = AD86A8C71C82DBCC009CEE87 /* Products */;
			projectDirPath = "";
			projectRoot = "";
			targets = (
				AD86A8C51C82DBCC009CEE87 /* SmartClass */,
			);
		};
/* End PBXProject section */

/* Begin PBXResourcesBuildPhase section */
		AD86A8C41C82DBCC009CEE87 /* Resources */ = {
			isa = PBXResourcesBuildPhase;
			buildActionMask = 2147483647;
			files = (
				AD86A8D41C82DBCC009CEE87 /* LaunchScreen.storyboard in Resources */,
				AD86A8D11C82DBCC009CEE87 /* Assets.xcassets in Resources */,
				AD86A8CF1C82DBCC009CEE87 /* Main.storyboard in Resources */,
			);
			runOnlyForDeploymentPostprocessing = 0;
		};
/* End PBXResourcesBuildPhase section */

/* Begin PBXShellScriptBuildPhase section */
		31DAEAEEDC01E3A4ED4F0E97 /* Check Pods Manifest.lock */ = {
			isa = PBXShellScriptBuildPhase;
			buildActionMask = 2147483647;
			files = (
			);
			inputPaths = (
			);
			name = "Check Pods Manifest.lock";
			outputPaths = (
			);
			runOnlyForDeploymentPostprocessing = 0;
			shellPath = /bin/sh;
			shellScript = "diff \"${PODS_ROOT}/../Podfile.lock\" \"${PODS_ROOT}/Manifest.lock\" > /dev/null\nif [[ $? != 0 ]] ; then\n    cat << EOM\nerror: The sandbox is not in sync with the Podfile.lock. Run 'pod install' or update your CocoaPods installation.\nEOM\n    exit 1\nfi\n";
			showEnvVarsInLog = 0;
		};
		A00F326F676A0AFE07412D48 /* Copy Pods Resources */ = {
			isa = PBXShellScriptBuildPhase;
			buildActionMask = 2147483647;
			files = (
			);
			inputPaths = (
			);
			name = "Copy Pods Resources";
			outputPaths = (
			);
			runOnlyForDeploymentPostprocessing = 0;
			shellPath = /bin/sh;
			shellScript = "\"${SRCROOT}/Pods/Target Support Files/Pods-SmartClass/Pods-SmartClass-resources.sh\"\n";
			showEnvVarsInLog = 0;
		};
		D1067C473CD350D6515D728A /* Embed Pods Frameworks */ = {
			isa = PBXShellScriptBuildPhase;
			buildActionMask = 2147483647;
			files = (
			);
			inputPaths = (
			);
			name = "Embed Pods Frameworks";
			outputPaths = (
			);
			runOnlyForDeploymentPostprocessing = 0;
			shellPath = /bin/sh;
			shellScript = "\"${SRCROOT}/Pods/Target Support Files/Pods-SmartClass/Pods-SmartClass-frameworks.sh\"\n";
			showEnvVarsInLog = 0;
		};
/* End PBXShellScriptBuildPhase section */

/* Begin PBXSourcesBuildPhase section */
		AD86A8C21C82DBCC009CEE87 /* Sources */ = {
			isa = PBXSourcesBuildPhase;
			buildActionMask = 2147483647;
			files = (
				AD2F460A1C83DFE600FA30AA /* SignUpViewController.swift in Sources */,
				AD0B21D01C8D16B20080BF50 /* TeacherMainInterfaceTableViewController.swift in Sources */,
				ADEA4C321C85251C00BE0686 /* StudentMainInterfaceTableViewController.swift in Sources */,
				AD6308681CB10028000DEC59 /* UIImage+extension.swift in Sources */,
				AD6308641CB0FFEE000DEC59 /* UIColor+extension.swift in Sources */,
				AD0B21D21C8D185F0080BF50 /* ExaminationInformationViewController.swift in Sources */,
				AD2F46071C83DA3200FA30AA /* SignInViewController.swift in Sources */,
				AD98B4451C92CBB500421CC3 /* Examination.swift in Sources */,
				AD86A8CA1C82DBCC009CEE87 /* AppDelegate.swift in Sources */,
				AD1D182F1C8990D3009B9390 /* SingleChoiceQuestion.swift in Sources */,
				AD876A781C93B279000E9978 /* AnswerSheet.swift in Sources */,
				AD1D18311C899286009B9390 /* GeneralSingleChoiceQuestion.swift in Sources */,
				ADF3BB7F1CAE67C400638D3B /* QuestionView.swift in Sources */,
				AD1D18371C8992E7009B9390 /* MultipleChoiceQuestion.swift in Sources */,
				ADF3BB7C1CAE624E00638D3B /* CALayer+extension.swift in Sources */,
				AD0B21DE1C8E7FE60080BF50 /* RAC.swift in Sources */,
				AD1D182D1C898896009B9390 /* ChoiceQuestion.swift in Sources */,
				AD0B21E41C8ED1840080BF50 /* TeacherMainInterfaceViewModel.swift in Sources */,
				AD46B0071C868423008CB3F7 /* Color.swift in Sources */,
				AD1D18331C8992A9009B9390 /* TrueOrFalseQuestion.swift in Sources */,
				AD0B21E01C8E7FE60080BF50 /* RACSignal+Extensions.swift in Sources */,
				AD0B21D81C8E64D10080BF50 /* ExaminationViewModel.swift in Sources */,
				AD876A801C940F32000E9978 /* AddQuestionsViewController.swift in Sources */,
				AD0B21DF1C8E7FE60080BF50 /* RACObserve.swift in Sources */,
				AD876A7C1C93C053000E9978 /* UIPlaceHolderTextView.m in Sources */,
				AD97378A1C92AF060066873E /* SegueHandlerType.swift in Sources */,
				AD0B21D61C8E600C0080BF50 /* Questionnair.swift in Sources */,
			);
			runOnlyForDeploymentPostprocessing = 0;
		};
/* End PBXSourcesBuildPhase section */

/* Begin PBXVariantGroup section */
		AD86A8CD1C82DBCC009CEE87 /* Main.storyboard */ = {
			isa = PBXVariantGroup;
			children = (
				AD86A8CE1C82DBCC009CEE87 /* Base */,
			);
			name = Main.storyboard;
			sourceTree = "<group>";
		};
		AD86A8D21C82DBCC009CEE87 /* LaunchScreen.storyboard */ = {
			isa = PBXVariantGroup;
			children = (
				AD86A8D31C82DBCC009CEE87 /* Base */,
			);
			name = LaunchScreen.storyboard;
			sourceTree = "<group>";
		};
/* End PBXVariantGroup section */

/* Begin XCBuildConfiguration section */
		AD86A8D61C82DBCC009CEE87 /* Debug */ = {
			isa = XCBuildConfiguration;
			buildSettings = {
				ALWAYS_SEARCH_USER_PATHS = NO;
				CLANG_CXX_LANGUAGE_STANDARD = "gnu++0x";
				CLANG_CXX_LIBRARY = "libc++";
				CLANG_ENABLE_MODULES = YES;
				CLANG_ENABLE_OBJC_ARC = YES;
				CLANG_WARN_BOOL_CONVERSION = YES;
				CLANG_WARN_CONSTANT_CONVERSION = YES;
				CLANG_WARN_DIRECT_OBJC_ISA_USAGE = YES_ERROR;
				CLANG_WARN_EMPTY_BODY = YES;
				CLANG_WARN_ENUM_CONVERSION = YES;
				CLANG_WARN_INT_CONVERSION = YES;
				CLANG_WARN_OBJC_ROOT_CLASS = YES_ERROR;
				CLANG_WARN_UNREACHABLE_CODE = YES;
				CLANG_WARN__DUPLICATE_METHOD_MATCH = YES;
				"CODE_SIGN_IDENTITY[sdk=iphoneos*]" = "iPhone Developer";
				COPY_PHASE_STRIP = NO;
				DEBUG_INFORMATION_FORMAT = dwarf;
				ENABLE_STRICT_OBJC_MSGSEND = YES;
				ENABLE_TESTABILITY = YES;
				GCC_C_LANGUAGE_STANDARD = gnu99;
				GCC_DYNAMIC_NO_PIC = NO;
				GCC_NO_COMMON_BLOCKS = YES;
				GCC_OPTIMIZATION_LEVEL = 0;
				GCC_PREPROCESSOR_DEFINITIONS = (
					"DEBUG=1",
					"$(inherited)",
				);
				GCC_WARN_64_TO_32_BIT_CONVERSION = YES;
				GCC_WARN_ABOUT_RETURN_TYPE = YES_ERROR;
				GCC_WARN_UNDECLARED_SELECTOR = YES;
				GCC_WARN_UNINITIALIZED_AUTOS = YES_AGGRESSIVE;
				GCC_WARN_UNUSED_FUNCTION = YES;
				GCC_WARN_UNUSED_VARIABLE = YES;
				IPHONEOS_DEPLOYMENT_TARGET = 9.2;
				MTL_ENABLE_DEBUG_INFO = YES;
				ONLY_ACTIVE_ARCH = YES;
				SDKROOT = iphoneos;
				SWIFT_OPTIMIZATION_LEVEL = "-Onone";
				TARGETED_DEVICE_FAMILY = "1,2";
			};
			name = Debug;
		};
		AD86A8D71C82DBCC009CEE87 /* Release */ = {
			isa = XCBuildConfiguration;
			buildSettings = {
				ALWAYS_SEARCH_USER_PATHS = NO;
				CLANG_CXX_LANGUAGE_STANDARD = "gnu++0x";
				CLANG_CXX_LIBRARY = "libc++";
				CLANG_ENABLE_MODULES = YES;
				CLANG_ENABLE_OBJC_ARC = YES;
				CLANG_WARN_BOOL_CONVERSION = YES;
				CLANG_WARN_CONSTANT_CONVERSION = YES;
				CLANG_WARN_DIRECT_OBJC_ISA_USAGE = YES_ERROR;
				CLANG_WARN_EMPTY_BODY = YES;
				CLANG_WARN_ENUM_CONVERSION = YES;
				CLANG_WARN_INT_CONVERSION = YES;
				CLANG_WARN_OBJC_ROOT_CLASS = YES_ERROR;
				CLANG_WARN_UNREACHABLE_CODE = YES;
				CLANG_WARN__DUPLICATE_METHOD_MATCH = YES;
				"CODE_SIGN_IDENTITY[sdk=iphoneos*]" = "iPhone Developer";
				COPY_PHASE_STRIP = NO;
				DEBUG_INFORMATION_FORMAT = "dwarf-with-dsym";
				ENABLE_NS_ASSERTIONS = NO;
				ENABLE_STRICT_OBJC_MSGSEND = YES;
				GCC_C_LANGUAGE_STANDARD = gnu99;
				GCC_NO_COMMON_BLOCKS = YES;
				GCC_WARN_64_TO_32_BIT_CONVERSION = YES;
				GCC_WARN_ABOUT_RETURN_TYPE = YES_ERROR;
				GCC_WARN_UNDECLARED_SELECTOR = YES;
				GCC_WARN_UNINITIALIZED_AUTOS = YES_AGGRESSIVE;
				GCC_WARN_UNUSED_FUNCTION = YES;
				GCC_WARN_UNUSED_VARIABLE = YES;
				IPHONEOS_DEPLOYMENT_TARGET = 9.2;
				MTL_ENABLE_DEBUG_INFO = NO;
				SDKROOT = iphoneos;
				TARGETED_DEVICE_FAMILY = "1,2";
				VALIDATE_PRODUCT = YES;
			};
			name = Release;
		};
		AD86A8D91C82DBCC009CEE87 /* Debug */ = {
			isa = XCBuildConfiguration;
			baseConfigurationReference = BB4309D8B1E5CCAC2B6F4644 /* Pods-SmartClass.debug.xcconfig */;
			buildSettings = {
				ASSETCATALOG_COMPILER_APPICON_NAME = AppIcon;
				CLANG_ENABLE_MODULES = YES;
				FRAMEWORK_SEARCH_PATHS = (
					"$(inherited)",
					"$(PROJECT_DIR)",
				);
				INFOPLIST_FILE = SmartClass/Info.plist;
				LD_RUNPATH_SEARCH_PATHS = "$(inherited) @executable_path/Frameworks";
				OTHER_LDFLAGS = (
					"$(inherited)",
					"-ObjC",
					"-l\"icucore\"",
					"-l\"sqlite3\"",
					"-l\"z.1.2.5\"",
					"-framework",
					"\"AVFoundation\"",
					"-framework",
					"\"BmobSDK\"",
					"-framework",
					"\"CFNetwork\"",
					"-framework",
					"\"CoreGraphics\"",
					"-framework",
					"\"CoreLocation\"",
					"-framework",
					"\"CoreTelephony\"",
					"-framework",
					"\"DZNEmptyDataSet\"",
					"-framework",
					"\"IQKeyboardManager\"",
					"-framework",
					"\"MediaPlayer\"",
					"-framework",
					"\"MobileCoreServices\"",
					"-framework",
					"\"ReactiveCocoa\"",
					"-framework",
					"\"Result\"",
					"-framework",
					"\"Security\"",
					"-framework",
					"\"SystemConfiguration\"",
					"-framework",
					"\"Toast\"",
					"-ObjC",
					"-lz",
					"-framework",
					Reveal,
				);
				PRODUCT_BUNDLE_IDENTIFIER = cn.edu.scnu.SmartClass;
				PRODUCT_NAME = "$(TARGET_NAME)";
				SWIFT_OBJC_BRIDGING_HEADER = "SmartClass/SmartClass-Bridging-Header.h";
				SWIFT_OPTIMIZATION_LEVEL = "-Onone";
				TARGETED_DEVICE_FAMILY = "1,2";
			};
			name = Debug;
		};
		AD86A8DA1C82DBCC009CEE87 /* Release */ = {
			isa = XCBuildConfiguration;
			baseConfigurationReference = DD8CBA00FE764EC44F8869E6 /* Pods-SmartClass.release.xcconfig */;
			buildSettings = {
				ASSETCATALOG_COMPILER_APPICON_NAME = AppIcon;
				CLANG_ENABLE_MODULES = YES;
				FRAMEWORK_SEARCH_PATHS = (
					"$(inherited)",
					"$(PROJECT_DIR)",
				);
				INFOPLIST_FILE = SmartClass/Info.plist;
				LD_RUNPATH_SEARCH_PATHS = "$(inherited) @executable_path/Frameworks";
				OTHER_LDFLAGS = (
					"$(inherited)",
					"-ObjC",
					"-l\"icucore\"",
					"-l\"sqlite3\"",
					"-l\"z.1.2.5\"",
					"-framework",
					"\"AVFoundation\"",
					"-framework",
					"\"BmobSDK\"",
					"-framework",
					"\"CFNetwork\"",
					"-framework",
					"\"CoreGraphics\"",
					"-framework",
					"\"CoreLocation\"",
					"-framework",
					"\"CoreTelephony\"",
					"-framework",
					"\"DZNEmptyDataSet\"",
					"-framework",
					"\"IQKeyboardManager\"",
					"-framework",
					"\"MediaPlayer\"",
					"-framework",
					"\"MobileCoreServices\"",
					"-framework",
					"\"ReactiveCocoa\"",
					"-framework",
					"\"Result\"",
					"-framework",
					"\"Security\"",
					"-framework",
					"\"SystemConfiguration\"",
					"-framework",
					"\"Toast\"",
					"-ObjC",
					"-lz",
					"-framework",
					Reveal,
				);
				PRODUCT_BUNDLE_IDENTIFIER = cn.edu.scnu.SmartClass;
				PRODUCT_NAME = "$(TARGET_NAME)";
				SWIFT_OBJC_BRIDGING_HEADER = "SmartClass/SmartClass-Bridging-Header.h";
				TARGETED_DEVICE_FAMILY = "1,2";
			};
			name = Release;
		};
/* End XCBuildConfiguration section */

/* Begin XCConfigurationList section */
		AD86A8C11C82DBCC009CEE87 /* Build configuration list for PBXProject "SmartClass" */ = {
			isa = XCConfigurationList;
			buildConfigurations = (
				AD86A8D61C82DBCC009CEE87 /* Debug */,
				AD86A8D71C82DBCC009CEE87 /* Release */,
			);
			defaultConfigurationIsVisible = 0;
			defaultConfigurationName = Release;
		};
		AD86A8D81C82DBCC009CEE87 /* Build configuration list for PBXNativeTarget "SmartClass" */ = {
			isa = XCConfigurationList;
			buildConfigurations = (
				AD86A8D91C82DBCC009CEE87 /* Debug */,
				AD86A8DA1C82DBCC009CEE87 /* Release */,
			);
			defaultConfigurationIsVisible = 0;
			defaultConfigurationName = Release;
		};
/* End XCConfigurationList section */
	};
	rootObject = AD86A8BE1C82DBCC009CEE87 /* Project object */;
}
