// !$*UTF8*$!
{
	archiveVersion = 1;
	classes = {
	};
	objectVersion = 46;
	objects = {

/* Begin PBXBuildFile section */
		0700D1B71CE4AD3100EB9A81 /* ResourceListViewController.swift in Sources */ = {isa = PBXBuildFile; fileRef = 0700D1B61CE4AD3000EB9A81 /* ResourceListViewController.swift */; };
		0700D1BA1CE4B5B000EB9A81 /* ResourceListViewModel.swift in Sources */ = {isa = PBXBuildFile; fileRef = 0700D1B91CE4B5B000EB9A81 /* ResourceListViewModel.swift */; };
		072EA4B31D65C6FC0001EFFB /* ChoiceGroup.swift in Sources */ = {isa = PBXBuildFile; fileRef = 072EA4B21D65C6FC0001EFFB /* ChoiceGroup.swift */; };
		077D61EC1CCA4917007C5ED7 /* ConvenientFileManager.swift in Sources */ = {isa = PBXBuildFile; fileRef = 077D61EB1CCA4917007C5ED7 /* ConvenientFileManager.swift */; };
		0792C5F11CD954E7006DF60D /* SignUpSheetViewController.swift in Sources */ = {isa = PBXBuildFile; fileRef = 0792C5F01CD954E7006DF60D /* SignUpSheetViewController.swift */; };
		0797AE491D61EFA000D51B41 /* TopicView.xib in Resources */ = {isa = PBXBuildFile; fileRef = 0797AE481D61EFA000D51B41 /* TopicView.xib */; };
		0797AE4B1D61F18800D51B41 /* TopicView.swift in Sources */ = {isa = PBXBuildFile; fileRef = 0797AE4A1D61F18800D51B41 /* TopicView.swift */; };
		0797AE4D1D61F47D00D51B41 /* ChoiceView.swift in Sources */ = {isa = PBXBuildFile; fileRef = 0797AE4C1D61F47D00D51B41 /* ChoiceView.swift */; };
		0797AE4F1D61F49100D51B41 /* ChoiceView.xib in Resources */ = {isa = PBXBuildFile; fileRef = 0797AE4E1D61F49100D51B41 /* ChoiceView.xib */; };
		0797AE511D61FACE00D51B41 /* ScoreView.xib in Resources */ = {isa = PBXBuildFile; fileRef = 0797AE501D61FACE00D51B41 /* ScoreView.xib */; };
		0797AE531D61FADB00D51B41 /* ScoreView.swift in Sources */ = {isa = PBXBuildFile; fileRef = 0797AE521D61FADB00D51B41 /* ScoreView.swift */; };
		0797AE551D6201F100D51B41 /* PaperViewController.swift in Sources */ = {isa = PBXBuildFile; fileRef = 0797AE541D6201F100D51B41 /* PaperViewController.swift */; };
		07A7E1001D61B33100A2355A /* Reveal.framework in Frameworks */ = {isa = PBXBuildFile; fileRef = 07A7E0FF1D61B33100A2355A /* Reveal.framework */; };
		07C2BD4A1CE1FF4A003E6454 /* SignUpSheetListViewController.swift in Sources */ = {isa = PBXBuildFile; fileRef = 07C2BD491CE1FF4A003E6454 /* SignUpSheetListViewController.swift */; };
		07C2BD4C1CE202DF003E6454 /* SignUpSheetListViewModel.swift in Sources */ = {isa = PBXBuildFile; fileRef = 07C2BD4B1CE202DF003E6454 /* SignUpSheetListViewModel.swift */; };
		07DEA8071CEC799B00C7504E /* NewSignUpSheetViewController.swift in Sources */ = {isa = PBXBuildFile; fileRef = 07DEA8061CEC799B00C7504E /* NewSignUpSheetViewController.swift */; };
		261BAB7FCB1D014C99987C7F /* Pods_SmartClass.framework in Frameworks */ = {isa = PBXBuildFile; fileRef = 337D1242388DBB22ECD9F1E7 /* Pods_SmartClass.framework */; };
		AD0A64A91D49FCA900707C5E /* QRCodeViewController.swift in Sources */ = {isa = PBXBuildFile; fileRef = AD0A64A71D49FCA900707C5E /* QRCodeViewController.swift */; };
		AD0A64AC1D4A0C3E00707C5E /* PPT.swift in Sources */ = {isa = PBXBuildFile; fileRef = AD0A64AB1D4A0C3E00707C5E /* PPT.swift */; };
		AD0A64B11D4A0E7100707C5E /* CanvasPopoverViewController.swift in Sources */ = {isa = PBXBuildFile; fileRef = AD0A64AD1D4A0E7100707C5E /* CanvasPopoverViewController.swift */; };
		AD0A64B21D4A0E7100707C5E /* CanvasView.swift in Sources */ = {isa = PBXBuildFile; fileRef = AD0A64AE1D4A0E7100707C5E /* CanvasView.swift */; };
		AD0A64B31D4A0E7100707C5E /* PPTView.swift in Sources */ = {isa = PBXBuildFile; fileRef = AD0A64AF1D4A0E7100707C5E /* PPTView.swift */; };
		AD0A64B41D4A0E7100707C5E /* PPTViewController.swift in Sources */ = {isa = PBXBuildFile; fileRef = AD0A64B01D4A0E7100707C5E /* PPTViewController.swift */; };
		AD0A64B61D4A0E8D00707C5E /* Resource.swift in Sources */ = {isa = PBXBuildFile; fileRef = AD0A64B51D4A0E8D00707C5E /* Resource.swift */; };
		AD0B21DE1C8E7FE60080BF50 /* RAC.swift in Sources */ = {isa = PBXBuildFile; fileRef = AD0B21DB1C8E7FE60080BF50 /* RAC.swift */; };
		AD0B21DF1C8E7FE60080BF50 /* RACObserve.swift in Sources */ = {isa = PBXBuildFile; fileRef = AD0B21DC1C8E7FE60080BF50 /* RACObserve.swift */; };
		AD0B21E01C8E7FE60080BF50 /* RACSignal+Extensions.swift in Sources */ = {isa = PBXBuildFile; fileRef = AD0B21DD1C8E7FE60080BF50 /* RACSignal+Extensions.swift */; };
		AD0C75621D6FD31000D220F0 /* ChoiceCell.swift in Sources */ = {isa = PBXBuildFile; fileRef = AD0C755E1D6FD31000D220F0 /* ChoiceCell.swift */; };
		AD0C75631D6FD31000D220F0 /* ChoiceCell.xib in Resources */ = {isa = PBXBuildFile; fileRef = AD0C755F1D6FD31000D220F0 /* ChoiceCell.xib */; };
		AD0C75641D6FD31000D220F0 /* TopicCell.swift in Sources */ = {isa = PBXBuildFile; fileRef = AD0C75601D6FD31000D220F0 /* TopicCell.swift */; };
		AD0C75651D6FD31000D220F0 /* TopicCell.xib in Resources */ = {isa = PBXBuildFile; fileRef = AD0C75611D6FD31000D220F0 /* TopicCell.xib */; };
		AD10CDE91D45A35E0055B87E /* HomePageViewController.swift in Sources */ = {isa = PBXBuildFile; fileRef = AD10CDE81D45A35E0055B87E /* HomePageViewController.swift */; };
		AD10CDED1D45A7B50055B87E /* CardView.xib in Resources */ = {isa = PBXBuildFile; fileRef = AD10CDEC1D45A7B50055B87E /* CardView.xib */; };
		AD10CDEF1D45A7CB0055B87E /* CardView.swift in Sources */ = {isa = PBXBuildFile; fileRef = AD10CDEE1D45A7CB0055B87E /* CardView.swift */; };
		AD1DF6531CC471A8001B67E1 /* String+extension.swift in Sources */ = {isa = PBXBuildFile; fileRef = AD1DF6521CC471A8001B67E1 /* String+extension.swift */; };
		AD23FF5A1D7A6A0C00C6A671 /* StudentCell.swift in Sources */ = {isa = PBXBuildFile; fileRef = AD23FF591D7A6A0C00C6A671 /* StudentCell.swift */; };
		AD2F3C421D791C7E00083261 /* SignUpSheetCell.swift in Sources */ = {isa = PBXBuildFile; fileRef = AD2F3C411D791C7E00083261 /* SignUpSheetCell.swift */; };
		AD2F3C441D791CA200083261 /* SignUpSheetCell.xib in Resources */ = {isa = PBXBuildFile; fileRef = AD2F3C431D791CA200083261 /* SignUpSheetCell.xib */; };
		AD3838CA1D4AF73E0048D6F3 /* NSDate+extension.swift in Sources */ = {isa = PBXBuildFile; fileRef = AD3838C91D4AF73E0048D6F3 /* NSDate+extension.swift */; };
		AD46B0071C868423008CB3F7 /* Color.swift in Sources */ = {isa = PBXBuildFile; fileRef = AD46B0061C868423008CB3F7 /* Color.swift */; };
		AD4AF5171CB3AE5D006129C2 /* RVMViewModel.m in Sources */ = {isa = PBXBuildFile; fileRef = AD4AF5161CB3AE5D006129C2 /* RVMViewModel.m */; };
		AD6308641CB0FFEE000DEC59 /* UIColor+extension.swift in Sources */ = {isa = PBXBuildFile; fileRef = AD6308631CB0FFEE000DEC59 /* UIColor+extension.swift */; };
		AD6308681CB10028000DEC59 /* UIImage+extension.swift in Sources */ = {isa = PBXBuildFile; fileRef = AD6308671CB10028000DEC59 /* UIImage+extension.swift */; };
		AD75209A1D582066000C5D7A /* Realm.framework in Frameworks */ = {isa = PBXBuildFile; fileRef = AD90D1501D52CBF4008AEF1A /* Realm.framework */; };
		AD75209B1D582066000C5D7A /* Realm.framework in Embed Frameworks */ = {isa = PBXBuildFile; fileRef = AD90D1501D52CBF4008AEF1A /* Realm.framework */; settings = {ATTRIBUTES = (CodeSignOnCopy, RemoveHeadersOnCopy, ); }; };
		AD75209C1D58206A000C5D7A /* RealmSwift.framework in Frameworks */ = {isa = PBXBuildFile; fileRef = AD90D1511D52CBF4008AEF1A /* RealmSwift.framework */; };
		AD75209D1D58206A000C5D7A /* RealmSwift.framework in Embed Frameworks */ = {isa = PBXBuildFile; fileRef = AD90D1511D52CBF4008AEF1A /* RealmSwift.framework */; settings = {ATTRIBUTES = (CodeSignOnCopy, RemoveHeadersOnCopy, ); }; };
		AD86A8CA1C82DBCC009CEE87 /* AppDelegate.swift in Sources */ = {isa = PBXBuildFile; fileRef = AD86A8C91C82DBCC009CEE87 /* AppDelegate.swift */; };
		AD86A8CF1C82DBCC009CEE87 /* Main.storyboard in Resources */ = {isa = PBXBuildFile; fileRef = AD86A8CD1C82DBCC009CEE87 /* Main.storyboard */; };
		AD86A8D11C82DBCC009CEE87 /* Assets.xcassets in Resources */ = {isa = PBXBuildFile; fileRef = AD86A8D01C82DBCC009CEE87 /* Assets.xcassets */; };
		AD86A8D41C82DBCC009CEE87 /* LaunchScreen.storyboard in Resources */ = {isa = PBXBuildFile; fileRef = AD86A8D21C82DBCC009CEE87 /* LaunchScreen.storyboard */; };
		AD876A7C1C93C053000E9978 /* UIPlaceHolderTextView.m in Sources */ = {isa = PBXBuildFile; fileRef = AD876A7B1C93C053000E9978 /* UIPlaceHolderTextView.m */; };
		AD884BBC1C83F2AF005A37AE /* Foundation.framework in Frameworks */ = {isa = PBXBuildFile; fileRef = AD884BBB1C83F2AF005A37AE /* Foundation.framework */; };
		AD884BBE1C83F2C3005A37AE /* CoreLocation.framework in Frameworks */ = {isa = PBXBuildFile; fileRef = AD884BBD1C83F2C3005A37AE /* CoreLocation.framework */; };
		AD884BC01C83F2CA005A37AE /* Security.framework in Frameworks */ = {isa = PBXBuildFile; fileRef = AD884BBF1C83F2CA005A37AE /* Security.framework */; };
		AD884BC21C83F2D2005A37AE /* CoreGraphics.framework in Frameworks */ = {isa = PBXBuildFile; fileRef = AD884BC11C83F2D2005A37AE /* CoreGraphics.framework */; };
		AD884BC41C83F2DE005A37AE /* MobileCoreServices.framework in Frameworks */ = {isa = PBXBuildFile; fileRef = AD884BC31C83F2DE005A37AE /* MobileCoreServices.framework */; };
		AD884BC61C83F2E7005A37AE /* CFNetwork.framework in Frameworks */ = {isa = PBXBuildFile; fileRef = AD884BC51C83F2E7005A37AE /* CFNetwork.framework */; };
		AD884BC81C83F2F1005A37AE /* CoreTelephony.framework in Frameworks */ = {isa = PBXBuildFile; fileRef = AD884BC71C83F2F1005A37AE /* CoreTelephony.framework */; };
		AD884BCA1C83F2FB005A37AE /* SystemConfiguration.framework in Frameworks */ = {isa = PBXBuildFile; fileRef = AD884BC91C83F2FB005A37AE /* SystemConfiguration.framework */; };
		AD884BCC1C83F304005A37AE /* AVFoundation.framework in Frameworks */ = {isa = PBXBuildFile; fileRef = AD884BCB1C83F304005A37AE /* AVFoundation.framework */; };
		AD884BCE1C83F310005A37AE /* MediaPlayer.framework in Frameworks */ = {isa = PBXBuildFile; fileRef = AD884BCD1C83F310005A37AE /* MediaPlayer.framework */; };
		AD884BD01C83F31A005A37AE /* libz.1.2.5.tbd in Frameworks */ = {isa = PBXBuildFile; fileRef = AD884BCF1C83F31A005A37AE /* libz.1.2.5.tbd */; };
		AD884BD21C83F340005A37AE /* libsqlite3.tbd in Frameworks */ = {isa = PBXBuildFile; fileRef = AD884BD11C83F340005A37AE /* libsqlite3.tbd */; };
		AD884BD41C83F357005A37AE /* libicucore.tbd in Frameworks */ = {isa = PBXBuildFile; fileRef = AD884BD31C83F357005A37AE /* libicucore.tbd */; };
		AD8C9D861D52CD58003722F8 /* Paper.swift in Sources */ = {isa = PBXBuildFile; fileRef = AD8C9D851D52CD58003722F8 /* Paper.swift */; };
		AD8C9D881D52CD78003722F8 /* Question.swift in Sources */ = {isa = PBXBuildFile; fileRef = AD8C9D871D52CD78003722F8 /* Question.swift */; };
		AD97378A1C92AF060066873E /* SegueHandlerType.swift in Sources */ = {isa = PBXBuildFile; fileRef = AD9737891C92AF060066873E /* SegueHandlerType.swift */; };
		AD980BEE1D4EDE0100C607B4 /* PaperListViewModel.swift in Sources */ = {isa = PBXBuildFile; fileRef = AD980BED1D4EDE0100C607B4 /* PaperListViewModel.swift */; };
		AD980BF01D4EDE0900C607B4 /* PaperListViewController.swift in Sources */ = {isa = PBXBuildFile; fileRef = AD980BEF1D4EDE0900C607B4 /* PaperListViewController.swift */; };
		ADAD353A1D70238C0082CC3C /* ResultContainerViewController.swift in Sources */ = {isa = PBXBuildFile; fileRef = ADAD35391D70238C0082CC3C /* ResultContainerViewController.swift */; };
		ADAD353C1D702BFF0082CC3C /* ResultCell.swift in Sources */ = {isa = PBXBuildFile; fileRef = ADAD353B1D702BFF0082CC3C /* ResultCell.swift */; };
		ADB1DBDE1D40B5C200C05A93 /* QuestionCell.swift in Sources */ = {isa = PBXBuildFile; fileRef = ADB1DBDD1D40B5C200C05A93 /* QuestionCell.swift */; };
		ADE35C9A1D3DB7E0001A5A13 /* Constant.swift in Sources */ = {isa = PBXBuildFile; fileRef = ADE35C991D3DB7E0001A5A13 /* Constant.swift */; };
		ADE7E1D91D41ACD0005F4DAB /* PreviewPaperViewController.swift in Sources */ = {isa = PBXBuildFile; fileRef = ADE7E1D71D41ACD0005F4DAB /* PreviewPaperViewController.swift */; };
		ADE7E1DA1D41ACD0005F4DAB /* PreviewRootViewController.swift in Sources */ = {isa = PBXBuildFile; fileRef = ADE7E1D81D41ACD0005F4DAB /* PreviewRootViewController.swift */; };
		ADF3BB7C1CAE624E00638D3B /* CALayer+extension.swift in Sources */ = {isa = PBXBuildFile; fileRef = ADF3BB7B1CAE624E00638D3B /* CALayer+extension.swift */; };
		ADF4D8881CC0DC0D00B806A8 /* Character+extension.swift in Sources */ = {isa = PBXBuildFile; fileRef = ADF4D8871CC0DC0D00B806A8 /* Character+extension.swift */; };
		ADF4F5961D77CD1900B3C8DF /* Student.swift in Sources */ = {isa = PBXBuildFile; fileRef = ADF4F5951D77CD1900B3C8DF /* Student.swift */; };
		ADF4F5981D77CD2000B3C8DF /* StudentListViewModel.swift in Sources */ = {isa = PBXBuildFile; fileRef = ADF4F5971D77CD2000B3C8DF /* StudentListViewModel.swift */; };
		ADF4F59B1D77CD2900B3C8DF /* StudentInformationViewController.swift in Sources */ = {isa = PBXBuildFile; fileRef = ADF4F5991D77CD2900B3C8DF /* StudentInformationViewController.swift */; };
		ADF4F59C1D77CD2900B3C8DF /* StudentListViewController.swift in Sources */ = {isa = PBXBuildFile; fileRef = ADF4F59A1D77CD2900B3C8DF /* StudentListViewController.swift */; };
		ADF4F5A01D78112500B3C8DF /* Array+extension.swift in Sources */ = {isa = PBXBuildFile; fileRef = ADF4F59F1D78112500B3C8DF /* Array+extension.swift */; };
		ADF74DFB1D3F08BD001C8DEC /* PaperInformationViewModel.swift in Sources */ = {isa = PBXBuildFile; fileRef = ADF74DF81D3F08BD001C8DEC /* PaperInformationViewModel.swift */; };
		ADF74DFC1D3F08BD001C8DEC /* PaperViewModel.swift in Sources */ = {isa = PBXBuildFile; fileRef = ADF74DF91D3F08BD001C8DEC /* PaperViewModel.swift */; };
		ADF74DFD1D3F08BD001C8DEC /* QuestionListViewModel.swift in Sources */ = {isa = PBXBuildFile; fileRef = ADF74DFA1D3F08BD001C8DEC /* QuestionListViewModel.swift */; };
		ADF74E021D3F08D0001C8DEC /* PaperInformationViewController.swift in Sources */ = {isa = PBXBuildFile; fileRef = ADF74DFE1D3F08D0001C8DEC /* PaperInformationViewController.swift */; };
		ADF74E041D3F08D0001C8DEC /* QuestionListViewController.swift in Sources */ = {isa = PBXBuildFile; fileRef = ADF74E001D3F08D0001C8DEC /* QuestionListViewController.swift */; };
		ADF74E071D3F08E2001C8DEC /* IssuingPaperViewController.swift in Sources */ = {isa = PBXBuildFile; fileRef = ADF74E061D3F08E2001C8DEC /* IssuingPaperViewController.swift */; };
		ADF74E0C1D3F0909001C8DEC /* ResultChartViewController.swift in Sources */ = {isa = PBXBuildFile; fileRef = ADF74E081D3F0909001C8DEC /* ResultChartViewController.swift */; };
		ADF74E0D1D3F0909001C8DEC /* ExamResultViewController.swift in Sources */ = {isa = PBXBuildFile; fileRef = ADF74E091D3F0909001C8DEC /* ExamResultViewController.swift */; };
		ADFE31C81D5571860016FFD4 /* Result.swift in Sources */ = {isa = PBXBuildFile; fileRef = ADFE31C71D5571860016FFD4 /* Result.swift */; };
/* End PBXBuildFile section */

/* Begin PBXCopyFilesBuildPhase section */
		07DDC7EC1CEE833F00E5155C /* Embed Frameworks */ = {
			isa = PBXCopyFilesBuildPhase;
			buildActionMask = 2147483647;
			dstPath = "";
			dstSubfolderSpec = 10;
			files = (
				AD75209D1D58206A000C5D7A /* RealmSwift.framework in Embed Frameworks */,
				AD75209B1D582066000C5D7A /* Realm.framework in Embed Frameworks */,
			);
			name = "Embed Frameworks";
			runOnlyForDeploymentPostprocessing = 0;
		};
/* End PBXCopyFilesBuildPhase section */

/* Begin PBXFileReference section */
		0700D1B61CE4AD3000EB9A81 /* ResourceListViewController.swift */ = {isa = PBXFileReference; fileEncoding = 4; lastKnownFileType = sourcecode.swift; path = ResourceListViewController.swift; sourceTree = "<group>"; };
		0700D1B91CE4B5B000EB9A81 /* ResourceListViewModel.swift */ = {isa = PBXFileReference; fileEncoding = 4; lastKnownFileType = sourcecode.swift; path = ResourceListViewModel.swift; sourceTree = "<group>"; };
		072EA4B21D65C6FC0001EFFB /* ChoiceGroup.swift */ = {isa = PBXFileReference; fileEncoding = 4; lastKnownFileType = sourcecode.swift; name = ChoiceGroup.swift; path = "SmartClass/Paper/Create Paper/View/QuestionView/ChoiceGroup.swift"; sourceTree = SOURCE_ROOT; };
		077D61EB1CCA4917007C5ED7 /* ConvenientFileManager.swift */ = {isa = PBXFileReference; fileEncoding = 4; lastKnownFileType = sourcecode.swift; name = ConvenientFileManager.swift; path = Util/ConvenientFileManager.swift; sourceTree = "<group>"; };
		0792C5F01CD954E7006DF60D /* SignUpSheetViewController.swift */ = {isa = PBXFileReference; fileEncoding = 4; lastKnownFileType = sourcecode.swift; name = SignUpSheetViewController.swift; path = SignUpSheet/View/SignUpSheetViewController.swift; sourceTree = "<group>"; };
		0797AE481D61EFA000D51B41 /* TopicView.xib */ = {isa = PBXFileReference; fileEncoding = 4; lastKnownFileType = file.xib; name = TopicView.xib; path = "SmartClass/Paper/Create Paper/View/QuestionView/TopicView.xib"; sourceTree = SOURCE_ROOT; };
		0797AE4A1D61F18800D51B41 /* TopicView.swift */ = {isa = PBXFileReference; fileEncoding = 4; lastKnownFileType = sourcecode.swift; name = TopicView.swift; path = "SmartClass/Paper/Create Paper/View/QuestionView/TopicView.swift"; sourceTree = SOURCE_ROOT; };
		0797AE4C1D61F47D00D51B41 /* ChoiceView.swift */ = {isa = PBXFileReference; fileEncoding = 4; lastKnownFileType = sourcecode.swift; name = ChoiceView.swift; path = "SmartClass/Paper/Create Paper/View/QuestionView/ChoiceView.swift"; sourceTree = SOURCE_ROOT; };
		0797AE4E1D61F49100D51B41 /* ChoiceView.xib */ = {isa = PBXFileReference; fileEncoding = 4; lastKnownFileType = file.xib; name = ChoiceView.xib; path = "SmartClass/Paper/Create Paper/View/QuestionView/ChoiceView.xib"; sourceTree = SOURCE_ROOT; };
		0797AE501D61FACE00D51B41 /* ScoreView.xib */ = {isa = PBXFileReference; fileEncoding = 4; lastKnownFileType = file.xib; name = ScoreView.xib; path = "SmartClass/Paper/Create Paper/View/QuestionView/ScoreView.xib"; sourceTree = SOURCE_ROOT; };
		0797AE521D61FADB00D51B41 /* ScoreView.swift */ = {isa = PBXFileReference; fileEncoding = 4; lastKnownFileType = sourcecode.swift; name = ScoreView.swift; path = "SmartClass/Paper/Create Paper/View/QuestionView/ScoreView.swift"; sourceTree = SOURCE_ROOT; };
		0797AE541D6201F100D51B41 /* PaperViewController.swift */ = {isa = PBXFileReference; fileEncoding = 4; lastKnownFileType = sourcecode.swift; name = PaperViewController.swift; path = "SmartClass/Paper/Create Paper/View/PaperViewController.swift"; sourceTree = SOURCE_ROOT; };
		07A7E0FF1D61B33100A2355A /* Reveal.framework */ = {isa = PBXFileReference; lastKnownFileType = wrapper.framework; path = Reveal.framework; sourceTree = "<group>"; };
		07C2BD491CE1FF4A003E6454 /* SignUpSheetListViewController.swift */ = {isa = PBXFileReference; fileEncoding = 4; lastKnownFileType = sourcecode.swift; name = SignUpSheetListViewController.swift; path = SignUpSheet/View/SignUpSheetListViewController.swift; sourceTree = "<group>"; };
		07C2BD4B1CE202DF003E6454 /* SignUpSheetListViewModel.swift */ = {isa = PBXFileReference; fileEncoding = 4; lastKnownFileType = sourcecode.swift; name = SignUpSheetListViewModel.swift; path = SignUpSheet/ViewModel/SignUpSheetListViewModel.swift; sourceTree = "<group>"; };
		07DEA8061CEC799B00C7504E /* NewSignUpSheetViewController.swift */ = {isa = PBXFileReference; fileEncoding = 4; lastKnownFileType = sourcecode.swift; name = NewSignUpSheetViewController.swift; path = SignUpSheet/View/NewSignUpSheetViewController.swift; sourceTree = "<group>"; };
		337D1242388DBB22ECD9F1E7 /* Pods_SmartClass.framework */ = {isa = PBXFileReference; explicitFileType = wrapper.framework; includeInIndex = 0; path = Pods_SmartClass.framework; sourceTree = BUILT_PRODUCTS_DIR; };
		49F7789D6E630B7A0BD5F91D /* Pods-SmartClass.release.xcconfig */ = {isa = PBXFileReference; includeInIndex = 1; lastKnownFileType = text.xcconfig; name = "Pods-SmartClass.release.xcconfig"; path = "Pods/Target Support Files/Pods-SmartClass/Pods-SmartClass.release.xcconfig"; sourceTree = "<group>"; };
		9701591E8D25DBA22E5A0EF4 /* Pods-SmartClass.debug.xcconfig */ = {isa = PBXFileReference; includeInIndex = 1; lastKnownFileType = text.xcconfig; name = "Pods-SmartClass.debug.xcconfig"; path = "Pods/Target Support Files/Pods-SmartClass/Pods-SmartClass.debug.xcconfig"; sourceTree = "<group>"; };
		AD0A64A71D49FCA900707C5E /* QRCodeViewController.swift */ = {isa = PBXFileReference; fileEncoding = 4; lastKnownFileType = sourcecode.swift; path = QRCodeViewController.swift; sourceTree = "<group>"; };
		AD0A64AB1D4A0C3E00707C5E /* PPT.swift */ = {isa = PBXFileReference; fileEncoding = 4; lastKnownFileType = sourcecode.swift; path = PPT.swift; sourceTree = "<group>"; };
		AD0A64AD1D4A0E7100707C5E /* CanvasPopoverViewController.swift */ = {isa = PBXFileReference; fileEncoding = 4; lastKnownFileType = sourcecode.swift; path = CanvasPopoverViewController.swift; sourceTree = "<group>"; };
		AD0A64AE1D4A0E7100707C5E /* CanvasView.swift */ = {isa = PBXFileReference; fileEncoding = 4; lastKnownFileType = sourcecode.swift; path = CanvasView.swift; sourceTree = "<group>"; };
		AD0A64AF1D4A0E7100707C5E /* PPTView.swift */ = {isa = PBXFileReference; fileEncoding = 4; lastKnownFileType = sourcecode.swift; path = PPTView.swift; sourceTree = "<group>"; };
		AD0A64B01D4A0E7100707C5E /* PPTViewController.swift */ = {isa = PBXFileReference; fileEncoding = 4; lastKnownFileType = sourcecode.swift; path = PPTViewController.swift; sourceTree = "<group>"; };
		AD0A64B51D4A0E8D00707C5E /* Resource.swift */ = {isa = PBXFileReference; fileEncoding = 4; lastKnownFileType = sourcecode.swift; path = Resource.swift; sourceTree = "<group>"; };
		AD0B21DB1C8E7FE60080BF50 /* RAC.swift */ = {isa = PBXFileReference; fileEncoding = 4; lastKnownFileType = sourcecode.swift; name = RAC.swift; path = Util/RAC.swift; sourceTree = "<group>"; };
		AD0B21DC1C8E7FE60080BF50 /* RACObserve.swift */ = {isa = PBXFileReference; fileEncoding = 4; lastKnownFileType = sourcecode.swift; name = RACObserve.swift; path = Util/RACObserve.swift; sourceTree = "<group>"; };
		AD0B21DD1C8E7FE60080BF50 /* RACSignal+Extensions.swift */ = {isa = PBXFileReference; fileEncoding = 4; lastKnownFileType = sourcecode.swift; name = "RACSignal+Extensions.swift"; path = "Util/RACSignal+Extensions.swift"; sourceTree = "<group>"; };
		AD0C755E1D6FD31000D220F0 /* ChoiceCell.swift */ = {isa = PBXFileReference; fileEncoding = 4; lastKnownFileType = sourcecode.swift; name = ChoiceCell.swift; path = "SmartClass/Paper/Preview Paper/View/ChoiceCell.swift"; sourceTree = SOURCE_ROOT; };
		AD0C755F1D6FD31000D220F0 /* ChoiceCell.xib */ = {isa = PBXFileReference; fileEncoding = 4; lastKnownFileType = file.xib; name = ChoiceCell.xib; path = "SmartClass/Paper/Preview Paper/View/ChoiceCell.xib"; sourceTree = SOURCE_ROOT; };
		AD0C75601D6FD31000D220F0 /* TopicCell.swift */ = {isa = PBXFileReference; fileEncoding = 4; lastKnownFileType = sourcecode.swift; name = TopicCell.swift; path = "SmartClass/Paper/Preview Paper/View/TopicCell.swift"; sourceTree = SOURCE_ROOT; };
		AD0C75611D6FD31000D220F0 /* TopicCell.xib */ = {isa = PBXFileReference; fileEncoding = 4; lastKnownFileType = file.xib; name = TopicCell.xib; path = "SmartClass/Paper/Preview Paper/View/TopicCell.xib"; sourceTree = SOURCE_ROOT; };
		AD10CDE81D45A35E0055B87E /* HomePageViewController.swift */ = {isa = PBXFileReference; fileEncoding = 4; lastKnownFileType = sourcecode.swift; path = HomePageViewController.swift; sourceTree = "<group>"; };
		AD10CDEC1D45A7B50055B87E /* CardView.xib */ = {isa = PBXFileReference; fileEncoding = 4; lastKnownFileType = file.xib; path = CardView.xib; sourceTree = "<group>"; };
		AD10CDEE1D45A7CB0055B87E /* CardView.swift */ = {isa = PBXFileReference; fileEncoding = 4; lastKnownFileType = sourcecode.swift; path = CardView.swift; sourceTree = "<group>"; };
		AD1DF6521CC471A8001B67E1 /* String+extension.swift */ = {isa = PBXFileReference; fileEncoding = 4; lastKnownFileType = sourcecode.swift; name = "String+extension.swift"; path = "Util/Extension/String+extension.swift"; sourceTree = "<group>"; };
		AD23FF591D7A6A0C00C6A671 /* StudentCell.swift */ = {isa = PBXFileReference; fileEncoding = 4; lastKnownFileType = sourcecode.swift; path = StudentCell.swift; sourceTree = "<group>"; };
		AD2F3C411D791C7E00083261 /* SignUpSheetCell.swift */ = {isa = PBXFileReference; fileEncoding = 4; lastKnownFileType = sourcecode.swift; name = SignUpSheetCell.swift; path = SignUpSheet/View/SignUpSheetCell.swift; sourceTree = "<group>"; };
		AD2F3C431D791CA200083261 /* SignUpSheetCell.xib */ = {isa = PBXFileReference; fileEncoding = 4; lastKnownFileType = file.xib; name = SignUpSheetCell.xib; path = SignUpSheet/View/SignUpSheetCell.xib; sourceTree = "<group>"; };
		AD3838C91D4AF73E0048D6F3 /* NSDate+extension.swift */ = {isa = PBXFileReference; fileEncoding = 4; lastKnownFileType = sourcecode.swift; name = "NSDate+extension.swift"; path = "Util/Extension/NSDate+extension.swift"; sourceTree = "<group>"; };
		AD4263BC1CB0B94F00BEDEF4 /* Reveal.framework */ = {isa = PBXFileReference; lastKnownFileType = wrapper.framework; path = Reveal.framework; sourceTree = "<group>"; };
		AD46B0061C868423008CB3F7 /* Color.swift */ = {isa = PBXFileReference; fileEncoding = 4; lastKnownFileType = sourcecode.swift; name = Color.swift; path = Util/Color.swift; sourceTree = "<group>"; };
		AD4AF5141CB3AE5D006129C2 /* ReactiveViewModel.h */ = {isa = PBXFileReference; fileEncoding = 4; lastKnownFileType = sourcecode.c.h; name = ReactiveViewModel.h; path = Util/ReactiveViewModel/ReactiveViewModel.h; sourceTree = "<group>"; };
		AD4AF5151CB3AE5D006129C2 /* RVMViewModel.h */ = {isa = PBXFileReference; fileEncoding = 4; lastKnownFileType = sourcecode.c.h; name = RVMViewModel.h; path = Util/ReactiveViewModel/RVMViewModel.h; sourceTree = "<group>"; };
		AD4AF5161CB3AE5D006129C2 /* RVMViewModel.m */ = {isa = PBXFileReference; fileEncoding = 4; lastKnownFileType = sourcecode.c.objc; name = RVMViewModel.m; path = Util/ReactiveViewModel/RVMViewModel.m; sourceTree = "<group>"; };
		AD6308631CB0FFEE000DEC59 /* UIColor+extension.swift */ = {isa = PBXFileReference; fileEncoding = 4; lastKnownFileType = sourcecode.swift; name = "UIColor+extension.swift"; path = "Util/Extension/UIColor+extension.swift"; sourceTree = "<group>"; };
		AD6308671CB10028000DEC59 /* UIImage+extension.swift */ = {isa = PBXFileReference; fileEncoding = 4; lastKnownFileType = sourcecode.swift; name = "UIImage+extension.swift"; path = "Util/Extension/UIImage+extension.swift"; sourceTree = "<group>"; };
		AD86A8C61C82DBCC009CEE87 /* SmartClass.app */ = {isa = PBXFileReference; explicitFileType = wrapper.application; includeInIndex = 0; path = SmartClass.app; sourceTree = BUILT_PRODUCTS_DIR; };
		AD86A8C91C82DBCC009CEE87 /* AppDelegate.swift */ = {isa = PBXFileReference; lastKnownFileType = sourcecode.swift; path = AppDelegate.swift; sourceTree = "<group>"; };
		AD86A8CE1C82DBCC009CEE87 /* Base */ = {isa = PBXFileReference; lastKnownFileType = file.storyboard; name = Base; path = Base.lproj/Main.storyboard; sourceTree = "<group>"; };
		AD86A8D01C82DBCC009CEE87 /* Assets.xcassets */ = {isa = PBXFileReference; lastKnownFileType = folder.assetcatalog; path = Assets.xcassets; sourceTree = "<group>"; };
		AD86A8D31C82DBCC009CEE87 /* Base */ = {isa = PBXFileReference; lastKnownFileType = file.storyboard; name = Base; path = Base.lproj/LaunchScreen.storyboard; sourceTree = "<group>"; };
		AD86A8D51C82DBCC009CEE87 /* Info.plist */ = {isa = PBXFileReference; lastKnownFileType = text.plist.xml; path = Info.plist; sourceTree = "<group>"; };
		AD876A7A1C93C053000E9978 /* UIPlaceHolderTextView.h */ = {isa = PBXFileReference; fileEncoding = 4; lastKnownFileType = sourcecode.c.h; name = UIPlaceHolderTextView.h; path = Util/UIPlaceHolderTextView/UIPlaceHolderTextView.h; sourceTree = "<group>"; };
		AD876A7B1C93C053000E9978 /* UIPlaceHolderTextView.m */ = {isa = PBXFileReference; fileEncoding = 4; lastKnownFileType = sourcecode.c.objc; name = UIPlaceHolderTextView.m; path = Util/UIPlaceHolderTextView/UIPlaceHolderTextView.m; sourceTree = "<group>"; };
		AD884BB71C83F1A7005A37AE /* SmartClass-Bridging-Header.h */ = {isa = PBXFileReference; lastKnownFileType = sourcecode.c.h; path = "SmartClass-Bridging-Header.h"; sourceTree = "<group>"; };
		AD884BBB1C83F2AF005A37AE /* Foundation.framework */ = {isa = PBXFileReference; lastKnownFileType = wrapper.framework; name = Foundation.framework; path = System/Library/Frameworks/Foundation.framework; sourceTree = SDKROOT; };
		AD884BBD1C83F2C3005A37AE /* CoreLocation.framework */ = {isa = PBXFileReference; lastKnownFileType = wrapper.framework; name = CoreLocation.framework; path = System/Library/Frameworks/CoreLocation.framework; sourceTree = SDKROOT; };
		AD884BBF1C83F2CA005A37AE /* Security.framework */ = {isa = PBXFileReference; lastKnownFileType = wrapper.framework; name = Security.framework; path = System/Library/Frameworks/Security.framework; sourceTree = SDKROOT; };
		AD884BC11C83F2D2005A37AE /* CoreGraphics.framework */ = {isa = PBXFileReference; lastKnownFileType = wrapper.framework; name = CoreGraphics.framework; path = System/Library/Frameworks/CoreGraphics.framework; sourceTree = SDKROOT; };
		AD884BC31C83F2DE005A37AE /* MobileCoreServices.framework */ = {isa = PBXFileReference; lastKnownFileType = wrapper.framework; name = MobileCoreServices.framework; path = System/Library/Frameworks/MobileCoreServices.framework; sourceTree = SDKROOT; };
		AD884BC51C83F2E7005A37AE /* CFNetwork.framework */ = {isa = PBXFileReference; lastKnownFileType = wrapper.framework; name = CFNetwork.framework; path = System/Library/Frameworks/CFNetwork.framework; sourceTree = SDKROOT; };
		AD884BC71C83F2F1005A37AE /* CoreTelephony.framework */ = {isa = PBXFileReference; lastKnownFileType = wrapper.framework; name = CoreTelephony.framework; path = System/Library/Frameworks/CoreTelephony.framework; sourceTree = SDKROOT; };
		AD884BC91C83F2FB005A37AE /* SystemConfiguration.framework */ = {isa = PBXFileReference; lastKnownFileType = wrapper.framework; name = SystemConfiguration.framework; path = System/Library/Frameworks/SystemConfiguration.framework; sourceTree = SDKROOT; };
		AD884BCB1C83F304005A37AE /* AVFoundation.framework */ = {isa = PBXFileReference; lastKnownFileType = wrapper.framework; name = AVFoundation.framework; path = System/Library/Frameworks/AVFoundation.framework; sourceTree = SDKROOT; };
		AD884BCD1C83F310005A37AE /* MediaPlayer.framework */ = {isa = PBXFileReference; lastKnownFileType = wrapper.framework; name = MediaPlayer.framework; path = System/Library/Frameworks/MediaPlayer.framework; sourceTree = SDKROOT; };
		AD884BCF1C83F31A005A37AE /* libz.1.2.5.tbd */ = {isa = PBXFileReference; lastKnownFileType = "sourcecode.text-based-dylib-definition"; name = libz.1.2.5.tbd; path = usr/lib/libz.1.2.5.tbd; sourceTree = SDKROOT; };
		AD884BD11C83F340005A37AE /* libsqlite3.tbd */ = {isa = PBXFileReference; lastKnownFileType = "sourcecode.text-based-dylib-definition"; name = libsqlite3.tbd; path = usr/lib/libsqlite3.tbd; sourceTree = SDKROOT; };
		AD884BD31C83F357005A37AE /* libicucore.tbd */ = {isa = PBXFileReference; lastKnownFileType = "sourcecode.text-based-dylib-definition"; name = libicucore.tbd; path = usr/lib/libicucore.tbd; sourceTree = SDKROOT; };
		AD8C9D851D52CD58003722F8 /* Paper.swift */ = {isa = PBXFileReference; fileEncoding = 4; lastKnownFileType = sourcecode.swift; name = Paper.swift; path = "SmartClass/Paper/Create Paper/Model/Paper.swift"; sourceTree = SOURCE_ROOT; };
		AD8C9D871D52CD78003722F8 /* Question.swift */ = {isa = PBXFileReference; fileEncoding = 4; lastKnownFileType = sourcecode.swift; name = Question.swift; path = "SmartClass/Paper/Create Paper/Model/Question.swift"; sourceTree = SOURCE_ROOT; };
		AD90D1501D52CBF4008AEF1A /* Realm.framework */ = {isa = PBXFileReference; lastKnownFileType = wrapper.framework; path = Realm.framework; sourceTree = "<group>"; };
		AD90D1511D52CBF4008AEF1A /* RealmSwift.framework */ = {isa = PBXFileReference; lastKnownFileType = wrapper.framework; path = RealmSwift.framework; sourceTree = "<group>"; };
		AD9737891C92AF060066873E /* SegueHandlerType.swift */ = {isa = PBXFileReference; fileEncoding = 4; lastKnownFileType = sourcecode.swift; name = SegueHandlerType.swift; path = Util/SegueHandlerType.swift; sourceTree = "<group>"; };
		AD980BED1D4EDE0100C607B4 /* PaperListViewModel.swift */ = {isa = PBXFileReference; fileEncoding = 4; lastKnownFileType = sourcecode.swift; name = PaperListViewModel.swift; path = "SmartClass/Paper/Paper List/ViewModel/PaperListViewModel.swift"; sourceTree = SOURCE_ROOT; };
		AD980BEF1D4EDE0900C607B4 /* PaperListViewController.swift */ = {isa = PBXFileReference; fileEncoding = 4; lastKnownFileType = sourcecode.swift; name = PaperListViewController.swift; path = "SmartClass/Paper/Paper List/View/PaperListViewController.swift"; sourceTree = SOURCE_ROOT; };
		ADAD35391D70238C0082CC3C /* ResultContainerViewController.swift */ = {isa = PBXFileReference; fileEncoding = 4; lastKnownFileType = sourcecode.swift; name = ResultContainerViewController.swift; path = "SmartClass/Paper/Paper Result/View/ResultContainerViewController.swift"; sourceTree = SOURCE_ROOT; };
		ADAD353B1D702BFF0082CC3C /* ResultCell.swift */ = {isa = PBXFileReference; fileEncoding = 4; lastKnownFileType = sourcecode.swift; name = ResultCell.swift; path = "SmartClass/Paper/Paper Result/View/ResultCell.swift"; sourceTree = SOURCE_ROOT; };
		ADB1DBDD1D40B5C200C05A93 /* QuestionCell.swift */ = {isa = PBXFileReference; fileEncoding = 4; lastKnownFileType = sourcecode.swift; name = QuestionCell.swift; path = "SmartClass/Paper/Create Paper/View/QuestionCell.swift"; sourceTree = SOURCE_ROOT; };
		ADE35C991D3DB7E0001A5A13 /* Constant.swift */ = {isa = PBXFileReference; fileEncoding = 4; lastKnownFileType = sourcecode.swift; name = Constant.swift; path = Util/Constant.swift; sourceTree = "<group>"; };
		ADE7E1D71D41ACD0005F4DAB /* PreviewPaperViewController.swift */ = {isa = PBXFileReference; fileEncoding = 4; lastKnownFileType = sourcecode.swift; name = PreviewPaperViewController.swift; path = "SmartClass/Paper/Preview Paper/View/PreviewPaperViewController.swift"; sourceTree = SOURCE_ROOT; };
		ADE7E1D81D41ACD0005F4DAB /* PreviewRootViewController.swift */ = {isa = PBXFileReference; fileEncoding = 4; lastKnownFileType = sourcecode.swift; name = PreviewRootViewController.swift; path = "SmartClass/Paper/Preview Paper/View/PreviewRootViewController.swift"; sourceTree = SOURCE_ROOT; };
		ADF3BB7B1CAE624E00638D3B /* CALayer+extension.swift */ = {isa = PBXFileReference; fileEncoding = 4; lastKnownFileType = sourcecode.swift; name = "CALayer+extension.swift"; path = "Util/Extension/CALayer+extension.swift"; sourceTree = "<group>"; };
		ADF4D8871CC0DC0D00B806A8 /* Character+extension.swift */ = {isa = PBXFileReference; fileEncoding = 4; lastKnownFileType = sourcecode.swift; name = "Character+extension.swift"; path = "Util/Extension/Character+extension.swift"; sourceTree = "<group>"; };
		ADF4F5951D77CD1900B3C8DF /* Student.swift */ = {isa = PBXFileReference; fileEncoding = 4; lastKnownFileType = sourcecode.swift; path = Student.swift; sourceTree = "<group>"; };
		ADF4F5971D77CD2000B3C8DF /* StudentListViewModel.swift */ = {isa = PBXFileReference; fileEncoding = 4; lastKnownFileType = sourcecode.swift; path = StudentListViewModel.swift; sourceTree = "<group>"; };
		ADF4F5991D77CD2900B3C8DF /* StudentInformationViewController.swift */ = {isa = PBXFileReference; fileEncoding = 4; lastKnownFileType = sourcecode.swift; path = StudentInformationViewController.swift; sourceTree = "<group>"; };
		ADF4F59A1D77CD2900B3C8DF /* StudentListViewController.swift */ = {isa = PBXFileReference; fileEncoding = 4; lastKnownFileType = sourcecode.swift; path = StudentListViewController.swift; sourceTree = "<group>"; };
		ADF4F59F1D78112500B3C8DF /* Array+extension.swift */ = {isa = PBXFileReference; fileEncoding = 4; lastKnownFileType = sourcecode.swift; name = "Array+extension.swift"; path = "Util/Extension/Array+extension.swift"; sourceTree = "<group>"; };
		ADF74DF81D3F08BD001C8DEC /* PaperInformationViewModel.swift */ = {isa = PBXFileReference; fileEncoding = 4; lastKnownFileType = sourcecode.swift; name = PaperInformationViewModel.swift; path = "SmartClass/Paper/Create Paper/ViewModel/PaperInformationViewModel.swift"; sourceTree = SOURCE_ROOT; };
		ADF74DF91D3F08BD001C8DEC /* PaperViewModel.swift */ = {isa = PBXFileReference; fileEncoding = 4; lastKnownFileType = sourcecode.swift; name = PaperViewModel.swift; path = "SmartClass/Paper/Create Paper/ViewModel/PaperViewModel.swift"; sourceTree = SOURCE_ROOT; };
		ADF74DFA1D3F08BD001C8DEC /* QuestionListViewModel.swift */ = {isa = PBXFileReference; fileEncoding = 4; lastKnownFileType = sourcecode.swift; name = QuestionListViewModel.swift; path = "SmartClass/Paper/Create Paper/ViewModel/QuestionListViewModel.swift"; sourceTree = SOURCE_ROOT; };
		ADF74DFE1D3F08D0001C8DEC /* PaperInformationViewController.swift */ = {isa = PBXFileReference; fileEncoding = 4; lastKnownFileType = sourcecode.swift; name = PaperInformationViewController.swift; path = "SmartClass/Paper/Create Paper/View/PaperInformationViewController.swift"; sourceTree = SOURCE_ROOT; };
		ADF74E001D3F08D0001C8DEC /* QuestionListViewController.swift */ = {isa = PBXFileReference; fileEncoding = 4; lastKnownFileType = sourcecode.swift; name = QuestionListViewController.swift; path = "SmartClass/Paper/Create Paper/View/QuestionListViewController.swift"; sourceTree = SOURCE_ROOT; };
		ADF74E061D3F08E2001C8DEC /* IssuingPaperViewController.swift */ = {isa = PBXFileReference; fileEncoding = 4; lastKnownFileType = sourcecode.swift; name = IssuingPaperViewController.swift; path = "SmartClass/Paper/Issuing Paper/View/IssuingPaperViewController.swift"; sourceTree = SOURCE_ROOT; };
		ADF74E081D3F0909001C8DEC /* ResultChartViewController.swift */ = {isa = PBXFileReference; fileEncoding = 4; lastKnownFileType = sourcecode.swift; name = ResultChartViewController.swift; path = "SmartClass/Paper/Paper Result/View/ResultChartViewController.swift"; sourceTree = SOURCE_ROOT; };
		ADF74E091D3F0909001C8DEC /* ExamResultViewController.swift */ = {isa = PBXFileReference; fileEncoding = 4; lastKnownFileType = sourcecode.swift; name = ExamResultViewController.swift; path = "SmartClass/Paper/Paper Result/View/ExamResultViewController.swift"; sourceTree = SOURCE_ROOT; };
		ADFE31C71D5571860016FFD4 /* Result.swift */ = {isa = PBXFileReference; fileEncoding = 4; lastKnownFileType = sourcecode.swift; name = Result.swift; path = "SmartClass/Paper/Create Paper/Model/Result.swift"; sourceTree = SOURCE_ROOT; };
/* End PBXFileReference section */

/* Begin PBXFrameworksBuildPhase section */
		AD86A8C31C82DBCC009CEE87 /* Frameworks */ = {
			isa = PBXFrameworksBuildPhase;
			buildActionMask = 2147483647;
			files = (
				07A7E1001D61B33100A2355A /* Reveal.framework in Frameworks */,
				AD884BD41C83F357005A37AE /* libicucore.tbd in Frameworks */,
				AD884BD21C83F340005A37AE /* libsqlite3.tbd in Frameworks */,
				AD884BD01C83F31A005A37AE /* libz.1.2.5.tbd in Frameworks */,
				AD884BCE1C83F310005A37AE /* MediaPlayer.framework in Frameworks */,
				AD884BCC1C83F304005A37AE /* AVFoundation.framework in Frameworks */,
				AD884BCA1C83F2FB005A37AE /* SystemConfiguration.framework in Frameworks */,
				AD884BC81C83F2F1005A37AE /* CoreTelephony.framework in Frameworks */,
				AD884BC61C83F2E7005A37AE /* CFNetwork.framework in Frameworks */,
				AD884BC41C83F2DE005A37AE /* MobileCoreServices.framework in Frameworks */,
				AD75209A1D582066000C5D7A /* Realm.framework in Frameworks */,
				AD884BC21C83F2D2005A37AE /* CoreGraphics.framework in Frameworks */,
				AD884BC01C83F2CA005A37AE /* Security.framework in Frameworks */,
				AD884BBE1C83F2C3005A37AE /* CoreLocation.framework in Frameworks */,
				AD884BBC1C83F2AF005A37AE /* Foundation.framework in Frameworks */,
				AD75209C1D58206A000C5D7A /* RealmSwift.framework in Frameworks */,
				261BAB7FCB1D014C99987C7F /* Pods_SmartClass.framework in Frameworks */,
			);
			runOnlyForDeploymentPostprocessing = 0;
		};
/* End PBXFrameworksBuildPhase section */

/* Begin PBXGroup section */
		0700D1B81CE4B58300EB9A81 /* ViewModel */ = {
			isa = PBXGroup;
			children = (
				0700D1B91CE4B5B000EB9A81 /* ResourceListViewModel.swift */,
			);
			path = ViewModel;
			sourceTree = "<group>";
		};
		07E306F01CCF5D88002424A0 /* ViewModel */ = {
			isa = PBXGroup;
			children = (
				07C2BD4B1CE202DF003E6454 /* SignUpSheetListViewModel.swift */,
			);
			name = ViewModel;
			sourceTree = "<group>";
		};
		5B800375E992113887F3BF95 /* Frameworks */ = {
			isa = PBXGroup;
			children = (
				07A7E0FF1D61B33100A2355A /* Reveal.framework */,
				AD884BD31C83F357005A37AE /* libicucore.tbd */,
				AD884BD11C83F340005A37AE /* libsqlite3.tbd */,
				AD884BCF1C83F31A005A37AE /* libz.1.2.5.tbd */,
				AD4263BC1CB0B94F00BEDEF4 /* Reveal.framework */,
				AD90D1501D52CBF4008AEF1A /* Realm.framework */,
				AD90D1511D52CBF4008AEF1A /* RealmSwift.framework */,
				AD884BCD1C83F310005A37AE /* MediaPlayer.framework */,
				AD884BCB1C83F304005A37AE /* AVFoundation.framework */,
				AD884BC91C83F2FB005A37AE /* SystemConfiguration.framework */,
				AD884BC71C83F2F1005A37AE /* CoreTelephony.framework */,
				AD884BC51C83F2E7005A37AE /* CFNetwork.framework */,
				AD884BC31C83F2DE005A37AE /* MobileCoreServices.framework */,
				AD884BC11C83F2D2005A37AE /* CoreGraphics.framework */,
				AD884BBF1C83F2CA005A37AE /* Security.framework */,
				AD884BBD1C83F2C3005A37AE /* CoreLocation.framework */,
				AD884BBB1C83F2AF005A37AE /* Foundation.framework */,
				337D1242388DBB22ECD9F1E7 /* Pods_SmartClass.framework */,
			);
			name = Frameworks;
			sourceTree = "<group>";
		};
		80CD75BE3476A3A4DBF62289 /* Pods */ = {
			isa = PBXGroup;
			children = (
				9701591E8D25DBA22E5A0EF4 /* Pods-SmartClass.debug.xcconfig */,
				49F7789D6E630B7A0BD5F91D /* Pods-SmartClass.release.xcconfig */,
			);
			name = Pods;
			sourceTree = "<group>";
		};
		AD0A64AA1D4A0C2300707C5E /* Model */ = {
			isa = PBXGroup;
			children = (
				AD0A64AB1D4A0C3E00707C5E /* PPT.swift */,
				AD0A64B51D4A0E8D00707C5E /* Resource.swift */,
			);
			path = Model;
			sourceTree = "<group>";
		};
		AD10CDE41D45A2D60055B87E /* Home Page */ = {
			isa = PBXGroup;
			children = (
				AD10CDE51D45A2E70055B87E /* View */,
			);
			path = "Home Page";
			sourceTree = "<group>";
		};
		AD10CDE51D45A2E70055B87E /* View */ = {
			isa = PBXGroup;
			children = (
				AD10CDEA1D45A7560055B87E /* CardView */,
				AD10CDE81D45A35E0055B87E /* HomePageViewController.swift */,
			);
			path = View;
			sourceTree = "<group>";
		};
		AD10CDEA1D45A7560055B87E /* CardView */ = {
			isa = PBXGroup;
			children = (
				AD10CDEC1D45A7B50055B87E /* CardView.xib */,
				AD10CDEE1D45A7CB0055B87E /* CardView.swift */,
			);
			path = CardView;
			sourceTree = "<group>";
		};
		AD158B821D54918200DB4CE8 /* QuestionView */ = {
			isa = PBXGroup;
			children = (
				0797AE481D61EFA000D51B41 /* TopicView.xib */,
				0797AE4A1D61F18800D51B41 /* TopicView.swift */,
				0797AE4E1D61F49100D51B41 /* ChoiceView.xib */,
				0797AE4C1D61F47D00D51B41 /* ChoiceView.swift */,
				072EA4B21D65C6FC0001EFFB /* ChoiceGroup.swift */,
				0797AE501D61FACE00D51B41 /* ScoreView.xib */,
				0797AE521D61FADB00D51B41 /* ScoreView.swift */,
			);
			path = QuestionView;
			sourceTree = "<group>";
		};
		AD1D18261C89867F009B9390 /* Paper */ = {
			isa = PBXGroup;
			children = (
				AD4CCDDF1CF57EB400831EC5 /* Paper List */,
				AD4CCDD51CF57DF000831EC5 /* Create Paper */,
				ADF74DE61D3F03B0001C8DEC /* Issuing Paper */,
				ADE7E1D51D41AC26005F4DAB /* Preview Paper */,
				AD4CCDD91CF57DFB00831EC5 /* Paper Result */,
			);
			name = Paper;
			path = Teacher/Paper;
			sourceTree = "<group>";
		};
		AD2F46051C83D9E600FA30AA /* others */ = {
			isa = PBXGroup;
			children = (
				AD884BB71C83F1A7005A37AE /* SmartClass-Bridging-Header.h */,
				AD86A8D01C82DBCC009CEE87 /* Assets.xcassets */,
				AD86A8D21C82DBCC009CEE87 /* LaunchScreen.storyboard */,
				AD86A8D51C82DBCC009CEE87 /* Info.plist */,
			);
			name = others;
			sourceTree = "<group>";
		};
		AD3B19AD1CC7265200B4E700 /* Resource */ = {
			isa = PBXGroup;
			children = (
				AD0A64AA1D4A0C2300707C5E /* Model */,
				0700D1B81CE4B58300EB9A81 /* ViewModel */,
				AD3B19B01CC726FA00B4E700 /* View */,
			);
			path = Resource;
			sourceTree = "<group>";
		};
		AD3B19AF1CC7269800B4E700 /* SignUpSheet */ = {
			isa = PBXGroup;
			children = (
				07E306F01CCF5D88002424A0 /* ViewModel */,
				ADA520941CC7794000C8822A /* View */,
			);
			name = SignUpSheet;
			sourceTree = "<group>";
		};
		AD3B19B01CC726FA00B4E700 /* View */ = {
			isa = PBXGroup;
			children = (
				0700D1B61CE4AD3000EB9A81 /* ResourceListViewController.swift */,
				ADB853041CE5593400619C86 /* PPT */,
			);
			path = View;
			sourceTree = "<group>";
		};
		AD46B0051C8683C8008CB3F7 /* Util */ = {
			isa = PBXGroup;
			children = (
				AD4AF5131CB3AE3F006129C2 /* ReactiveViewModel */,
				ADF3BB7D1CAE625B00638D3B /* Extension */,
				AD876A791C93C014000E9978 /* PlaceholderTextView */,
				AD97378B1C92AF100066873E /* RACextensions */,
				077D61EB1CCA4917007C5ED7 /* ConvenientFileManager.swift */,
				AD9737891C92AF060066873E /* SegueHandlerType.swift */,
				AD46B0061C868423008CB3F7 /* Color.swift */,
				ADE35C991D3DB7E0001A5A13 /* Constant.swift */,
			);
			name = Util;
			sourceTree = "<group>";
		};
		AD4AF5131CB3AE3F006129C2 /* ReactiveViewModel */ = {
			isa = PBXGroup;
			children = (
				AD4AF5141CB3AE5D006129C2 /* ReactiveViewModel.h */,
				AD4AF5151CB3AE5D006129C2 /* RVMViewModel.h */,
				AD4AF5161CB3AE5D006129C2 /* RVMViewModel.m */,
			);
			name = ReactiveViewModel;
			sourceTree = "<group>";
		};
		AD4CCDD51CF57DF000831EC5 /* Create Paper */ = {
			isa = PBXGroup;
			children = (
				AD4CCDDC1CF57E3800831EC5 /* Model */,
				AD4CCDDD1CF57E3D00831EC5 /* ViewModel */,
				AD4CCDDE1CF57E4400831EC5 /* View */,
			);
			name = "Create Paper";
			path = "SmartClass/Paper/Create Paper";
			sourceTree = "<group>";
		};
		AD4CCDD91CF57DFB00831EC5 /* Paper Result */ = {
			isa = PBXGroup;
			children = (
				AD4CCDDA1CF57E2300831EC5 /* View */,
			);
			name = "Paper Result";
			path = "SmartClass/Paper/Paper Result";
			sourceTree = "<group>";
		};
		AD4CCDDA1CF57E2300831EC5 /* View */ = {
			isa = PBXGroup;
			children = (
				ADAD35391D70238C0082CC3C /* ResultContainerViewController.swift */,
				ADAD353B1D702BFF0082CC3C /* ResultCell.swift */,
				ADF74E091D3F0909001C8DEC /* ExamResultViewController.swift */,
				ADF74E081D3F0909001C8DEC /* ResultChartViewController.swift */,
			);
			path = View;
			sourceTree = "<group>";
		};
		AD4CCDDC1CF57E3800831EC5 /* Model */ = {
			isa = PBXGroup;
			children = (
				AD8C9D851D52CD58003722F8 /* Paper.swift */,
				AD8C9D871D52CD78003722F8 /* Question.swift */,
				ADFE31C71D5571860016FFD4 /* Result.swift */,
			);
			path = Model;
			sourceTree = "<group>";
		};
		AD4CCDDD1CF57E3D00831EC5 /* ViewModel */ = {
			isa = PBXGroup;
			children = (
				ADF74DF81D3F08BD001C8DEC /* PaperInformationViewModel.swift */,
				ADF74DF91D3F08BD001C8DEC /* PaperViewModel.swift */,
				ADF74DFA1D3F08BD001C8DEC /* QuestionListViewModel.swift */,
			);
			path = ViewModel;
			sourceTree = "<group>";
		};
		AD4CCDDE1CF57E4400831EC5 /* View */ = {
			isa = PBXGroup;
			children = (
				AD158B821D54918200DB4CE8 /* QuestionView */,
				ADF74DFE1D3F08D0001C8DEC /* PaperInformationViewController.swift */,
				0797AE541D6201F100D51B41 /* PaperViewController.swift */,
				ADB1DBDD1D40B5C200C05A93 /* QuestionCell.swift */,
				ADF74E001D3F08D0001C8DEC /* QuestionListViewController.swift */,
			);
			path = View;
			sourceTree = "<group>";
		};
		AD4CCDDF1CF57EB400831EC5 /* Paper List */ = {
			isa = PBXGroup;
			children = (
				AD4CCDE11CF57EC600831EC5 /* ViewModel */,
				AD4CCDE01CF57EBE00831EC5 /* View */,
			);
			name = "Paper List";
			path = "SmartClass/Paper/Paper List";
			sourceTree = "<group>";
		};
		AD4CCDE01CF57EBE00831EC5 /* View */ = {
			isa = PBXGroup;
			children = (
				AD980BEF1D4EDE0900C607B4 /* PaperListViewController.swift */,
			);
			path = View;
			sourceTree = "<group>";
		};
		AD4CCDE11CF57EC600831EC5 /* ViewModel */ = {
			isa = PBXGroup;
			children = (
				AD980BED1D4EDE0100C607B4 /* PaperListViewModel.swift */,
			);
			path = ViewModel;
			sourceTree = "<group>";
		};
		AD86A8BD1C82DBCC009CEE87 = {
			isa = PBXGroup;
			children = (
				AD86A8C81C82DBCC009CEE87 /* SmartClass */,
				AD86A8C71C82DBCC009CEE87 /* Products */,
				5B800375E992113887F3BF95 /* Frameworks */,
				80CD75BE3476A3A4DBF62289 /* Pods */,
			);
			sourceTree = "<group>";
		};
		AD86A8C71C82DBCC009CEE87 /* Products */ = {
			isa = PBXGroup;
			children = (
				AD86A8C61C82DBCC009CEE87 /* SmartClass.app */,
			);
			name = Products;
			sourceTree = "<group>";
		};
		AD86A8C81C82DBCC009CEE87 /* SmartClass */ = {
			isa = PBXGroup;
			children = (
				AD86A8C91C82DBCC009CEE87 /* AppDelegate.swift */,
				AD86A8CD1C82DBCC009CEE87 /* Main.storyboard */,
				AD10CDE41D45A2D60055B87E /* Home Page */,
				AD1D18261C89867F009B9390 /* Paper */,
				AD3B19AD1CC7265200B4E700 /* Resource */,
				ADF4F5911D77CC0B00B3C8DF /* Student */,
				AD3B19AF1CC7269800B4E700 /* SignUpSheet */,
				AD99E2601D3CBD2B008162D7 /* QRCode */,
				AD46B0051C8683C8008CB3F7 /* Util */,
				AD2F46051C83D9E600FA30AA /* others */,
			);
			path = SmartClass;
			sourceTree = "<group>";
		};
		AD876A791C93C014000E9978 /* PlaceholderTextView */ = {
			isa = PBXGroup;
			children = (
				AD876A7A1C93C053000E9978 /* UIPlaceHolderTextView.h */,
				AD876A7B1C93C053000E9978 /* UIPlaceHolderTextView.m */,
			);
			name = PlaceholderTextView;
			sourceTree = "<group>";
		};
		AD97378B1C92AF100066873E /* RACextensions */ = {
			isa = PBXGroup;
			children = (
				AD0B21DB1C8E7FE60080BF50 /* RAC.swift */,
				AD0B21DC1C8E7FE60080BF50 /* RACObserve.swift */,
				AD0B21DD1C8E7FE60080BF50 /* RACSignal+Extensions.swift */,
			);
			name = RACextensions;
			sourceTree = "<group>";
		};
		AD99E2601D3CBD2B008162D7 /* QRCode */ = {
			isa = PBXGroup;
			children = (
				AD99E2611D3CC57D008162D7 /* View */,
			);
			path = QRCode;
			sourceTree = "<group>";
		};
		AD99E2611D3CC57D008162D7 /* View */ = {
			isa = PBXGroup;
			children = (
				AD0A64A71D49FCA900707C5E /* QRCodeViewController.swift */,
			);
			path = View;
			sourceTree = "<group>";
		};
		ADA520941CC7794000C8822A /* View */ = {
			isa = PBXGroup;
			children = (
				07C2BD491CE1FF4A003E6454 /* SignUpSheetListViewController.swift */,
				AD2F3C431D791CA200083261 /* SignUpSheetCell.xib */,
				AD2F3C411D791C7E00083261 /* SignUpSheetCell.swift */,
				07DEA8061CEC799B00C7504E /* NewSignUpSheetViewController.swift */,
				0792C5F01CD954E7006DF60D /* SignUpSheetViewController.swift */,
			);
			name = View;
			sourceTree = "<group>";
		};
		ADB853041CE5593400619C86 /* PPT */ = {
			isa = PBXGroup;
			children = (
				AD0A64AF1D4A0E7100707C5E /* PPTView.swift */,
				AD0A64B01D4A0E7100707C5E /* PPTViewController.swift */,
				AD0A64AE1D4A0E7100707C5E /* CanvasView.swift */,
				AD0A64AD1D4A0E7100707C5E /* CanvasPopoverViewController.swift */,
			);
			path = PPT;
			sourceTree = "<group>";
		};
		ADE7E1D51D41AC26005F4DAB /* Preview Paper */ = {
			isa = PBXGroup;
			children = (
				ADE7E1D61D41AC4F005F4DAB /* View */,
			);
			name = "Preview Paper";
			sourceTree = "<group>";
		};
		ADE7E1D61D41AC4F005F4DAB /* View */ = {
			isa = PBXGroup;
			children = (
				AD0C75611D6FD31000D220F0 /* TopicCell.xib */,
				AD0C75601D6FD31000D220F0 /* TopicCell.swift */,
				AD0C755F1D6FD31000D220F0 /* ChoiceCell.xib */,
				AD0C755E1D6FD31000D220F0 /* ChoiceCell.swift */,
				ADE7E1D81D41ACD0005F4DAB /* PreviewRootViewController.swift */,
				ADE7E1D71D41ACD0005F4DAB /* PreviewPaperViewController.swift */,
			);
			name = View;
			path = "SmartClass/Paper/Preview Paper/View";
			sourceTree = "<group>";
		};
		ADF3BB7D1CAE625B00638D3B /* Extension */ = {
			isa = PBXGroup;
			children = (
				ADF3BB7B1CAE624E00638D3B /* CALayer+extension.swift */,
				AD6308631CB0FFEE000DEC59 /* UIColor+extension.swift */,
				AD6308671CB10028000DEC59 /* UIImage+extension.swift */,
				ADF4D8871CC0DC0D00B806A8 /* Character+extension.swift */,
				AD1DF6521CC471A8001B67E1 /* String+extension.swift */,
				AD3838C91D4AF73E0048D6F3 /* NSDate+extension.swift */,
				ADF4F59F1D78112500B3C8DF /* Array+extension.swift */,
			);
			name = Extension;
			sourceTree = "<group>";
		};
		ADF4F5911D77CC0B00B3C8DF /* Student */ = {
			isa = PBXGroup;
			children = (
				ADF4F5941D77CC3D00B3C8DF /* Model */,
				ADF4F5931D77CC3700B3C8DF /* ViewModel */,
				ADF4F5921D77CC2E00B3C8DF /* View */,
			);
			path = Student;
			sourceTree = "<group>";
		};
		ADF4F5921D77CC2E00B3C8DF /* View */ = {
			isa = PBXGroup;
			children = (
				ADF4F5991D77CD2900B3C8DF /* StudentInformationViewController.swift */,
				AD23FF591D7A6A0C00C6A671 /* StudentCell.swift */,
				ADF4F59A1D77CD2900B3C8DF /* StudentListViewController.swift */,
			);
			path = View;
			sourceTree = "<group>";
		};
		ADF4F5931D77CC3700B3C8DF /* ViewModel */ = {
			isa = PBXGroup;
			children = (
				ADF4F5971D77CD2000B3C8DF /* StudentListViewModel.swift */,
			);
			path = ViewModel;
			sourceTree = "<group>";
		};
		ADF4F5941D77CC3D00B3C8DF /* Model */ = {
			isa = PBXGroup;
			children = (
				ADF4F5951D77CD1900B3C8DF /* Student.swift */,
			);
			path = Model;
			sourceTree = "<group>";
		};
		ADF74DE61D3F03B0001C8DEC /* Issuing Paper */ = {
			isa = PBXGroup;
			children = (
				ADF74DE71D3F03C0001C8DEC /* View */,
			);
			name = "Issuing Paper";
			path = "SmartClass/Paper/Issuing Paper";
			sourceTree = "<group>";
		};
		ADF74DE71D3F03C0001C8DEC /* View */ = {
			isa = PBXGroup;
			children = (
				ADF74E061D3F08E2001C8DEC /* IssuingPaperViewController.swift */,
			);
			path = View;
			sourceTree = "<group>";
		};
/* End PBXGroup section */

/* Begin PBXNativeTarget section */
		AD86A8C51C82DBCC009CEE87 /* SmartClass */ = {
			isa = PBXNativeTarget;
			buildConfigurationList = AD86A8D81C82DBCC009CEE87 /* Build configuration list for PBXNativeTarget "SmartClass" */;
			buildPhases = (
				D176F40F4CD92EC46A94813C /* 📦 Check Pods Manifest.lock */,
				AD86A8C21C82DBCC009CEE87 /* Sources */,
				AD86A8C31C82DBCC009CEE87 /* Frameworks */,
				AD86A8C41C82DBCC009CEE87 /* Resources */,
				07DDC7EC1CEE833F00E5155C /* Embed Frameworks */,
				876649D62B95758CCD59B2D4 /* 📦 Embed Pods Frameworks */,
				A71E7DFB8AC2437F7B180204 /* 📦 Copy Pods Resources */,
			);
			buildRules = (
			);
			dependencies = (
			);
			name = SmartClass;
			productName = SmartClass;
			productReference = AD86A8C61C82DBCC009CEE87 /* SmartClass.app */;
			productType = "com.apple.product-type.application";
		};
/* End PBXNativeTarget section */

/* Begin PBXProject section */
		AD86A8BE1C82DBCC009CEE87 /* Project object */ = {
			isa = PBXProject;
			attributes = {
				LastSwiftUpdateCheck = 0720;
				LastUpgradeCheck = 0720;
				ORGANIZATIONNAME = Vernon;
				TargetAttributes = {
					AD86A8C51C82DBCC009CEE87 = {
						CreatedOnToolsVersion = 7.2.1;
						DevelopmentTeam = R6964LXMCM;
					};
				};
			};
			buildConfigurationList = AD86A8C11C82DBCC009CEE87 /* Build configuration list for PBXProject "SmartClass" */;
			compatibilityVersion = "Xcode 3.2";
			developmentRegion = English;
			hasScannedForEncodings = 0;
			knownRegions = (
				en,
				Base,
			);
			mainGroup = AD86A8BD1C82DBCC009CEE87;
			productRefGroup = AD86A8C71C82DBCC009CEE87 /* Products */;
			projectDirPath = "";
			projectRoot = "";
			targets = (
				AD86A8C51C82DBCC009CEE87 /* SmartClass */,
			);
		};
/* End PBXProject section */

/* Begin PBXResourcesBuildPhase section */
		AD86A8C41C82DBCC009CEE87 /* Resources */ = {
			isa = PBXResourcesBuildPhase;
			buildActionMask = 2147483647;
			files = (
				0797AE491D61EFA000D51B41 /* TopicView.xib in Resources */,
				AD2F3C441D791CA200083261 /* SignUpSheetCell.xib in Resources */,
				AD86A8D41C82DBCC009CEE87 /* LaunchScreen.storyboard in Resources */,
				AD0C75631D6FD31000D220F0 /* ChoiceCell.xib in Resources */,
				AD86A8D11C82DBCC009CEE87 /* Assets.xcassets in Resources */,
				0797AE4F1D61F49100D51B41 /* ChoiceView.xib in Resources */,
				AD0C75651D6FD31000D220F0 /* TopicCell.xib in Resources */,
				0797AE511D61FACE00D51B41 /* ScoreView.xib in Resources */,
				AD10CDED1D45A7B50055B87E /* CardView.xib in Resources */,
				AD86A8CF1C82DBCC009CEE87 /* Main.storyboard in Resources */,
			);
			runOnlyForDeploymentPostprocessing = 0;
		};
/* End PBXResourcesBuildPhase section */

/* Begin PBXShellScriptBuildPhase section */
		876649D62B95758CCD59B2D4 /* 📦 Embed Pods Frameworks */ = {
			isa = PBXShellScriptBuildPhase;
			buildActionMask = 2147483647;
			files = (
			);
			inputPaths = (
			);
			name = "📦 Embed Pods Frameworks";
			outputPaths = (
			);
			runOnlyForDeploymentPostprocessing = 0;
			shellPath = /bin/sh;
			shellScript = "\"${SRCROOT}/Pods/Target Support Files/Pods-SmartClass/Pods-SmartClass-frameworks.sh\"\n";
			showEnvVarsInLog = 0;
		};
		A71E7DFB8AC2437F7B180204 /* 📦 Copy Pods Resources */ = {
			isa = PBXShellScriptBuildPhase;
			buildActionMask = 2147483647;
			files = (
			);
			inputPaths = (
			);
			name = "📦 Copy Pods Resources";
			outputPaths = (
			);
			runOnlyForDeploymentPostprocessing = 0;
			shellPath = /bin/sh;
			shellScript = "\"${SRCROOT}/Pods/Target Support Files/Pods-SmartClass/Pods-SmartClass-resources.sh\"\n";
			showEnvVarsInLog = 0;
		};
		D176F40F4CD92EC46A94813C /* 📦 Check Pods Manifest.lock */ = {
			isa = PBXShellScriptBuildPhase;
			buildActionMask = 2147483647;
			files = (
			);
			inputPaths = (
			);
			name = "📦 Check Pods Manifest.lock";
			outputPaths = (
			);
			runOnlyForDeploymentPostprocessing = 0;
			shellPath = /bin/sh;
			shellScript = "diff \"${PODS_ROOT}/../Podfile.lock\" \"${PODS_ROOT}/Manifest.lock\" > /dev/null\nif [[ $? != 0 ]] ; then\n    cat << EOM\nerror: The sandbox is not in sync with the Podfile.lock. Run 'pod install' or update your CocoaPods installation.\nEOM\n    exit 1\nfi\n";
			showEnvVarsInLog = 0;
		};
/* End PBXShellScriptBuildPhase section */

/* Begin PBXSourcesBuildPhase section */
		AD86A8C21C82DBCC009CEE87 /* Sources */ = {
			isa = PBXSourcesBuildPhase;
			buildActionMask = 2147483647;
			files = (
				ADFE31C81D5571860016FFD4 /* Result.swift in Sources */,
				AD980BF01D4EDE0900C607B4 /* PaperListViewController.swift in Sources */,
				AD6308681CB10028000DEC59 /* UIImage+extension.swift in Sources */,
				ADF74E0C1D3F0909001C8DEC /* ResultChartViewController.swift in Sources */,
				ADE7E1D91D41ACD0005F4DAB /* PreviewPaperViewController.swift in Sources */,
				ADF74E0D1D3F0909001C8DEC /* ExamResultViewController.swift in Sources */,
				07DEA8071CEC799B00C7504E /* NewSignUpSheetViewController.swift in Sources */,
				AD10CDEF1D45A7CB0055B87E /* CardView.swift in Sources */,
				ADF4F5981D77CD2000B3C8DF /* StudentListViewModel.swift in Sources */,
				ADF74DFC1D3F08BD001C8DEC /* PaperViewModel.swift in Sources */,
				AD2F3C421D791C7E00083261 /* SignUpSheetCell.swift in Sources */,
				ADAD353C1D702BFF0082CC3C /* ResultCell.swift in Sources */,
				077D61EC1CCA4917007C5ED7 /* ConvenientFileManager.swift in Sources */,
				ADF74DFD1D3F08BD001C8DEC /* QuestionListViewModel.swift in Sources */,
				ADF74E071D3F08E2001C8DEC /* IssuingPaperViewController.swift in Sources */,
				AD0C75641D6FD31000D220F0 /* TopicCell.swift in Sources */,
				AD6308641CB0FFEE000DEC59 /* UIColor+extension.swift in Sources */,
				AD86A8CA1C82DBCC009CEE87 /* AppDelegate.swift in Sources */,
				ADF3BB7C1CAE624E00638D3B /* CALayer+extension.swift in Sources */,
				AD1DF6531CC471A8001B67E1 /* String+extension.swift in Sources */,
				ADAD353A1D70238C0082CC3C /* ResultContainerViewController.swift in Sources */,
				AD8C9D881D52CD78003722F8 /* Question.swift in Sources */,
				0797AE551D6201F100D51B41 /* PaperViewController.swift in Sources */,
				ADB1DBDE1D40B5C200C05A93 /* QuestionCell.swift in Sources */,
				ADF4F5A01D78112500B3C8DF /* Array+extension.swift in Sources */,
				AD0B21DE1C8E7FE60080BF50 /* RAC.swift in Sources */,
				0700D1BA1CE4B5B000EB9A81 /* ResourceListViewModel.swift in Sources */,
				AD980BEE1D4EDE0100C607B4 /* PaperListViewModel.swift in Sources */,
				0797AE531D61FADB00D51B41 /* ScoreView.swift in Sources */,
				AD4AF5171CB3AE5D006129C2 /* RVMViewModel.m in Sources */,
				AD0A64B31D4A0E7100707C5E /* PPTView.swift in Sources */,
				AD46B0071C868423008CB3F7 /* Color.swift in Sources */,
				ADF74E021D3F08D0001C8DEC /* PaperInformationViewController.swift in Sources */,
				AD10CDE91D45A35E0055B87E /* HomePageViewController.swift in Sources */,
				AD8C9D861D52CD58003722F8 /* Paper.swift in Sources */,
				0792C5F11CD954E7006DF60D /* SignUpSheetViewController.swift in Sources */,
				0700D1B71CE4AD3100EB9A81 /* ResourceListViewController.swift in Sources */,
				0797AE4B1D61F18800D51B41 /* TopicView.swift in Sources */,
				07C2BD4C1CE202DF003E6454 /* SignUpSheetListViewModel.swift in Sources */,
				072EA4B31D65C6FC0001EFFB /* ChoiceGroup.swift in Sources */,
				AD0B21E01C8E7FE60080BF50 /* RACSignal+Extensions.swift in Sources */,
				AD0A64B11D4A0E7100707C5E /* CanvasPopoverViewController.swift in Sources */,
				ADF4F59C1D77CD2900B3C8DF /* StudentListViewController.swift in Sources */,
				07C2BD4A1CE1FF4A003E6454 /* SignUpSheetListViewController.swift in Sources */,
				0797AE4D1D61F47D00D51B41 /* ChoiceView.swift in Sources */,
				ADE7E1DA1D41ACD0005F4DAB /* PreviewRootViewController.swift in Sources */,
				ADE35C9A1D3DB7E0001A5A13 /* Constant.swift in Sources */,
				AD0B21DF1C8E7FE60080BF50 /* RACObserve.swift in Sources */,
				AD23FF5A1D7A6A0C00C6A671 /* StudentCell.swift in Sources */,
				AD876A7C1C93C053000E9978 /* UIPlaceHolderTextView.m in Sources */,
				AD0A64B41D4A0E7100707C5E /* PPTViewController.swift in Sources */,
				ADF74E041D3F08D0001C8DEC /* QuestionListViewController.swift in Sources */,
				AD3838CA1D4AF73E0048D6F3 /* NSDate+extension.swift in Sources */,
				AD0A64B21D4A0E7100707C5E /* CanvasView.swift in Sources */,
				ADF74DFB1D3F08BD001C8DEC /* PaperInformationViewModel.swift in Sources */,
				AD0C75621D6FD31000D220F0 /* ChoiceCell.swift in Sources */,
				AD0A64A91D49FCA900707C5E /* QRCodeViewController.swift in Sources */,
				ADF4D8881CC0DC0D00B806A8 /* Character+extension.swift in Sources */,
				AD0A64B61D4A0E8D00707C5E /* Resource.swift in Sources */,
				AD0A64AC1D4A0C3E00707C5E /* PPT.swift in Sources */,
				ADF4F5961D77CD1900B3C8DF /* Student.swift in Sources */,
				ADF4F59B1D77CD2900B3C8DF /* StudentInformationViewController.swift in Sources */,
				AD97378A1C92AF060066873E /* SegueHandlerType.swift in Sources */,
			);
			runOnlyForDeploymentPostprocessing = 0;
		};
/* End PBXSourcesBuildPhase section */

/* Begin PBXVariantGroup section */
		AD86A8CD1C82DBCC009CEE87 /* Main.storyboard */ = {
			isa = PBXVariantGroup;
			children = (
				AD86A8CE1C82DBCC009CEE87 /* Base */,
			);
			name = Main.storyboard;
			sourceTree = "<group>";
		};
		AD86A8D21C82DBCC009CEE87 /* LaunchScreen.storyboard */ = {
			isa = PBXVariantGroup;
			children = (
				AD86A8D31C82DBCC009CEE87 /* Base */,
			);
			name = LaunchScreen.storyboard;
			sourceTree = "<group>";
		};
/* End PBXVariantGroup section */

/* Begin XCBuildConfiguration section */
		AD86A8D61C82DBCC009CEE87 /* Debug */ = {
			isa = XCBuildConfiguration;
			buildSettings = {
				ALWAYS_SEARCH_USER_PATHS = NO;
				CLANG_CXX_LANGUAGE_STANDARD = "gnu++0x";
				CLANG_CXX_LIBRARY = "libc++";
				CLANG_ENABLE_MODULES = YES;
				CLANG_ENABLE_OBJC_ARC = YES;
				CLANG_WARN_BOOL_CONVERSION = YES;
				CLANG_WARN_CONSTANT_CONVERSION = YES;
				CLANG_WARN_DIRECT_OBJC_ISA_USAGE = YES_ERROR;
				CLANG_WARN_EMPTY_BODY = YES;
				CLANG_WARN_ENUM_CONVERSION = YES;
				CLANG_WARN_INT_CONVERSION = YES;
				CLANG_WARN_OBJC_ROOT_CLASS = YES_ERROR;
				CLANG_WARN_UNREACHABLE_CODE = YES;
				CLANG_WARN__DUPLICATE_METHOD_MATCH = YES;
				"CODE_SIGN_IDENTITY[sdk=iphoneos*]" = "iPhone Developer";
				COPY_PHASE_STRIP = NO;
				DEBUG_INFORMATION_FORMAT = dwarf;
				ENABLE_STRICT_OBJC_MSGSEND = YES;
				ENABLE_TESTABILITY = YES;
				GCC_C_LANGUAGE_STANDARD = gnu99;
				GCC_DYNAMIC_NO_PIC = NO;
				GCC_NO_COMMON_BLOCKS = YES;
				GCC_OPTIMIZATION_LEVEL = 0;
				GCC_PREPROCESSOR_DEFINITIONS = (
					"DEBUG=1",
					"$(inherited)",
				);
				GCC_WARN_64_TO_32_BIT_CONVERSION = YES;
				GCC_WARN_ABOUT_RETURN_TYPE = YES_ERROR;
				GCC_WARN_UNDECLARED_SELECTOR = YES;
				GCC_WARN_UNINITIALIZED_AUTOS = YES_AGGRESSIVE;
				GCC_WARN_UNUSED_FUNCTION = YES;
				GCC_WARN_UNUSED_VARIABLE = YES;
				IPHONEOS_DEPLOYMENT_TARGET = 9.3;
				MTL_ENABLE_DEBUG_INFO = YES;
				ONLY_ACTIVE_ARCH = YES;
				SDKROOT = iphoneos;
				SWIFT_OPTIMIZATION_LEVEL = "-Onone";
				TARGETED_DEVICE_FAMILY = "1,2";
			};
			name = Debug;
		};
		AD86A8D71C82DBCC009CEE87 /* Release */ = {
			isa = XCBuildConfiguration;
			buildSettings = {
				ALWAYS_SEARCH_USER_PATHS = NO;
				CLANG_CXX_LANGUAGE_STANDARD = "gnu++0x";
				CLANG_CXX_LIBRARY = "libc++";
				CLANG_ENABLE_MODULES = YES;
				CLANG_ENABLE_OBJC_ARC = YES;
				CLANG_WARN_BOOL_CONVERSION = YES;
				CLANG_WARN_CONSTANT_CONVERSION = YES;
				CLANG_WARN_DIRECT_OBJC_ISA_USAGE = YES_ERROR;
				CLANG_WARN_EMPTY_BODY = YES;
				CLANG_WARN_ENUM_CONVERSION = YES;
				CLANG_WARN_INT_CONVERSION = YES;
				CLANG_WARN_OBJC_ROOT_CLASS = YES_ERROR;
				CLANG_WARN_UNREACHABLE_CODE = YES;
				CLANG_WARN__DUPLICATE_METHOD_MATCH = YES;
				"CODE_SIGN_IDENTITY[sdk=iphoneos*]" = "iPhone Developer";
				COPY_PHASE_STRIP = NO;
				DEBUG_INFORMATION_FORMAT = "dwarf-with-dsym";
				ENABLE_NS_ASSERTIONS = NO;
				ENABLE_STRICT_OBJC_MSGSEND = YES;
				GCC_C_LANGUAGE_STANDARD = gnu99;
				GCC_NO_COMMON_BLOCKS = YES;
				GCC_WARN_64_TO_32_BIT_CONVERSION = YES;
				GCC_WARN_ABOUT_RETURN_TYPE = YES_ERROR;
				GCC_WARN_UNDECLARED_SELECTOR = YES;
				GCC_WARN_UNINITIALIZED_AUTOS = YES_AGGRESSIVE;
				GCC_WARN_UNUSED_FUNCTION = YES;
				GCC_WARN_UNUSED_VARIABLE = YES;
				IPHONEOS_DEPLOYMENT_TARGET = 9.3;
				MTL_ENABLE_DEBUG_INFO = NO;
				SDKROOT = iphoneos;
				TARGETED_DEVICE_FAMILY = "1,2";
				VALIDATE_PRODUCT = YES;
			};
			name = Release;
		};
		AD86A8D91C82DBCC009CEE87 /* Debug */ = {
			isa = XCBuildConfiguration;
			baseConfigurationReference = 9701591E8D25DBA22E5A0EF4 /* Pods-SmartClass.debug.xcconfig */;
			buildSettings = {
				ASSETCATALOG_COMPILER_APPICON_NAME = AppIcon;
				CLANG_ENABLE_MODULES = YES;
				CODE_SIGN_IDENTITY = "iPhone Developer";
				"CODE_SIGN_IDENTITY[sdk=iphoneos*]" = "iPhone Developer";
				EMBEDDED_CONTENT_CONTAINS_SWIFT = YES;
				FRAMEWORK_SEARCH_PATHS = (
					"$(inherited)",
					"$(PROJECT_DIR)",
				);
				INFOPLIST_FILE = SmartClass/Info.plist;
				IPHONEOS_DEPLOYMENT_TARGET = 9.3;
				LD_RUNPATH_SEARCH_PATHS = "$(inherited) @executable_path/Frameworks";
				OTHER_LDFLAGS = (
					"$(inherited)",
					"-ObjC",
					"-l\"icucore\"",
					"-l\"sqlite3\"",
					"-l\"z.1.2.5\"",
					"-framework",
					"\"AVFoundation\"",
					"-framework",
					"\"CFNetwork\"",
					"-framework",
					"\"CoreGraphics\"",
					"-framework",
					"\"CoreLocation\"",
					"-framework",
					"\"CoreTelephony\"",
					"-framework",
					"\"DZNEmptyDataSet\"",
					"-framework",
					"\"IQKeyboardManager\"",
					"-framework",
					"\"MediaPlayer\"",
					"-framework",
					"\"MobileCoreServices\"",
					"-framework",
					"\"ReactiveCocoa\"",
					"-framework",
					"\"Result\"",
					"-framework",
					"\"Security\"",
					"-framework",
					"\"SystemConfiguration\"",
					"-framework",
					"\"Toast\"",
					"-ObjC",
					"-lz",
					"-ObjC",
					"-framework",
					Reveal,
				);
				PRODUCT_BUNDLE_IDENTIFIER = cn.edu.scnu.SmartClass;
				PRODUCT_NAME = "$(TARGET_NAME)";
				PROVISIONING_PROFILE = "";
				SWIFT_OBJC_BRIDGING_HEADER = "SmartClass/SmartClass-Bridging-Header.h";
				SWIFT_OPTIMIZATION_LEVEL = "-Onone";
				TARGETED_DEVICE_FAMILY = "1,2";
			};
			name = Debug;
		};
		AD86A8DA1C82DBCC009CEE87 /* Release */ = {
			isa = XCBuildConfiguration;
			baseConfigurationReference = 49F7789D6E630B7A0BD5F91D /* Pods-SmartClass.release.xcconfig */;
			buildSettings = {
				ASSETCATALOG_COMPILER_APPICON_NAME = AppIcon;
				CLANG_ENABLE_MODULES = YES;
				CODE_SIGN_IDENTITY = "iPhone Developer";
				"CODE_SIGN_IDENTITY[sdk=iphoneos*]" = "iPhone Developer";
				EMBEDDED_CONTENT_CONTAINS_SWIFT = YES;
				FRAMEWORK_SEARCH_PATHS = (
					"$(inherited)",
					"$(PROJECT_DIR)",
				);
				INFOPLIST_FILE = SmartClass/Info.plist;
				IPHONEOS_DEPLOYMENT_TARGET = 9.3;
				LD_RUNPATH_SEARCH_PATHS = "$(inherited) @executable_path/Frameworks";
				OTHER_LDFLAGS = (
					"$(inherited)",
					"-ObjC",
					"-l\"icucore\"",
					"-l\"sqlite3\"",
					"-l\"z.1.2.5\"",
					"-framework",
					"\"AVFoundation\"",
					"-framework",
					"\"CFNetwork\"",
					"-framework",
					"\"CoreGraphics\"",
					"-framework",
					"\"CoreLocation\"",
					"-framework",
					"\"CoreTelephony\"",
					"-framework",
					"\"DZNEmptyDataSet\"",
					"-framework",
					"\"IQKeyboardManager\"",
					"-framework",
					"\"MediaPlayer\"",
					"-framework",
					"\"MobileCoreServices\"",
					"-framework",
					"\"ReactiveCocoa\"",
					"-framework",
					"\"Result\"",
					"-framework",
					"\"Security\"",
					"-framework",
					"\"SystemConfiguration\"",
					"-framework",
					"\"Toast\"",
					"-ObjC",
					"-lz",
					"-ObjC",
					"-framework",
					Reveal,
				);
				PRODUCT_BUNDLE_IDENTIFIER = cn.edu.scnu.SmartClass;
				PRODUCT_NAME = "$(TARGET_NAME)";
				PROVISIONING_PROFILE = "";
				SWIFT_OBJC_BRIDGING_HEADER = "SmartClass/SmartClass-Bridging-Header.h";
				TARGETED_DEVICE_FAMILY = "1,2";
			};
			name = Release;
		};
/* End XCBuildConfiguration section */

/* Begin XCConfigurationList section */
		AD86A8C11C82DBCC009CEE87 /* Build configuration list for PBXProject "SmartClass" */ = {
			isa = XCConfigurationList;
			buildConfigurations = (
				AD86A8D61C82DBCC009CEE87 /* Debug */,
				AD86A8D71C82DBCC009CEE87 /* Release */,
			);
			defaultConfigurationIsVisible = 0;
			defaultConfigurationName = Release;
		};
		AD86A8D81C82DBCC009CEE87 /* Build configuration list for PBXNativeTarget "SmartClass" */ = {
			isa = XCConfigurationList;
			buildConfigurations = (
				AD86A8D91C82DBCC009CEE87 /* Debug */,
				AD86A8DA1C82DBCC009CEE87 /* Release */,
			);
			defaultConfigurationIsVisible = 0;
			defaultConfigurationName = Release;
		};
/* End XCConfigurationList section */
	};
	rootObject = AD86A8BE1C82DBCC009CEE87 /* Project object */;
}
