// !$*UTF8*$!
{
	archiveVersion = 1;
	classes = {
	};
	objectVersion = 46;
	objects = {

/* Begin PBXBuildFile section */
		ABD12C9986A54E5B5C6EFCC4 /* Pods_SmartClass.framework in Frameworks */ = {isa = PBXBuildFile; fileRef = B57537D97C2DE7A4AA8494FF /* Pods_SmartClass.framework */; };
		AD0B21D01C8D16B20080BF50 /* MasterViewController.swift in Sources */ = {isa = PBXBuildFile; fileRef = AD0B21CF1C8D16B20080BF50 /* MasterViewController.swift */; };
		AD0B21DE1C8E7FE60080BF50 /* RAC.swift in Sources */ = {isa = PBXBuildFile; fileRef = AD0B21DB1C8E7FE60080BF50 /* RAC.swift */; };
		AD0B21DF1C8E7FE60080BF50 /* RACObserve.swift in Sources */ = {isa = PBXBuildFile; fileRef = AD0B21DC1C8E7FE60080BF50 /* RACObserve.swift */; };
		AD0B21E01C8E7FE60080BF50 /* RACSignal+Extensions.swift in Sources */ = {isa = PBXBuildFile; fileRef = AD0B21DD1C8E7FE60080BF50 /* RACSignal+Extensions.swift */; };
		AD0B21E41C8ED1840080BF50 /* MasterViewModel.swift in Sources */ = {isa = PBXBuildFile; fileRef = AD0B21E31C8ED1840080BF50 /* MasterViewModel.swift */; };
		AD1DF6531CC471A8001B67E1 /* String+extension.swift in Sources */ = {isa = PBXBuildFile; fileRef = AD1DF6521CC471A8001B67E1 /* String+extension.swift */; };
		AD4263BD1CB0B94F00BEDEF4 /* Reveal.framework in Frameworks */ = {isa = PBXBuildFile; fileRef = AD4263BC1CB0B94F00BEDEF4 /* Reveal.framework */; };
		AD46B0071C868423008CB3F7 /* Color.swift in Sources */ = {isa = PBXBuildFile; fileRef = AD46B0061C868423008CB3F7 /* Color.swift */; };
		AD4AF5121CB3A404006129C2 /* CoreDataStack.swift in Sources */ = {isa = PBXBuildFile; fileRef = AD4AF5111CB3A404006129C2 /* CoreDataStack.swift */; };
		AD4AF5171CB3AE5D006129C2 /* RVMViewModel.m in Sources */ = {isa = PBXBuildFile; fileRef = AD4AF5161CB3AE5D006129C2 /* RVMViewModel.m */; };
		AD6308641CB0FFEE000DEC59 /* UIColor+extension.swift in Sources */ = {isa = PBXBuildFile; fileRef = AD6308631CB0FFEE000DEC59 /* UIColor+extension.swift */; };
		AD6308681CB10028000DEC59 /* UIImage+extension.swift in Sources */ = {isa = PBXBuildFile; fileRef = AD6308671CB10028000DEC59 /* UIImage+extension.swift */; };
		AD86A8CA1C82DBCC009CEE87 /* AppDelegate.swift in Sources */ = {isa = PBXBuildFile; fileRef = AD86A8C91C82DBCC009CEE87 /* AppDelegate.swift */; };
		AD86A8CF1C82DBCC009CEE87 /* Main.storyboard in Resources */ = {isa = PBXBuildFile; fileRef = AD86A8CD1C82DBCC009CEE87 /* Main.storyboard */; };
		AD86A8D11C82DBCC009CEE87 /* Assets.xcassets in Resources */ = {isa = PBXBuildFile; fileRef = AD86A8D01C82DBCC009CEE87 /* Assets.xcassets */; };
		AD86A8D41C82DBCC009CEE87 /* LaunchScreen.storyboard in Resources */ = {isa = PBXBuildFile; fileRef = AD86A8D21C82DBCC009CEE87 /* LaunchScreen.storyboard */; };
		AD876A7C1C93C053000E9978 /* UIPlaceHolderTextView.m in Sources */ = {isa = PBXBuildFile; fileRef = AD876A7B1C93C053000E9978 /* UIPlaceHolderTextView.m */; };
		AD884BBC1C83F2AF005A37AE /* Foundation.framework in Frameworks */ = {isa = PBXBuildFile; fileRef = AD884BBB1C83F2AF005A37AE /* Foundation.framework */; };
		AD884BBE1C83F2C3005A37AE /* CoreLocation.framework in Frameworks */ = {isa = PBXBuildFile; fileRef = AD884BBD1C83F2C3005A37AE /* CoreLocation.framework */; };
		AD884BC01C83F2CA005A37AE /* Security.framework in Frameworks */ = {isa = PBXBuildFile; fileRef = AD884BBF1C83F2CA005A37AE /* Security.framework */; };
		AD884BC21C83F2D2005A37AE /* CoreGraphics.framework in Frameworks */ = {isa = PBXBuildFile; fileRef = AD884BC11C83F2D2005A37AE /* CoreGraphics.framework */; };
		AD884BC41C83F2DE005A37AE /* MobileCoreServices.framework in Frameworks */ = {isa = PBXBuildFile; fileRef = AD884BC31C83F2DE005A37AE /* MobileCoreServices.framework */; };
		AD884BC61C83F2E7005A37AE /* CFNetwork.framework in Frameworks */ = {isa = PBXBuildFile; fileRef = AD884BC51C83F2E7005A37AE /* CFNetwork.framework */; };
		AD884BC81C83F2F1005A37AE /* CoreTelephony.framework in Frameworks */ = {isa = PBXBuildFile; fileRef = AD884BC71C83F2F1005A37AE /* CoreTelephony.framework */; };
		AD884BCA1C83F2FB005A37AE /* SystemConfiguration.framework in Frameworks */ = {isa = PBXBuildFile; fileRef = AD884BC91C83F2FB005A37AE /* SystemConfiguration.framework */; };
		AD884BCC1C83F304005A37AE /* AVFoundation.framework in Frameworks */ = {isa = PBXBuildFile; fileRef = AD884BCB1C83F304005A37AE /* AVFoundation.framework */; };
		AD884BCE1C83F310005A37AE /* MediaPlayer.framework in Frameworks */ = {isa = PBXBuildFile; fileRef = AD884BCD1C83F310005A37AE /* MediaPlayer.framework */; };
		AD884BD01C83F31A005A37AE /* libz.1.2.5.tbd in Frameworks */ = {isa = PBXBuildFile; fileRef = AD884BCF1C83F31A005A37AE /* libz.1.2.5.tbd */; };
		AD884BD21C83F340005A37AE /* libsqlite3.tbd in Frameworks */ = {isa = PBXBuildFile; fileRef = AD884BD11C83F340005A37AE /* libsqlite3.tbd */; };
		AD884BD41C83F357005A37AE /* libicucore.tbd in Frameworks */ = {isa = PBXBuildFile; fileRef = AD884BD31C83F357005A37AE /* libicucore.tbd */; };
		AD97378A1C92AF060066873E /* SegueHandlerType.swift in Sources */ = {isa = PBXBuildFile; fileRef = AD9737891C92AF060066873E /* SegueHandlerType.swift */; };
		ADBC0A921CC2249C0087BEA5 /* Answer.swift in Sources */ = {isa = PBXBuildFile; fileRef = ADBC0A881CC2249C0087BEA5 /* Answer.swift */; };
		ADBC0A931CC2249C0087BEA5 /* Answer+CoreDataProperties.swift in Sources */ = {isa = PBXBuildFile; fileRef = ADBC0A891CC2249C0087BEA5 /* Answer+CoreDataProperties.swift */; };
		ADBC0A941CC2249C0087BEA5 /* AnswerSheet.swift in Sources */ = {isa = PBXBuildFile; fileRef = ADBC0A8A1CC2249C0087BEA5 /* AnswerSheet.swift */; };
		ADBC0A951CC2249C0087BEA5 /* AnswerSheet+CoreDataProperties.swift in Sources */ = {isa = PBXBuildFile; fileRef = ADBC0A8B1CC2249C0087BEA5 /* AnswerSheet+CoreDataProperties.swift */; };
		ADBC0A961CC2249C0087BEA5 /* Examination.swift in Sources */ = {isa = PBXBuildFile; fileRef = ADBC0A8C1CC2249C0087BEA5 /* Examination.swift */; };
		ADBC0A971CC2249C0087BEA5 /* Examination+CoreDataProperties.swift in Sources */ = {isa = PBXBuildFile; fileRef = ADBC0A8D1CC2249C0087BEA5 /* Examination+CoreDataProperties.swift */; };
		ADBC0A9A1CC2249C0087BEA5 /* Question.swift in Sources */ = {isa = PBXBuildFile; fileRef = ADBC0A901CC2249C0087BEA5 /* Question.swift */; };
		ADBC0A9B1CC2249C0087BEA5 /* Question+CoreDataProperties.swift in Sources */ = {isa = PBXBuildFile; fileRef = ADBC0A911CC2249C0087BEA5 /* Question+CoreDataProperties.swift */; };
		ADBC0A9F1CC224AF0087BEA5 /* ExamViewModel.swift in Sources */ = {isa = PBXBuildFile; fileRef = ADBC0A9C1CC224AF0087BEA5 /* ExamViewModel.swift */; };
		ADBC0AA01CC224AF0087BEA5 /* PaperViewModel.swift in Sources */ = {isa = PBXBuildFile; fileRef = ADBC0A9D1CC224AF0087BEA5 /* PaperViewModel.swift */; };
		ADBC0AA11CC224AF0087BEA5 /* QuestionListViewModel.swift in Sources */ = {isa = PBXBuildFile; fileRef = ADBC0A9E1CC224AF0087BEA5 /* QuestionListViewModel.swift */; };
		ADBC0AA61CC224BB0087BEA5 /* ExamViewController.swift in Sources */ = {isa = PBXBuildFile; fileRef = ADBC0AA21CC224BB0087BEA5 /* ExamViewController.swift */; };
		ADBC0AA71CC224BB0087BEA5 /* PaperViewController.swift in Sources */ = {isa = PBXBuildFile; fileRef = ADBC0AA31CC224BB0087BEA5 /* PaperViewController.swift */; };
		ADBC0AA81CC224BB0087BEA5 /* QuestionListViewController.swift in Sources */ = {isa = PBXBuildFile; fileRef = ADBC0AA41CC224BB0087BEA5 /* QuestionListViewController.swift */; };
		ADBC0AA91CC224BB0087BEA5 /* QuestionView.swift in Sources */ = {isa = PBXBuildFile; fileRef = ADBC0AA51CC224BB0087BEA5 /* QuestionView.swift */; };
		ADBC0AAF1CC22C0F0087BEA5 /* Model.xcdatamodeld in Sources */ = {isa = PBXBuildFile; fileRef = ADBC0AAD1CC22C0F0087BEA5 /* Model.xcdatamodeld */; };
		ADBC0AB21CC238840087BEA5 /* Paper+CoreDataProperties.swift in Sources */ = {isa = PBXBuildFile; fileRef = ADBC0AB01CC238840087BEA5 /* Paper+CoreDataProperties.swift */; };
		ADBC0AB31CC238840087BEA5 /* Paper.swift in Sources */ = {isa = PBXBuildFile; fileRef = ADBC0AB11CC238840087BEA5 /* Paper.swift */; };
		ADF3BB7C1CAE624E00638D3B /* CALayer+extension.swift in Sources */ = {isa = PBXBuildFile; fileRef = ADF3BB7B1CAE624E00638D3B /* CALayer+extension.swift */; };
		ADF4D8881CC0DC0D00B806A8 /* Character+extension.swift in Sources */ = {isa = PBXBuildFile; fileRef = ADF4D8871CC0DC0D00B806A8 /* Character+extension.swift */; };
/* End PBXBuildFile section */

/* Begin PBXFileReference section */
		AD0B21CF1C8D16B20080BF50 /* MasterViewController.swift */ = {isa = PBXFileReference; fileEncoding = 4; lastKnownFileType = sourcecode.swift; name = MasterViewController.swift; path = Teacher/MainInterface/View/MasterViewController.swift; sourceTree = "<group>"; };
		AD0B21DB1C8E7FE60080BF50 /* RAC.swift */ = {isa = PBXFileReference; fileEncoding = 4; lastKnownFileType = sourcecode.swift; name = RAC.swift; path = Util/RAC.swift; sourceTree = "<group>"; };
		AD0B21DC1C8E7FE60080BF50 /* RACObserve.swift */ = {isa = PBXFileReference; fileEncoding = 4; lastKnownFileType = sourcecode.swift; name = RACObserve.swift; path = Util/RACObserve.swift; sourceTree = "<group>"; };
		AD0B21DD1C8E7FE60080BF50 /* RACSignal+Extensions.swift */ = {isa = PBXFileReference; fileEncoding = 4; lastKnownFileType = sourcecode.swift; name = "RACSignal+Extensions.swift"; path = "Util/RACSignal+Extensions.swift"; sourceTree = "<group>"; };
		AD0B21E31C8ED1840080BF50 /* MasterViewModel.swift */ = {isa = PBXFileReference; fileEncoding = 4; lastKnownFileType = sourcecode.swift; name = MasterViewModel.swift; path = Teacher/MainInterface/ViewModel/MasterViewModel.swift; sourceTree = "<group>"; };
		AD1DF6521CC471A8001B67E1 /* String+extension.swift */ = {isa = PBXFileReference; fileEncoding = 4; lastKnownFileType = sourcecode.swift; name = "String+extension.swift"; path = "Util/Extension/String+extension.swift"; sourceTree = "<group>"; };
		AD4263BC1CB0B94F00BEDEF4 /* Reveal.framework */ = {isa = PBXFileReference; lastKnownFileType = wrapper.framework; path = Reveal.framework; sourceTree = "<group>"; };
		AD46B0061C868423008CB3F7 /* Color.swift */ = {isa = PBXFileReference; fileEncoding = 4; lastKnownFileType = sourcecode.swift; name = Color.swift; path = Util/Color.swift; sourceTree = "<group>"; };
		AD4AF5111CB3A404006129C2 /* CoreDataStack.swift */ = {isa = PBXFileReference; fileEncoding = 4; lastKnownFileType = sourcecode.swift; path = CoreDataStack.swift; sourceTree = "<group>"; };
		AD4AF5141CB3AE5D006129C2 /* ReactiveViewModel.h */ = {isa = PBXFileReference; fileEncoding = 4; lastKnownFileType = sourcecode.c.h; name = ReactiveViewModel.h; path = Util/ReactiveViewModel/ReactiveViewModel.h; sourceTree = "<group>"; };
		AD4AF5151CB3AE5D006129C2 /* RVMViewModel.h */ = {isa = PBXFileReference; fileEncoding = 4; lastKnownFileType = sourcecode.c.h; name = RVMViewModel.h; path = Util/ReactiveViewModel/RVMViewModel.h; sourceTree = "<group>"; };
		AD4AF5161CB3AE5D006129C2 /* RVMViewModel.m */ = {isa = PBXFileReference; fileEncoding = 4; lastKnownFileType = sourcecode.c.objc; name = RVMViewModel.m; path = Util/ReactiveViewModel/RVMViewModel.m; sourceTree = "<group>"; };
		AD6308631CB0FFEE000DEC59 /* UIColor+extension.swift */ = {isa = PBXFileReference; fileEncoding = 4; lastKnownFileType = sourcecode.swift; name = "UIColor+extension.swift"; path = "Util/Extension/UIColor+extension.swift"; sourceTree = "<group>"; };
		AD6308671CB10028000DEC59 /* UIImage+extension.swift */ = {isa = PBXFileReference; fileEncoding = 4; lastKnownFileType = sourcecode.swift; name = "UIImage+extension.swift"; path = "Util/Extension/UIImage+extension.swift"; sourceTree = "<group>"; };
		AD86A8C61C82DBCC009CEE87 /* SmartClass.app */ = {isa = PBXFileReference; explicitFileType = wrapper.application; includeInIndex = 0; path = SmartClass.app; sourceTree = BUILT_PRODUCTS_DIR; };
		AD86A8C91C82DBCC009CEE87 /* AppDelegate.swift */ = {isa = PBXFileReference; lastKnownFileType = sourcecode.swift; path = AppDelegate.swift; sourceTree = "<group>"; };
		AD86A8CE1C82DBCC009CEE87 /* Base */ = {isa = PBXFileReference; lastKnownFileType = file.storyboard; name = Base; path = Base.lproj/Main.storyboard; sourceTree = "<group>"; };
		AD86A8D01C82DBCC009CEE87 /* Assets.xcassets */ = {isa = PBXFileReference; lastKnownFileType = folder.assetcatalog; path = Assets.xcassets; sourceTree = "<group>"; };
		AD86A8D31C82DBCC009CEE87 /* Base */ = {isa = PBXFileReference; lastKnownFileType = file.storyboard; name = Base; path = Base.lproj/LaunchScreen.storyboard; sourceTree = "<group>"; };
		AD86A8D51C82DBCC009CEE87 /* Info.plist */ = {isa = PBXFileReference; lastKnownFileType = text.plist.xml; path = Info.plist; sourceTree = "<group>"; };
		AD876A7A1C93C053000E9978 /* UIPlaceHolderTextView.h */ = {isa = PBXFileReference; fileEncoding = 4; lastKnownFileType = sourcecode.c.h; name = UIPlaceHolderTextView.h; path = Util/UIPlaceHolderTextView/UIPlaceHolderTextView.h; sourceTree = "<group>"; };
		AD876A7B1C93C053000E9978 /* UIPlaceHolderTextView.m */ = {isa = PBXFileReference; fileEncoding = 4; lastKnownFileType = sourcecode.c.objc; name = UIPlaceHolderTextView.m; path = Util/UIPlaceHolderTextView/UIPlaceHolderTextView.m; sourceTree = "<group>"; };
		AD884BB71C83F1A7005A37AE /* SmartClass-Bridging-Header.h */ = {isa = PBXFileReference; lastKnownFileType = sourcecode.c.h; path = "SmartClass-Bridging-Header.h"; sourceTree = "<group>"; };
		AD884BBB1C83F2AF005A37AE /* Foundation.framework */ = {isa = PBXFileReference; lastKnownFileType = wrapper.framework; name = Foundation.framework; path = System/Library/Frameworks/Foundation.framework; sourceTree = SDKROOT; };
		AD884BBD1C83F2C3005A37AE /* CoreLocation.framework */ = {isa = PBXFileReference; lastKnownFileType = wrapper.framework; name = CoreLocation.framework; path = System/Library/Frameworks/CoreLocation.framework; sourceTree = SDKROOT; };
		AD884BBF1C83F2CA005A37AE /* Security.framework */ = {isa = PBXFileReference; lastKnownFileType = wrapper.framework; name = Security.framework; path = System/Library/Frameworks/Security.framework; sourceTree = SDKROOT; };
		AD884BC11C83F2D2005A37AE /* CoreGraphics.framework */ = {isa = PBXFileReference; lastKnownFileType = wrapper.framework; name = CoreGraphics.framework; path = System/Library/Frameworks/CoreGraphics.framework; sourceTree = SDKROOT; };
		AD884BC31C83F2DE005A37AE /* MobileCoreServices.framework */ = {isa = PBXFileReference; lastKnownFileType = wrapper.framework; name = MobileCoreServices.framework; path = System/Library/Frameworks/MobileCoreServices.framework; sourceTree = SDKROOT; };
		AD884BC51C83F2E7005A37AE /* CFNetwork.framework */ = {isa = PBXFileReference; lastKnownFileType = wrapper.framework; name = CFNetwork.framework; path = System/Library/Frameworks/CFNetwork.framework; sourceTree = SDKROOT; };
		AD884BC71C83F2F1005A37AE /* CoreTelephony.framework */ = {isa = PBXFileReference; lastKnownFileType = wrapper.framework; name = CoreTelephony.framework; path = System/Library/Frameworks/CoreTelephony.framework; sourceTree = SDKROOT; };
		AD884BC91C83F2FB005A37AE /* SystemConfiguration.framework */ = {isa = PBXFileReference; lastKnownFileType = wrapper.framework; name = SystemConfiguration.framework; path = System/Library/Frameworks/SystemConfiguration.framework; sourceTree = SDKROOT; };
		AD884BCB1C83F304005A37AE /* AVFoundation.framework */ = {isa = PBXFileReference; lastKnownFileType = wrapper.framework; name = AVFoundation.framework; path = System/Library/Frameworks/AVFoundation.framework; sourceTree = SDKROOT; };
		AD884BCD1C83F310005A37AE /* MediaPlayer.framework */ = {isa = PBXFileReference; lastKnownFileType = wrapper.framework; name = MediaPlayer.framework; path = System/Library/Frameworks/MediaPlayer.framework; sourceTree = SDKROOT; };
		AD884BCF1C83F31A005A37AE /* libz.1.2.5.tbd */ = {isa = PBXFileReference; lastKnownFileType = "sourcecode.text-based-dylib-definition"; name = libz.1.2.5.tbd; path = usr/lib/libz.1.2.5.tbd; sourceTree = SDKROOT; };
		AD884BD11C83F340005A37AE /* libsqlite3.tbd */ = {isa = PBXFileReference; lastKnownFileType = "sourcecode.text-based-dylib-definition"; name = libsqlite3.tbd; path = usr/lib/libsqlite3.tbd; sourceTree = SDKROOT; };
		AD884BD31C83F357005A37AE /* libicucore.tbd */ = {isa = PBXFileReference; lastKnownFileType = "sourcecode.text-based-dylib-definition"; name = libicucore.tbd; path = usr/lib/libicucore.tbd; sourceTree = SDKROOT; };
		AD9737891C92AF060066873E /* SegueHandlerType.swift */ = {isa = PBXFileReference; fileEncoding = 4; lastKnownFileType = sourcecode.swift; name = SegueHandlerType.swift; path = Util/SegueHandlerType.swift; sourceTree = "<group>"; };
		ADBC0A881CC2249C0087BEA5 /* Answer.swift */ = {isa = PBXFileReference; fileEncoding = 4; lastKnownFileType = sourcecode.swift; name = Answer.swift; path = Model/Answer.swift; sourceTree = "<group>"; };
		ADBC0A891CC2249C0087BEA5 /* Answer+CoreDataProperties.swift */ = {isa = PBXFileReference; fileEncoding = 4; lastKnownFileType = sourcecode.swift; name = "Answer+CoreDataProperties.swift"; path = "Model/Answer+CoreDataProperties.swift"; sourceTree = "<group>"; };
		ADBC0A8A1CC2249C0087BEA5 /* AnswerSheet.swift */ = {isa = PBXFileReference; fileEncoding = 4; lastKnownFileType = sourcecode.swift; name = AnswerSheet.swift; path = Model/AnswerSheet.swift; sourceTree = "<group>"; };
		ADBC0A8B1CC2249C0087BEA5 /* AnswerSheet+CoreDataProperties.swift */ = {isa = PBXFileReference; fileEncoding = 4; lastKnownFileType = sourcecode.swift; name = "AnswerSheet+CoreDataProperties.swift"; path = "Model/AnswerSheet+CoreDataProperties.swift"; sourceTree = "<group>"; };
		ADBC0A8C1CC2249C0087BEA5 /* Examination.swift */ = {isa = PBXFileReference; fileEncoding = 4; lastKnownFileType = sourcecode.swift; name = Examination.swift; path = Model/Examination.swift; sourceTree = "<group>"; };
		ADBC0A8D1CC2249C0087BEA5 /* Examination+CoreDataProperties.swift */ = {isa = PBXFileReference; fileEncoding = 4; lastKnownFileType = sourcecode.swift; name = "Examination+CoreDataProperties.swift"; path = "Model/Examination+CoreDataProperties.swift"; sourceTree = "<group>"; };
		ADBC0A901CC2249C0087BEA5 /* Question.swift */ = {isa = PBXFileReference; fileEncoding = 4; lastKnownFileType = sourcecode.swift; name = Question.swift; path = Model/Question.swift; sourceTree = "<group>"; };
		ADBC0A911CC2249C0087BEA5 /* Question+CoreDataProperties.swift */ = {isa = PBXFileReference; fileEncoding = 4; lastKnownFileType = sourcecode.swift; name = "Question+CoreDataProperties.swift"; path = "Model/Question+CoreDataProperties.swift"; sourceTree = "<group>"; };
		ADBC0A9C1CC224AF0087BEA5 /* ExamViewModel.swift */ = {isa = PBXFileReference; fileEncoding = 4; lastKnownFileType = sourcecode.swift; name = ExamViewModel.swift; path = ViewModel/ExamViewModel.swift; sourceTree = "<group>"; };
		ADBC0A9D1CC224AF0087BEA5 /* PaperViewModel.swift */ = {isa = PBXFileReference; fileEncoding = 4; lastKnownFileType = sourcecode.swift; name = PaperViewModel.swift; path = ViewModel/PaperViewModel.swift; sourceTree = "<group>"; };
		ADBC0A9E1CC224AF0087BEA5 /* QuestionListViewModel.swift */ = {isa = PBXFileReference; fileEncoding = 4; lastKnownFileType = sourcecode.swift; name = QuestionListViewModel.swift; path = ViewModel/QuestionListViewModel.swift; sourceTree = "<group>"; };
		ADBC0AA21CC224BB0087BEA5 /* ExamViewController.swift */ = {isa = PBXFileReference; fileEncoding = 4; lastKnownFileType = sourcecode.swift; name = ExamViewController.swift; path = View/ExamViewController.swift; sourceTree = "<group>"; };
		ADBC0AA31CC224BB0087BEA5 /* PaperViewController.swift */ = {isa = PBXFileReference; fileEncoding = 4; lastKnownFileType = sourcecode.swift; name = PaperViewController.swift; path = View/PaperViewController.swift; sourceTree = "<group>"; };
		ADBC0AA41CC224BB0087BEA5 /* QuestionListViewController.swift */ = {isa = PBXFileReference; fileEncoding = 4; lastKnownFileType = sourcecode.swift; name = QuestionListViewController.swift; path = View/QuestionListViewController.swift; sourceTree = "<group>"; };
		ADBC0AA51CC224BB0087BEA5 /* QuestionView.swift */ = {isa = PBXFileReference; fileEncoding = 4; lastKnownFileType = sourcecode.swift; name = QuestionView.swift; path = View/QuestionView.swift; sourceTree = "<group>"; };
		ADBC0AAE1CC22C0F0087BEA5 /* Model.xcdatamodel */ = {isa = PBXFileReference; lastKnownFileType = wrapper.xcdatamodel; path = Model.xcdatamodel; sourceTree = "<group>"; };
		ADBC0AB01CC238840087BEA5 /* Paper+CoreDataProperties.swift */ = {isa = PBXFileReference; fileEncoding = 4; lastKnownFileType = sourcecode.swift; name = "Paper+CoreDataProperties.swift"; path = "Model/Paper+CoreDataProperties.swift"; sourceTree = "<group>"; };
		ADBC0AB11CC238840087BEA5 /* Paper.swift */ = {isa = PBXFileReference; fileEncoding = 4; lastKnownFileType = sourcecode.swift; name = Paper.swift; path = Model/Paper.swift; sourceTree = "<group>"; };
		ADF3BB7B1CAE624E00638D3B /* CALayer+extension.swift */ = {isa = PBXFileReference; fileEncoding = 4; lastKnownFileType = sourcecode.swift; name = "CALayer+extension.swift"; path = "Util/Extension/CALayer+extension.swift"; sourceTree = "<group>"; };
		ADF4D8871CC0DC0D00B806A8 /* Character+extension.swift */ = {isa = PBXFileReference; fileEncoding = 4; lastKnownFileType = sourcecode.swift; name = "Character+extension.swift"; path = "Util/Extension/Character+extension.swift"; sourceTree = "<group>"; };
		B57537D97C2DE7A4AA8494FF /* Pods_SmartClass.framework */ = {isa = PBXFileReference; explicitFileType = wrapper.framework; includeInIndex = 0; path = Pods_SmartClass.framework; sourceTree = BUILT_PRODUCTS_DIR; };
		BB4309D8B1E5CCAC2B6F4644 /* Pods-SmartClass.debug.xcconfig */ = {isa = PBXFileReference; includeInIndex = 1; lastKnownFileType = text.xcconfig; name = "Pods-SmartClass.debug.xcconfig"; path = "Pods/Target Support Files/Pods-SmartClass/Pods-SmartClass.debug.xcconfig"; sourceTree = "<group>"; };
		DD8CBA00FE764EC44F8869E6 /* Pods-SmartClass.release.xcconfig */ = {isa = PBXFileReference; includeInIndex = 1; lastKnownFileType = text.xcconfig; name = "Pods-SmartClass.release.xcconfig"; path = "Pods/Target Support Files/Pods-SmartClass/Pods-SmartClass.release.xcconfig"; sourceTree = "<group>"; };
/* End PBXFileReference section */

/* Begin PBXFrameworksBuildPhase section */
		AD86A8C31C82DBCC009CEE87 /* Frameworks */ = {
			isa = PBXFrameworksBuildPhase;
			buildActionMask = 2147483647;
			files = (
				AD884BD41C83F357005A37AE /* libicucore.tbd in Frameworks */,
				AD884BD21C83F340005A37AE /* libsqlite3.tbd in Frameworks */,
				AD884BD01C83F31A005A37AE /* libz.1.2.5.tbd in Frameworks */,
				AD884BCE1C83F310005A37AE /* MediaPlayer.framework in Frameworks */,
				AD884BCC1C83F304005A37AE /* AVFoundation.framework in Frameworks */,
				AD884BCA1C83F2FB005A37AE /* SystemConfiguration.framework in Frameworks */,
				AD884BC81C83F2F1005A37AE /* CoreTelephony.framework in Frameworks */,
				AD884BC61C83F2E7005A37AE /* CFNetwork.framework in Frameworks */,
				AD884BC41C83F2DE005A37AE /* MobileCoreServices.framework in Frameworks */,
				AD884BC21C83F2D2005A37AE /* CoreGraphics.framework in Frameworks */,
				AD884BC01C83F2CA005A37AE /* Security.framework in Frameworks */,
				AD884BBE1C83F2C3005A37AE /* CoreLocation.framework in Frameworks */,
				AD4263BD1CB0B94F00BEDEF4 /* Reveal.framework in Frameworks */,
				AD884BBC1C83F2AF005A37AE /* Foundation.framework in Frameworks */,
				ABD12C9986A54E5B5C6EFCC4 /* Pods_SmartClass.framework in Frameworks */,
			);
			runOnlyForDeploymentPostprocessing = 0;
		};
/* End PBXFrameworksBuildPhase section */

/* Begin PBXGroup section */
		5B800375E992113887F3BF95 /* Frameworks */ = {
			isa = PBXGroup;
			children = (
				AD884BD31C83F357005A37AE /* libicucore.tbd */,
				AD884BD11C83F340005A37AE /* libsqlite3.tbd */,
				AD884BCF1C83F31A005A37AE /* libz.1.2.5.tbd */,
				AD4263BC1CB0B94F00BEDEF4 /* Reveal.framework */,
				AD884BCD1C83F310005A37AE /* MediaPlayer.framework */,
				AD884BCB1C83F304005A37AE /* AVFoundation.framework */,
				AD884BC91C83F2FB005A37AE /* SystemConfiguration.framework */,
				AD884BC71C83F2F1005A37AE /* CoreTelephony.framework */,
				AD884BC51C83F2E7005A37AE /* CFNetwork.framework */,
				AD884BC31C83F2DE005A37AE /* MobileCoreServices.framework */,
				AD884BC11C83F2D2005A37AE /* CoreGraphics.framework */,
				AD884BBF1C83F2CA005A37AE /* Security.framework */,
				AD884BBD1C83F2C3005A37AE /* CoreLocation.framework */,
				AD884BBB1C83F2AF005A37AE /* Foundation.framework */,
				B57537D97C2DE7A4AA8494FF /* Pods_SmartClass.framework */,
			);
			name = Frameworks;
			sourceTree = "<group>";
		};
		7024160A6759EEC45762B274 /* Pods */ = {
			isa = PBXGroup;
			children = (
				BB4309D8B1E5CCAC2B6F4644 /* Pods-SmartClass.debug.xcconfig */,
				DD8CBA00FE764EC44F8869E6 /* Pods-SmartClass.release.xcconfig */,
			);
			name = Pods;
			sourceTree = "<group>";
		};
		AD0B21C91C8D15CE0080BF50 /* MainInterface */ = {
			isa = PBXGroup;
			children = (
				AD0B21CC1C8D16260080BF50 /* Model */,
				AD0B21CA1C8D16140080BF50 /* ViewModel */,
				AD0B21CB1C8D161F0080BF50 /* View */,
			);
			name = MainInterface;
			sourceTree = "<group>";
		};
		AD0B21CA1C8D16140080BF50 /* ViewModel */ = {
			isa = PBXGroup;
			children = (
				AD0B21E31C8ED1840080BF50 /* MasterViewModel.swift */,
			);
			name = ViewModel;
			sourceTree = "<group>";
		};
		AD0B21CB1C8D161F0080BF50 /* View */ = {
			isa = PBXGroup;
			children = (
				AD0B21CF1C8D16B20080BF50 /* MasterViewController.swift */,
			);
			name = View;
			sourceTree = "<group>";
		};
		AD0B21CC1C8D16260080BF50 /* Model */ = {
			isa = PBXGroup;
			children = (
			);
			name = Model;
			sourceTree = "<group>";
		};
		AD1304701C8436300078FA1C /* Teacher */ = {
			isa = PBXGroup;
			children = (
				AD0B21C91C8D15CE0080BF50 /* MainInterface */,
				AD1D18261C89867F009B9390 /* Paper */,
			);
			name = Teacher;
			sourceTree = "<group>";
		};
		AD1D18261C89867F009B9390 /* Paper */ = {
			isa = PBXGroup;
			children = (
				ADBC0A871CC224790087BEA5 /* Model */,
				ADBC0A861CC224720087BEA5 /* ViewModel */,
				ADBC0A851CC224690087BEA5 /* View */,
			);
			name = Paper;
			path = Teacher/Paper;
			sourceTree = "<group>";
		};
		AD2F46051C83D9E600FA30AA /* others */ = {
			isa = PBXGroup;
			children = (
				AD884BB71C83F1A7005A37AE /* SmartClass-Bridging-Header.h */,
				AD86A8D21C82DBCC009CEE87 /* LaunchScreen.storyboard */,
				AD86A8D01C82DBCC009CEE87 /* Assets.xcassets */,
				AD86A8D51C82DBCC009CEE87 /* Info.plist */,
			);
			name = others;
			sourceTree = "<group>";
		};
		AD46B0051C8683C8008CB3F7 /* Util */ = {
			isa = PBXGroup;
			children = (
				AD4AF5131CB3AE3F006129C2 /* ReactiveViewModel */,
				ADF3BB7D1CAE625B00638D3B /* Extension */,
				AD876A791C93C014000E9978 /* PlaceholderTextView */,
				AD97378B1C92AF100066873E /* RACextensions */,
				AD9737891C92AF060066873E /* SegueHandlerType.swift */,
				AD46B0061C868423008CB3F7 /* Color.swift */,
			);
			name = Util;
			sourceTree = "<group>";
		};
		AD4AF5131CB3AE3F006129C2 /* ReactiveViewModel */ = {
			isa = PBXGroup;
			children = (
				AD4AF5141CB3AE5D006129C2 /* ReactiveViewModel.h */,
				AD4AF5151CB3AE5D006129C2 /* RVMViewModel.h */,
				AD4AF5161CB3AE5D006129C2 /* RVMViewModel.m */,
			);
			name = ReactiveViewModel;
			sourceTree = "<group>";
		};
		AD86A8BD1C82DBCC009CEE87 = {
			isa = PBXGroup;
			children = (
				AD86A8C81C82DBCC009CEE87 /* SmartClass */,
				AD86A8C71C82DBCC009CEE87 /* Products */,
				7024160A6759EEC45762B274 /* Pods */,
				5B800375E992113887F3BF95 /* Frameworks */,
			);
			sourceTree = "<group>";
		};
		AD86A8C71C82DBCC009CEE87 /* Products */ = {
			isa = PBXGroup;
			children = (
				AD86A8C61C82DBCC009CEE87 /* SmartClass.app */,
			);
			name = Products;
			sourceTree = "<group>";
		};
		AD86A8C81C82DBCC009CEE87 /* SmartClass */ = {
			isa = PBXGroup;
			children = (
				AD86A8C91C82DBCC009CEE87 /* AppDelegate.swift */,
				AD4AF5111CB3A404006129C2 /* CoreDataStack.swift */,
				AD86A8CD1C82DBCC009CEE87 /* Main.storyboard */,
				AD1304701C8436300078FA1C /* Teacher */,
				AD46B0051C8683C8008CB3F7 /* Util */,
				AD2F46051C83D9E600FA30AA /* others */,
			);
			path = SmartClass;
			sourceTree = "<group>";
		};
		AD876A791C93C014000E9978 /* PlaceholderTextView */ = {
			isa = PBXGroup;
			children = (
				AD876A7A1C93C053000E9978 /* UIPlaceHolderTextView.h */,
				AD876A7B1C93C053000E9978 /* UIPlaceHolderTextView.m */,
			);
			name = PlaceholderTextView;
			sourceTree = "<group>";
		};
		AD97378B1C92AF100066873E /* RACextensions */ = {
			isa = PBXGroup;
			children = (
				AD0B21DB1C8E7FE60080BF50 /* RAC.swift */,
				AD0B21DC1C8E7FE60080BF50 /* RACObserve.swift */,
				AD0B21DD1C8E7FE60080BF50 /* RACSignal+Extensions.swift */,
			);
			name = RACextensions;
			sourceTree = "<group>";
		};
		ADBC0A851CC224690087BEA5 /* View */ = {
			isa = PBXGroup;
			children = (
				ADBC0AA21CC224BB0087BEA5 /* ExamViewController.swift */,
				ADBC0AA51CC224BB0087BEA5 /* QuestionView.swift */,
				ADBC0AA31CC224BB0087BEA5 /* PaperViewController.swift */,
				ADBC0AA41CC224BB0087BEA5 /* QuestionListViewController.swift */,
			);
			name = View;
			sourceTree = "<group>";
		};
		ADBC0A861CC224720087BEA5 /* ViewModel */ = {
			isa = PBXGroup;
			children = (
				ADBC0A9C1CC224AF0087BEA5 /* ExamViewModel.swift */,
				ADBC0A9D1CC224AF0087BEA5 /* PaperViewModel.swift */,
				ADBC0A9E1CC224AF0087BEA5 /* QuestionListViewModel.swift */,
			);
			name = ViewModel;
			sourceTree = "<group>";
		};
		ADBC0A871CC224790087BEA5 /* Model */ = {
			isa = PBXGroup;
			children = (
				ADBC0AAD1CC22C0F0087BEA5 /* Model.xcdatamodeld */,
				ADBC0A8C1CC2249C0087BEA5 /* Examination.swift */,
				ADBC0A8D1CC2249C0087BEA5 /* Examination+CoreDataProperties.swift */,
				ADBC0A881CC2249C0087BEA5 /* Answer.swift */,
				ADBC0A891CC2249C0087BEA5 /* Answer+CoreDataProperties.swift */,
				ADBC0A8A1CC2249C0087BEA5 /* AnswerSheet.swift */,
				ADBC0A8B1CC2249C0087BEA5 /* AnswerSheet+CoreDataProperties.swift */,
				ADBC0AB01CC238840087BEA5 /* Paper+CoreDataProperties.swift */,
				ADBC0AB11CC238840087BEA5 /* Paper.swift */,
				ADBC0A901CC2249C0087BEA5 /* Question.swift */,
				ADBC0A911CC2249C0087BEA5 /* Question+CoreDataProperties.swift */,
			);
			name = Model;
			sourceTree = "<group>";
		};
		ADF3BB7D1CAE625B00638D3B /* Extension */ = {
			isa = PBXGroup;
			children = (
				ADF3BB7B1CAE624E00638D3B /* CALayer+extension.swift */,
				AD6308631CB0FFEE000DEC59 /* UIColor+extension.swift */,
				AD6308671CB10028000DEC59 /* UIImage+extension.swift */,
				ADF4D8871CC0DC0D00B806A8 /* Character+extension.swift */,
				AD1DF6521CC471A8001B67E1 /* String+extension.swift */,
			);
			name = Extension;
			sourceTree = "<group>";
		};
/* End PBXGroup section */

/* Begin PBXNativeTarget section */
		AD86A8C51C82DBCC009CEE87 /* SmartClass */ = {
			isa = PBXNativeTarget;
			buildConfigurationList = AD86A8D81C82DBCC009CEE87 /* Build configuration list for PBXNativeTarget "SmartClass" */;
			buildPhases = (
				31DAEAEEDC01E3A4ED4F0E97 /* Check Pods Manifest.lock */,
				AD86A8C21C82DBCC009CEE87 /* Sources */,
				AD86A8C31C82DBCC009CEE87 /* Frameworks */,
				AD86A8C41C82DBCC009CEE87 /* Resources */,
				D1067C473CD350D6515D728A /* Embed Pods Frameworks */,
				A00F326F676A0AFE07412D48 /* Copy Pods Resources */,
			);
			buildRules = (
			);
			dependencies = (
			);
			name = SmartClass;
			productName = SmartClass;
			productReference = AD86A8C61C82DBCC009CEE87 /* SmartClass.app */;
			productType = "com.apple.product-type.application";
		};
/* End PBXNativeTarget section */

/* Begin PBXProject section */
		AD86A8BE1C82DBCC009CEE87 /* Project object */ = {
			isa = PBXProject;
			attributes = {
				LastSwiftUpdateCheck = 0720;
				LastUpgradeCheck = 0720;
				ORGANIZATIONNAME = Vernon;
				TargetAttributes = {
					AD86A8C51C82DBCC009CEE87 = {
						CreatedOnToolsVersion = 7.2.1;
					};
				};
			};
			buildConfigurationList = AD86A8C11C82DBCC009CEE87 /* Build configuration list for PBXProject "SmartClass" */;
			compatibilityVersion = "Xcode 3.2";
			developmentRegion = English;
			hasScannedForEncodings = 0;
			knownRegions = (
				en,
				Base,
			);
			mainGroup = AD86A8BD1C82DBCC009CEE87;
			productRefGroup = AD86A8C71C82DBCC009CEE87 /* Products */;
			projectDirPath = "";
			projectRoot = "";
			targets = (
				AD86A8C51C82DBCC009CEE87 /* SmartClass */,
			);
		};
/* End PBXProject section */

/* Begin PBXResourcesBuildPhase section */
		AD86A8C41C82DBCC009CEE87 /* Resources */ = {
			isa = PBXResourcesBuildPhase;
			buildActionMask = 2147483647;
			files = (
				AD86A8D41C82DBCC009CEE87 /* LaunchScreen.storyboard in Resources */,
				AD86A8D11C82DBCC009CEE87 /* Assets.xcassets in Resources */,
				AD86A8CF1C82DBCC009CEE87 /* Main.storyboard in Resources */,
			);
			runOnlyForDeploymentPostprocessing = 0;
		};
/* End PBXResourcesBuildPhase section */

/* Begin PBXShellScriptBuildPhase section */
		31DAEAEEDC01E3A4ED4F0E97 /* Check Pods Manifest.lock */ = {
			isa = PBXShellScriptBuildPhase;
			buildActionMask = 2147483647;
			files = (
			);
			inputPaths = (
			);
			name = "Check Pods Manifest.lock";
			outputPaths = (
			);
			runOnlyForDeploymentPostprocessing = 0;
			shellPath = /bin/sh;
			shellScript = "diff \"${PODS_ROOT}/../Podfile.lock\" \"${PODS_ROOT}/Manifest.lock\" > /dev/null\nif [[ $? != 0 ]] ; then\n    cat << EOM\nerror: The sandbox is not in sync with the Podfile.lock. Run 'pod install' or update your CocoaPods installation.\nEOM\n    exit 1\nfi\n";
			showEnvVarsInLog = 0;
		};
		A00F326F676A0AFE07412D48 /* Copy Pods Resources */ = {
			isa = PBXShellScriptBuildPhase;
			buildActionMask = 2147483647;
			files = (
			);
			inputPaths = (
			);
			name = "Copy Pods Resources";
			outputPaths = (
			);
			runOnlyForDeploymentPostprocessing = 0;
			shellPath = /bin/sh;
			shellScript = "\"${SRCROOT}/Pods/Target Support Files/Pods-SmartClass/Pods-SmartClass-resources.sh\"\n";
			showEnvVarsInLog = 0;
		};
		D1067C473CD350D6515D728A /* Embed Pods Frameworks */ = {
			isa = PBXShellScriptBuildPhase;
			buildActionMask = 2147483647;
			files = (
			);
			inputPaths = (
			);
			name = "Embed Pods Frameworks";
			outputPaths = (
			);
			runOnlyForDeploymentPostprocessing = 0;
			shellPath = /bin/sh;
			shellScript = "\"${SRCROOT}/Pods/Target Support Files/Pods-SmartClass/Pods-SmartClass-frameworks.sh\"\n";
			showEnvVarsInLog = 0;
		};
/* End PBXShellScriptBuildPhase section */

/* Begin PBXSourcesBuildPhase section */
		AD86A8C21C82DBCC009CEE87 /* Sources */ = {
			isa = PBXSourcesBuildPhase;
			buildActionMask = 2147483647;
			files = (
				AD0B21D01C8D16B20080BF50 /* MasterViewController.swift in Sources */,
				AD6308681CB10028000DEC59 /* UIImage+extension.swift in Sources */,
				AD6308641CB0FFEE000DEC59 /* UIColor+extension.swift in Sources */,
				AD86A8CA1C82DBCC009CEE87 /* AppDelegate.swift in Sources */,
				ADBC0A971CC2249C0087BEA5 /* Examination+CoreDataProperties.swift in Sources */,
				ADF3BB7C1CAE624E00638D3B /* CALayer+extension.swift in Sources */,
				AD1DF6531CC471A8001B67E1 /* String+extension.swift in Sources */,
				ADBC0AA91CC224BB0087BEA5 /* QuestionView.swift in Sources */,
				ADBC0A941CC2249C0087BEA5 /* AnswerSheet.swift in Sources */,
				ADBC0A951CC2249C0087BEA5 /* AnswerSheet+CoreDataProperties.swift in Sources */,
				AD0B21DE1C8E7FE60080BF50 /* RAC.swift in Sources */,
				ADBC0AA71CC224BB0087BEA5 /* PaperViewController.swift in Sources */,
				ADBC0AB31CC238840087BEA5 /* Paper.swift in Sources */,
				AD0B21E41C8ED1840080BF50 /* MasterViewModel.swift in Sources */,
				AD4AF5171CB3AE5D006129C2 /* RVMViewModel.m in Sources */,
				ADBC0AA81CC224BB0087BEA5 /* QuestionListViewController.swift in Sources */,
				AD46B0071C868423008CB3F7 /* Color.swift in Sources */,
				AD0B21E01C8E7FE60080BF50 /* RACSignal+Extensions.swift in Sources */,
				ADBC0A9B1CC2249C0087BEA5 /* Question+CoreDataProperties.swift in Sources */,
				ADBC0A961CC2249C0087BEA5 /* Examination.swift in Sources */,
				ADBC0A931CC2249C0087BEA5 /* Answer+CoreDataProperties.swift in Sources */,
				ADBC0AAF1CC22C0F0087BEA5 /* Model.xcdatamodeld in Sources */,
				AD4AF5121CB3A404006129C2 /* CoreDataStack.swift in Sources */,
				ADBC0A9F1CC224AF0087BEA5 /* ExamViewModel.swift in Sources */,
				ADBC0A9A1CC2249C0087BEA5 /* Question.swift in Sources */,
				ADBC0AA11CC224AF0087BEA5 /* QuestionListViewModel.swift in Sources */,
				ADBC0A921CC2249C0087BEA5 /* Answer.swift in Sources */,
				AD0B21DF1C8E7FE60080BF50 /* RACObserve.swift in Sources */,
				ADBC0AB21CC238840087BEA5 /* Paper+CoreDataProperties.swift in Sources */,
				AD876A7C1C93C053000E9978 /* UIPlaceHolderTextView.m in Sources */,
				ADBC0AA01CC224AF0087BEA5 /* PaperViewModel.swift in Sources */,
				ADBC0AA61CC224BB0087BEA5 /* ExamViewController.swift in Sources */,
				ADF4D8881CC0DC0D00B806A8 /* Character+extension.swift in Sources */,
				AD97378A1C92AF060066873E /* SegueHandlerType.swift in Sources */,
			);
			runOnlyForDeploymentPostprocessing = 0;
		};
/* End PBXSourcesBuildPhase section */

/* Begin PBXVariantGroup section */
		AD86A8CD1C82DBCC009CEE87 /* Main.storyboard */ = {
			isa = PBXVariantGroup;
			children = (
				AD86A8CE1C82DBCC009CEE87 /* Base */,
			);
			name = Main.storyboard;
			sourceTree = "<group>";
		};
		AD86A8D21C82DBCC009CEE87 /* LaunchScreen.storyboard */ = {
			isa = PBXVariantGroup;
			children = (
				AD86A8D31C82DBCC009CEE87 /* Base */,
			);
			name = LaunchScreen.storyboard;
			sourceTree = "<group>";
		};
/* End PBXVariantGroup section */

/* Begin XCBuildConfiguration section */
		AD86A8D61C82DBCC009CEE87 /* Debug */ = {
			isa = XCBuildConfiguration;
			buildSettings = {
				ALWAYS_SEARCH_USER_PATHS = NO;
				CLANG_CXX_LANGUAGE_STANDARD = "gnu++0x";
				CLANG_CXX_LIBRARY = "libc++";
				CLANG_ENABLE_MODULES = YES;
				CLANG_ENABLE_OBJC_ARC = YES;
				CLANG_WARN_BOOL_CONVERSION = YES;
				CLANG_WARN_CONSTANT_CONVERSION = YES;
				CLANG_WARN_DIRECT_OBJC_ISA_USAGE = YES_ERROR;
				CLANG_WARN_EMPTY_BODY = YES;
				CLANG_WARN_ENUM_CONVERSION = YES;
				CLANG_WARN_INT_CONVERSION = YES;
				CLANG_WARN_OBJC_ROOT_CLASS = YES_ERROR;
				CLANG_WARN_UNREACHABLE_CODE = YES;
				CLANG_WARN__DUPLICATE_METHOD_MATCH = YES;
				"CODE_SIGN_IDENTITY[sdk=iphoneos*]" = "iPhone Developer";
				COPY_PHASE_STRIP = NO;
				DEBUG_INFORMATION_FORMAT = dwarf;
				ENABLE_STRICT_OBJC_MSGSEND = YES;
				ENABLE_TESTABILITY = YES;
				GCC_C_LANGUAGE_STANDARD = gnu99;
				GCC_DYNAMIC_NO_PIC = NO;
				GCC_NO_COMMON_BLOCKS = YES;
				GCC_OPTIMIZATION_LEVEL = 0;
				GCC_PREPROCESSOR_DEFINITIONS = (
					"DEBUG=1",
					"$(inherited)",
				);
				GCC_WARN_64_TO_32_BIT_CONVERSION = YES;
				GCC_WARN_ABOUT_RETURN_TYPE = YES_ERROR;
				GCC_WARN_UNDECLARED_SELECTOR = YES;
				GCC_WARN_UNINITIALIZED_AUTOS = YES_AGGRESSIVE;
				GCC_WARN_UNUSED_FUNCTION = YES;
				GCC_WARN_UNUSED_VARIABLE = YES;
				IPHONEOS_DEPLOYMENT_TARGET = 9.2;
				MTL_ENABLE_DEBUG_INFO = YES;
				ONLY_ACTIVE_ARCH = YES;
				SDKROOT = iphoneos;
				SWIFT_OPTIMIZATION_LEVEL = "-Onone";
				TARGETED_DEVICE_FAMILY = "1,2";
			};
			name = Debug;
		};
		AD86A8D71C82DBCC009CEE87 /* Release */ = {
			isa = XCBuildConfiguration;
			buildSettings = {
				ALWAYS_SEARCH_USER_PATHS = NO;
				CLANG_CXX_LANGUAGE_STANDARD = "gnu++0x";
				CLANG_CXX_LIBRARY = "libc++";
				CLANG_ENABLE_MODULES = YES;
				CLANG_ENABLE_OBJC_ARC = YES;
				CLANG_WARN_BOOL_CONVERSION = YES;
				CLANG_WARN_CONSTANT_CONVERSION = YES;
				CLANG_WARN_DIRECT_OBJC_ISA_USAGE = YES_ERROR;
				CLANG_WARN_EMPTY_BODY = YES;
				CLANG_WARN_ENUM_CONVERSION = YES;
				CLANG_WARN_INT_CONVERSION = YES;
				CLANG_WARN_OBJC_ROOT_CLASS = YES_ERROR;
				CLANG_WARN_UNREACHABLE_CODE = YES;
				CLANG_WARN__DUPLICATE_METHOD_MATCH = YES;
				"CODE_SIGN_IDENTITY[sdk=iphoneos*]" = "iPhone Developer";
				COPY_PHASE_STRIP = NO;
				DEBUG_INFORMATION_FORMAT = "dwarf-with-dsym";
				ENABLE_NS_ASSERTIONS = NO;
				ENABLE_STRICT_OBJC_MSGSEND = YES;
				GCC_C_LANGUAGE_STANDARD = gnu99;
				GCC_NO_COMMON_BLOCKS = YES;
				GCC_WARN_64_TO_32_BIT_CONVERSION = YES;
				GCC_WARN_ABOUT_RETURN_TYPE = YES_ERROR;
				GCC_WARN_UNDECLARED_SELECTOR = YES;
				GCC_WARN_UNINITIALIZED_AUTOS = YES_AGGRESSIVE;
				GCC_WARN_UNUSED_FUNCTION = YES;
				GCC_WARN_UNUSED_VARIABLE = YES;
				IPHONEOS_DEPLOYMENT_TARGET = 9.2;
				MTL_ENABLE_DEBUG_INFO = NO;
				SDKROOT = iphoneos;
				TARGETED_DEVICE_FAMILY = "1,2";
				VALIDATE_PRODUCT = YES;
			};
			name = Release;
		};
		AD86A8D91C82DBCC009CEE87 /* Debug */ = {
			isa = XCBuildConfiguration;
			baseConfigurationReference = BB4309D8B1E5CCAC2B6F4644 /* Pods-SmartClass.debug.xcconfig */;
			buildSettings = {
				ASSETCATALOG_COMPILER_APPICON_NAME = AppIcon;
				CLANG_ENABLE_MODULES = YES;
				FRAMEWORK_SEARCH_PATHS = (
					"$(inherited)",
					"$(PROJECT_DIR)",
				);
				INFOPLIST_FILE = SmartClass/Info.plist;
				LD_RUNPATH_SEARCH_PATHS = "$(inherited) @executable_path/Frameworks";
				OTHER_LDFLAGS = (
					"$(inherited)",
					"-ObjC",
					"-l\"icucore\"",
					"-l\"sqlite3\"",
					"-l\"z.1.2.5\"",
					"-framework",
					"\"AVFoundation\"",
					"-framework",
					"\"BmobSDK\"",
					"-framework",
					"\"CFNetwork\"",
					"-framework",
					"\"CoreGraphics\"",
					"-framework",
					"\"CoreLocation\"",
					"-framework",
					"\"CoreTelephony\"",
					"-framework",
					"\"DZNEmptyDataSet\"",
					"-framework",
					"\"IQKeyboardManager\"",
					"-framework",
					"\"MediaPlayer\"",
					"-framework",
					"\"MobileCoreServices\"",
					"-framework",
					"\"ReactiveCocoa\"",
					"-framework",
					"\"Result\"",
					"-framework",
					"\"Security\"",
					"-framework",
					"\"SystemConfiguration\"",
					"-framework",
					"\"Toast\"",
					"-ObjC",
					"-lz",
					"-framework",
					Reveal,
				);
				PRODUCT_BUNDLE_IDENTIFIER = cn.edu.scnu.SmartClass;
				PRODUCT_NAME = "$(TARGET_NAME)";
				SWIFT_OBJC_BRIDGING_HEADER = "SmartClass/SmartClass-Bridging-Header.h";
				SWIFT_OPTIMIZATION_LEVEL = "-Onone";
				TARGETED_DEVICE_FAMILY = "1,2";
			};
			name = Debug;
		};
		AD86A8DA1C82DBCC009CEE87 /* Release */ = {
			isa = XCBuildConfiguration;
			baseConfigurationReference = DD8CBA00FE764EC44F8869E6 /* Pods-SmartClass.release.xcconfig */;
			buildSettings = {
				ASSETCATALOG_COMPILER_APPICON_NAME = AppIcon;
				CLANG_ENABLE_MODULES = YES;
				FRAMEWORK_SEARCH_PATHS = (
					"$(inherited)",
					"$(PROJECT_DIR)",
				);
				INFOPLIST_FILE = SmartClass/Info.plist;
				LD_RUNPATH_SEARCH_PATHS = "$(inherited) @executable_path/Frameworks";
				OTHER_LDFLAGS = (
					"$(inherited)",
					"-ObjC",
					"-l\"icucore\"",
					"-l\"sqlite3\"",
					"-l\"z.1.2.5\"",
					"-framework",
					"\"AVFoundation\"",
					"-framework",
					"\"BmobSDK\"",
					"-framework",
					"\"CFNetwork\"",
					"-framework",
					"\"CoreGraphics\"",
					"-framework",
					"\"CoreLocation\"",
					"-framework",
					"\"CoreTelephony\"",
					"-framework",
					"\"DZNEmptyDataSet\"",
					"-framework",
					"\"IQKeyboardManager\"",
					"-framework",
					"\"MediaPlayer\"",
					"-framework",
					"\"MobileCoreServices\"",
					"-framework",
					"\"ReactiveCocoa\"",
					"-framework",
					"\"Result\"",
					"-framework",
					"\"Security\"",
					"-framework",
					"\"SystemConfiguration\"",
					"-framework",
					"\"Toast\"",
					"-ObjC",
					"-lz",
					"-framework",
					Reveal,
				);
				PRODUCT_BUNDLE_IDENTIFIER = cn.edu.scnu.SmartClass;
				PRODUCT_NAME = "$(TARGET_NAME)";
				SWIFT_OBJC_BRIDGING_HEADER = "SmartClass/SmartClass-Bridging-Header.h";
				TARGETED_DEVICE_FAMILY = "1,2";
			};
			name = Release;
		};
/* End XCBuildConfiguration section */

/* Begin XCConfigurationList section */
		AD86A8C11C82DBCC009CEE87 /* Build configuration list for PBXProject "SmartClass" */ = {
			isa = XCConfigurationList;
			buildConfigurations = (
				AD86A8D61C82DBCC009CEE87 /* Debug */,
				AD86A8D71C82DBCC009CEE87 /* Release */,
			);
			defaultConfigurationIsVisible = 0;
			defaultConfigurationName = Release;
		};
		AD86A8D81C82DBCC009CEE87 /* Build configuration list for PBXNativeTarget "SmartClass" */ = {
			isa = XCConfigurationList;
			buildConfigurations = (
				AD86A8D91C82DBCC009CEE87 /* Debug */,
				AD86A8DA1C82DBCC009CEE87 /* Release */,
			);
			defaultConfigurationIsVisible = 0;
			defaultConfigurationName = Release;
		};
/* End XCConfigurationList section */

/* Begin XCVersionGroup section */
		ADBC0AAD1CC22C0F0087BEA5 /* Model.xcdatamodeld */ = {
			isa = XCVersionGroup;
			children = (
				ADBC0AAE1CC22C0F0087BEA5 /* Model.xcdatamodel */,
			);
			currentVersion = ADBC0AAE1CC22C0F0087BEA5 /* Model.xcdatamodel */;
			path = Model.xcdatamodeld;
			sourceTree = "<group>";
			versionGroupType = wrapper.xcdatamodel;
		};
/* End XCVersionGroup section */
	};
	rootObject = AD86A8BE1C82DBCC009CEE87 /* Project object */;
}
